// !$*UTF8*$!
{
	archiveVersion = 1;
	classes = {
	};
	objectVersion = 46;
	objects = {

/* Begin PBXBuildFile section */
		372B7006DE6C0190DBF63A2A /* CCSoomlaEasyNdkBridge.cpp in Sources */ = {isa = PBXBuildFile; fileRef = 372B7CEC1781445B8C97AF6D /* CCSoomlaEasyNdkBridge.cpp */; };
		372B701168963319EC16E9D2 /* hashtable.c in Sources */ = {isa = PBXBuildFile; fileRef = 372B70FC239089B2F7B75DB8 /* hashtable.c */; };
		372B70E761FC7DF6944744A0 /* StoreInfoBridge.mm in Sources */ = {isa = PBXBuildFile; fileRef = 372B7B619A0D187C7406F34F /* StoreInfoBridge.mm */; };
		372B7118EEC8CD8D5D81CE43 /* CCVirtualItem.cpp in Sources */ = {isa = PBXBuildFile; fileRef = 372B758F3228C9AE58E5F263 /* CCVirtualItem.cpp */; };
		372B725151168A447C4D6AD5 /* CCEquippableVG.cpp in Sources */ = {isa = PBXBuildFile; fileRef = 372B7DF975D8878856287A72 /* CCEquippableVG.cpp */; };
		372B726CAA3E08069A7ACDCB /* CCVirtualGood.cpp in Sources */ = {isa = PBXBuildFile; fileRef = 372B7A53130F55C10AABE07A /* CCVirtualGood.cpp */; };
		372B734CECC1EDBF0F82FD82 /* CCPurchasableVirtualItem.cpp in Sources */ = {isa = PBXBuildFile; fileRef = 372B71172A9F45536CD16DBB /* CCPurchasableVirtualItem.cpp */; };
		372B7385C42149AD7CB606D6 /* CCNonConsumableItem.cpp in Sources */ = {isa = PBXBuildFile; fileRef = 372B7BA7B4E1B390F3A2A8BA /* CCNonConsumableItem.cpp */; };
		372B7393EE20708946AFC330 /* CCStoreUtils.cpp in Sources */ = {isa = PBXBuildFile; fileRef = 372B78FA3025118F590111D7 /* CCStoreUtils.cpp */; };
		372B73A6EB3FEFD24F885D36 /* utf.c in Sources */ = {isa = PBXBuildFile; fileRef = 372B708346B8FD9151AA2324 /* utf.c */; };
		372B73E2C09EADAE8994CC96 /* CCLifetimeVG.cpp in Sources */ = {isa = PBXBuildFile; fileRef = 372B7A814D4F872DC2607E87 /* CCLifetimeVG.cpp */; };
		372B743E8CBD1861835683C2 /* CCStoreInfo.cpp in Sources */ = {isa = PBXBuildFile; fileRef = 372B71583013A4A4C4CECC97 /* CCStoreInfo.cpp */; };
		372B74EC6E0661D71B4637B3 /* error.c in Sources */ = {isa = PBXBuildFile; fileRef = 372B7CCAD624B4FA6D7C41AF /* error.c */; };
		372B751DFD5330306281E4B2 /* CCSoomla.cpp in Sources */ = {isa = PBXBuildFile; fileRef = 372B78CF6289AE74E5CECE48 /* CCSoomla.cpp */; };
		372B75386F26351ADF6BDA67 /* load.c in Sources */ = {isa = PBXBuildFile; fileRef = 372B743657F1B41F8D8600CA /* load.c */; };
		372B7587C2E100D7A3BD8B9F /* dump.c in Sources */ = {isa = PBXBuildFile; fileRef = 372B7E3F9775BE67ACDFE57C /* dump.c */; };
		372B766405623753A2E5355C /* StoreAssetsBridge.mm in Sources */ = {isa = PBXBuildFile; fileRef = 372B7D6BDA90177ACCA79C85 /* StoreAssetsBridge.mm */; };
		372B766C529B4A83DCCB0758 /* pack_unpack.c in Sources */ = {isa = PBXBuildFile; fileRef = 372B7AEC10AC3E02F0765B46 /* pack_unpack.c */; };
		372B76712DECDD8ACC937459 /* CCPurchaseWithVirtualItem.cpp in Sources */ = {isa = PBXBuildFile; fileRef = 372B7CE12AF199C4D130B531 /* CCPurchaseWithVirtualItem.cpp */; };
		372B771054723FF7527B5F24 /* value.c in Sources */ = {isa = PBXBuildFile; fileRef = 372B72A0E6FCAD8A8901E2C9 /* value.c */; };
		372B786BF6385AE38B3B52D3 /* StoreInventoryBridge.mm in Sources */ = {isa = PBXBuildFile; fileRef = 372B75536E8396587FB3DAC0 /* StoreInventoryBridge.mm */; };
		372B79114594687C9BA76559 /* CCSingleUseVG.cpp in Sources */ = {isa = PBXBuildFile; fileRef = 372B74BAED1D59FCD117E063 /* CCSingleUseVG.cpp */; };
		372B7913D105B3D5F25C7C5C /* SoomlaJSONConsts.cpp in Sources */ = {isa = PBXBuildFile; fileRef = 372B7A2FDED4ED795144E1DD /* SoomlaJSONConsts.cpp */; };
		372B7964A6FF3C5A6FD034AB /* CCStoreInventory.cpp in Sources */ = {isa = PBXBuildFile; fileRef = 372B706BE7C5F64B0FD88ABB /* CCStoreInventory.cpp */; };
		372B799410E2B073A0E395F4 /* MuffinRushAssets.cpp in Sources */ = {isa = PBXBuildFile; fileRef = 372B73B33EB04ABE24E4C83C /* MuffinRushAssets.cpp */; };
		372B79F5BCF3271BD19F9A78 /* EventDispatcherBridge.mm in Sources */ = {isa = PBXBuildFile; fileRef = 372B77DFCE0D5EF59D0A7D7A /* EventDispatcherBridge.mm */; };
		372B7A43F92C58D18FE4EFF4 /* CCPurchaseWithMarket.cpp in Sources */ = {isa = PBXBuildFile; fileRef = 372B7BBA60D4D7F86BBF3DF7 /* CCPurchaseWithMarket.cpp */; };
		372B7B6C0AE9C0F44C0EF21B /* StoreControllerBridge.mm in Sources */ = {isa = PBXBuildFile; fileRef = 372B7248F2AFDE0E11585199 /* StoreControllerBridge.mm */; };
		372B7B95ABE82CF802F27444 /* strbuffer.c in Sources */ = {isa = PBXBuildFile; fileRef = 372B71ACE409061C5A7A9370 /* strbuffer.c */; };
		372B7B98037D4EBE8C9CCB78 /* SoomlaEasyNDKGlue.mm in Sources */ = {isa = PBXBuildFile; fileRef = 372B71566BAB3FD5BBFB8B46 /* SoomlaEasyNDKGlue.mm */; };
		372B7BCF5506D30C6BEBEB20 /* strconv.c in Sources */ = {isa = PBXBuildFile; fileRef = 372B76620B483871973E4D57 /* strconv.c */; };
		372B7BE50D97755D060D5701 /* CCUpgradeVG.cpp in Sources */ = {isa = PBXBuildFile; fileRef = 372B738FBCEC10A9F2D0A979 /* CCUpgradeVG.cpp */; };
		372B7BF4BFBE6B5F135ACF3D /* NDKCallbackData.cpp in Sources */ = {isa = PBXBuildFile; fileRef = 372B7EF9C9C79BD692E4FAB0 /* NDKCallbackData.cpp */; };
		372B7C00BCC34D0FA1A034D2 /* CCStoreController.cpp in Sources */ = {isa = PBXBuildFile; fileRef = 372B74D084498C1074D31D0E /* CCStoreController.cpp */; };
		372B7C3B363269BCD95529A4 /* CCPurchaseType.cpp in Sources */ = {isa = PBXBuildFile; fileRef = 372B7FDF0F8C9EA4F1362BF2 /* CCPurchaseType.cpp */; };
		372B7C5C38EB3878F6F95C8C /* CCMarketItem.cpp in Sources */ = {isa = PBXBuildFile; fileRef = 372B7B2E3800DC21F8DCD4F5 /* CCMarketItem.cpp */; };
		372B7D2F196234984B0D6401 /* IOSNDKHelper.mm in Sources */ = {isa = PBXBuildFile; fileRef = 372B73A0106A27F1532AC0A8 /* IOSNDKHelper.mm */; };
		372B7D64ADD491BDB5E57F8F /* memory.c in Sources */ = {isa = PBXBuildFile; fileRef = 372B79862E2F5693ABFD7A20 /* memory.c */; };
		372B7D73FEFF5BBB60EE140D /* CCSingleUsePackVG.cpp in Sources */ = {isa = PBXBuildFile; fileRef = 372B7DA6C3AE1707EC902B0E /* CCSingleUsePackVG.cpp */; };
		372B7E5CCF09EE9CBA9970E2 /* CCVirtualCurrency.cpp in Sources */ = {isa = PBXBuildFile; fileRef = 372B7568DDDBB5B7D11F10FC /* CCVirtualCurrency.cpp */; };
		372B7EB5154E9163F4C7FE28 /* CCVirtualCurrencyPack.cpp in Sources */ = {isa = PBXBuildFile; fileRef = 372B7242C238D8122D35B33C /* CCVirtualCurrencyPack.cpp */; };
		372B7ED44DAF0A11495D7071 /* CCVirtualCategory.cpp in Sources */ = {isa = PBXBuildFile; fileRef = 372B72BE810CD5B5B18910AF /* CCVirtualCategory.cpp */; };
		372B7F571C3629CB26D24A26 /* NDKHelper.cpp in Sources */ = {isa = PBXBuildFile; fileRef = 372B754C3176B8B785208C12 /* NDKHelper.cpp */; };
		372B7FA2DE85E0039F2E84BC /* CCSoomlaError.cpp in Sources */ = {isa = PBXBuildFile; fileRef = 372B7F41E7ED8C72F23EC2CB /* CCSoomlaError.cpp */; };
		C005144D1650216600078EBB /* EventHandler.cpp in Sources */ = {isa = PBXBuildFile; fileRef = C005144B1650216600078EBB /* EventHandler.cpp */; };
		C031BA781635BDBA005F73E3 /* QuartzCore.framework in Frameworks */ = {isa = PBXBuildFile; fileRef = C031BA771635BDBA005F73E3 /* QuartzCore.framework */; };
		C031BA7A1635BDBA005F73E3 /* OpenGLES.framework in Frameworks */ = {isa = PBXBuildFile; fileRef = C031BA791635BDBA005F73E3 /* OpenGLES.framework */; };
		C031BA7C1635BDBA005F73E3 /* OpenAL.framework in Frameworks */ = {isa = PBXBuildFile; fileRef = C031BA7B1635BDBA005F73E3 /* OpenAL.framework */; };
		C031BA7E1635BDBA005F73E3 /* AudioToolbox.framework in Frameworks */ = {isa = PBXBuildFile; fileRef = C031BA7D1635BDBA005F73E3 /* AudioToolbox.framework */; };
		C031BA801635BDBA005F73E3 /* AVFoundation.framework in Frameworks */ = {isa = PBXBuildFile; fileRef = C031BA7F1635BDBA005F73E3 /* AVFoundation.framework */; };
		C031BA821635BDBA005F73E3 /* UIKit.framework in Frameworks */ = {isa = PBXBuildFile; fileRef = C031BA811635BDBA005F73E3 /* UIKit.framework */; };
		C031BA841635BDBA005F73E3 /* Foundation.framework in Frameworks */ = {isa = PBXBuildFile; fileRef = C031BA831635BDBA005F73E3 /* Foundation.framework */; };
		C031BA861635BDBA005F73E3 /* CoreGraphics.framework in Frameworks */ = {isa = PBXBuildFile; fileRef = C031BA851635BDBA005F73E3 /* CoreGraphics.framework */; };
		C031BAA31635BDBA005F73E3 /* AppController.mm in Sources */ = {isa = PBXBuildFile; fileRef = C031BAA21635BDBA005F73E3 /* AppController.mm */; };
		C031BAA61635BDBA005F73E3 /* RootViewController.mm in Sources */ = {isa = PBXBuildFile; fileRef = C031BAA51635BDBA005F73E3 /* RootViewController.mm */; };
		C031BAA81635BDBA005F73E3 /* main.m in Sources */ = {isa = PBXBuildFile; fileRef = C031BAA71635BDBA005F73E3 /* main.m */; };
		C031BD271635BDBD005F73E3 /* AppDelegate.cpp in Sources */ = {isa = PBXBuildFile; fileRef = C031BD261635BDBD005F73E3 /* AppDelegate.cpp */; };
		C031BE2B1635C714005F73E3 /* libsqlite3.0.dylib in Frameworks */ = {isa = PBXBuildFile; fileRef = C031BE2A1635C714005F73E3 /* libsqlite3.0.dylib */; };
		C031BE2D1635C71A005F73E3 /* StoreKit.framework in Frameworks */ = {isa = PBXBuildFile; fileRef = C031BE2C1635C71A005F73E3 /* StoreKit.framework */; };
		C031BE2F1635C720005F73E3 /* Security.framework in Frameworks */ = {isa = PBXBuildFile; fileRef = C031BE2E1635C720005F73E3 /* Security.framework */; };
		C04C5B6A1732DDB10081553A /* JSONConsts.m in Sources */ = {isa = PBXBuildFile; fileRef = C04C5B0C1732DDB10081553A /* JSONConsts.m */; };
		C04C5B6B1732DDB10081553A /* KeyValDatabase.m in Sources */ = {isa = PBXBuildFile; fileRef = C04C5B0E1732DDB10081553A /* KeyValDatabase.m */; };
		C04C5B6C1732DDB10081553A /* KeyValueStorage.m in Sources */ = {isa = PBXBuildFile; fileRef = C04C5B101732DDB10081553A /* KeyValueStorage.m */; };
		C04C5B6D1732DDB10081553A /* NonConsumableStorage.m in Sources */ = {isa = PBXBuildFile; fileRef = C04C5B121732DDB10081553A /* NonConsumableStorage.m */; };
		C04C5B6E1732DDB10081553A /* ObscuredNSUserDefaults.m in Sources */ = {isa = PBXBuildFile; fileRef = C04C5B141732DDB10081553A /* ObscuredNSUserDefaults.m */; };
		C04C5B6F1732DDB10081553A /* StorageManager.m in Sources */ = {isa = PBXBuildFile; fileRef = C04C5B161732DDB10081553A /* StorageManager.m */; };
		C04C5B701732DDB10081553A /* StoreDatabase.m in Sources */ = {isa = PBXBuildFile; fileRef = C04C5B181732DDB10081553A /* StoreDatabase.m */; };
		C04C5B711732DDB10081553A /* StoreEncryptor.m in Sources */ = {isa = PBXBuildFile; fileRef = C04C5B1A1732DDB10081553A /* StoreEncryptor.m */; };
		C04C5B721732DDB10081553A /* StorefrontInfo.m in Sources */ = {isa = PBXBuildFile; fileRef = C04C5B1C1732DDB10081553A /* StorefrontInfo.m */; };
		C04C5B731732DDB10081553A /* StoreInfo.m in Sources */ = {isa = PBXBuildFile; fileRef = C04C5B1E1732DDB10081553A /* StoreInfo.m */; };
		C04C5B741732DDB10081553A /* VirtualCurrencyStorage.m in Sources */ = {isa = PBXBuildFile; fileRef = C04C5B201732DDB10081553A /* VirtualCurrencyStorage.m */; };
		C04C5B751732DDB10081553A /* VirtualGoodStorage.m in Sources */ = {isa = PBXBuildFile; fileRef = C04C5B221732DDB10081553A /* VirtualGoodStorage.m */; };
		C04C5B761732DDB10081553A /* VirtualItemStorage.m in Sources */ = {isa = PBXBuildFile; fileRef = C04C5B241732DDB10081553A /* VirtualItemStorage.m */; };
		C04C5B771732DDB10081553A /* AppStoreItem.m in Sources */ = {isa = PBXBuildFile; fileRef = C04C5B271732DDB10081553A /* AppStoreItem.m */; };
		C04C5B781732DDB10081553A /* NonConsumableItem.m in Sources */ = {isa = PBXBuildFile; fileRef = C04C5B291732DDB10081553A /* NonConsumableItem.m */; };
		C04C5B791732DDB10081553A /* PurchasableVirtualItem.m in Sources */ = {isa = PBXBuildFile; fileRef = C04C5B2B1732DDB10081553A /* PurchasableVirtualItem.m */; };
		C04C5B7A1732DDB10081553A /* VirtualCategory.m in Sources */ = {isa = PBXBuildFile; fileRef = C04C5B2D1732DDB10081553A /* VirtualCategory.m */; };
		C04C5B7B1732DDB10081553A /* VirtualCurrency.m in Sources */ = {isa = PBXBuildFile; fileRef = C04C5B301732DDB10081553A /* VirtualCurrency.m */; };
		C04C5B7C1732DDB10081553A /* VirtualCurrencyPack.m in Sources */ = {isa = PBXBuildFile; fileRef = C04C5B321732DDB10081553A /* VirtualCurrencyPack.m */; };
		C04C5B7D1732DDB10081553A /* EquippableVG.m in Sources */ = {isa = PBXBuildFile; fileRef = C04C5B351732DDB10081553A /* EquippableVG.m */; };
		C04C5B7E1732DDB10081553A /* LifetimeVG.m in Sources */ = {isa = PBXBuildFile; fileRef = C04C5B371732DDB10081553A /* LifetimeVG.m */; };
		C04C5B7F1732DDB10081553A /* SingleUsePackVG.m in Sources */ = {isa = PBXBuildFile; fileRef = C04C5B391732DDB10081553A /* SingleUsePackVG.m */; };
		C04C5B801732DDB10081553A /* SingleUseVG.m in Sources */ = {isa = PBXBuildFile; fileRef = C04C5B3B1732DDB10081553A /* SingleUseVG.m */; };
		C04C5B811732DDB10081553A /* UpgradeVG.m in Sources */ = {isa = PBXBuildFile; fileRef = C04C5B3D1732DDB10081553A /* UpgradeVG.m */; };
		C04C5B821732DDB10081553A /* VirtualGood.m in Sources */ = {isa = PBXBuildFile; fileRef = C04C5B3F1732DDB10081553A /* VirtualGood.m */; };
		C04C5B831732DDB10081553A /* VirtualItem.m in Sources */ = {isa = PBXBuildFile; fileRef = C04C5B411732DDB10081553A /* VirtualItem.m */; };
		C04C5B841732DDB10081553A /* EventHandling.m in Sources */ = {isa = PBXBuildFile; fileRef = C04C5B431732DDB10081553A /* EventHandling.m */; };
		C04C5B851732DDB10081553A /* InsufficientFundsException.m in Sources */ = {isa = PBXBuildFile; fileRef = C04C5B461732DDB10081553A /* InsufficientFundsException.m */; };
		C04C5B861732DDB10081553A /* NotEnoughGoodsException.m in Sources */ = {isa = PBXBuildFile; fileRef = C04C5B481732DDB10081553A /* NotEnoughGoodsException.m */; };
		C04C5B871732DDB10081553A /* VirtualItemNotFoundException.m in Sources */ = {isa = PBXBuildFile; fileRef = C04C5B4A1732DDB10081553A /* VirtualItemNotFoundException.m */; };
		C04C5B881732DDB10081553A /* FBEncryptorAES.m in Sources */ = {isa = PBXBuildFile; fileRef = C04C5B4D1732DDB10081553A /* FBEncryptorAES.m */; };
		C04C5B891732DDB10081553A /* NSData-Base64.m in Sources */ = {isa = PBXBuildFile; fileRef = C04C5B4F1732DDB10081553A /* NSData-Base64.m */; };
		C04C5B8A1732DDB10081553A /* JSONKit.m in Sources */ = {isa = PBXBuildFile; fileRef = C04C5B531732DDB10081553A /* JSONKit.m */; };
		C04C5B8B1732DDB10081553A /* PurchaseType.m in Sources */ = {isa = PBXBuildFile; fileRef = C04C5B561732DDB10081553A /* PurchaseType.m */; };
		C04C5B8C1732DDB10081553A /* PurchaseWithMarket.m in Sources */ = {isa = PBXBuildFile; fileRef = C04C5B581732DDB10081553A /* PurchaseWithMarket.m */; };
		C04C5B8D1732DDB10081553A /* PurchaseWithVirtualItem.m in Sources */ = {isa = PBXBuildFile; fileRef = C04C5B5A1732DDB10081553A /* PurchaseWithVirtualItem.m */; };
		C04C5B8E1732DDB10081553A /* StoreConfig.m in Sources */ = {isa = PBXBuildFile; fileRef = C04C5B5D1732DDB10081553A /* StoreConfig.m */; };
		C04C5B8F1732DDB10081553A /* StoreController.m in Sources */ = {isa = PBXBuildFile; fileRef = C04C5B5F1732DDB10081553A /* StoreController.m */; };
		C04C5B901732DDB10081553A /* StoreInventory.m in Sources */ = {isa = PBXBuildFile; fileRef = C04C5B611732DDB10081553A /* StoreInventory.m */; };
		C04C5B911732DDB10081553A /* StoreUtils.m in Sources */ = {isa = PBXBuildFile; fileRef = C04C5B631732DDB10081553A /* StoreUtils.m */; };
		C04C5B921732DDB10081553A /* license in Resources */ = {isa = PBXBuildFile; fileRef = C04C5B651732DDB10081553A /* license */; };
		C04C5B931732DDB10081553A /* NSString-MD5Addition.m in Sources */ = {isa = PBXBuildFile; fileRef = C04C5B671732DDB10081553A /* NSString-MD5Addition.m */; };
		C04C5B941732DDB10081553A /* UIDevice-IdentifierAddition.m in Sources */ = {isa = PBXBuildFile; fileRef = C04C5B691732DDB10081553A /* UIDevice-IdentifierAddition.m */; };
		C069308F163C86D60037E975 /* libcocos2dx.a in Frameworks */ = {isa = PBXBuildFile; fileRef = C0B04372163C84860015400E /* libcocos2dx.a */; };
		C0693091163C876C0037E975 /* libz.dylib in Frameworks */ = {isa = PBXBuildFile; fileRef = C0693090163C876C0037E975 /* libz.dylib */; };
		C0693093163C87760037E975 /* libxml2.dylib in Frameworks */ = {isa = PBXBuildFile; fileRef = C0693092163C87760037E975 /* libxml2.dylib */; };
		C0B042DC163BFD2B0015400E /* Icon-72.png in Resources */ = {isa = PBXBuildFile; fileRef = C0B042D6163BFD2B0015400E /* Icon-72.png */; };
		C0B042DD163BFD2B0015400E /* Icon-Small-50.png in Resources */ = {isa = PBXBuildFile; fileRef = C0B042D7163BFD2B0015400E /* Icon-Small-50.png */; };
		C0B042DE163BFD2B0015400E /* Icon-Small.png in Resources */ = {isa = PBXBuildFile; fileRef = C0B042D8163BFD2B0015400E /* Icon-Small.png */; };
		C0B042DF163BFD2B0015400E /* Icon-Small@2x.png in Resources */ = {isa = PBXBuildFile; fileRef = C0B042D9163BFD2B0015400E /* Icon-Small@2x.png */; };
		C0B042E0163BFD2B0015400E /* Icon.png in Resources */ = {isa = PBXBuildFile; fileRef = C0B042DA163BFD2B0015400E /* Icon.png */; };
		C0B042E1163BFD2B0015400E /* Icon@2x.png in Resources */ = {isa = PBXBuildFile; fileRef = C0B042DB163BFD2B0015400E /* Icon@2x.png */; };
		C0B042F1163BFE960015400E /* GameMenuItem.cpp in Sources */ = {isa = PBXBuildFile; fileRef = C0B042E6163BFE960015400E /* GameMenuItem.cpp */; };
		C0B042F2163BFE960015400E /* MainScene.cpp in Sources */ = {isa = PBXBuildFile; fileRef = C0B042E9163BFE960015400E /* MainScene.cpp */; };
		C0B042F3163BFE960015400E /* StoreAScene.cpp in Sources */ = {isa = PBXBuildFile; fileRef = C0B042EC163BFE960015400E /* StoreAScene.cpp */; };
		C0B042F4163BFE960015400E /* StoreBScene.cpp in Sources */ = {isa = PBXBuildFile; fileRef = C0B042EE163BFE960015400E /* StoreBScene.cpp */; };
		C0B0435E163C83B30015400E /* iphone in Resources */ = {isa = PBXBuildFile; fileRef = C0B0435C163C83B30015400E /* iphone */; };
		C0B0435F163C83B30015400E /* iphonehd in Resources */ = {isa = PBXBuildFile; fileRef = C0B0435D163C83B30015400E /* iphonehd */; };
		C0E0A856173699530092A33A /* GoodDog.otf in Resources */ = {isa = PBXBuildFile; fileRef = C0E0A855173699530092A33A /* GoodDog.otf */; };
/* End PBXBuildFile section */

/* Begin PBXContainerItemProxy section */
		C0B04371163C84860015400E /* PBXContainerItemProxy */ = {
			isa = PBXContainerItemProxy;
			containerPortal = C0B0436A163C84860015400E /* cocos2dx.xcodeproj */;
			proxyType = 2;
			remoteGlobalIDString = 1551A33F158F2AB200E66CFE;
			remoteInfo = cocos2dx;
		};
/* End PBXContainerItemProxy section */

/* Begin PBXFileReference section */
		372B706BE7C5F64B0FD88ABB /* CCStoreInventory.cpp */ = {isa = PBXFileReference; fileEncoding = 4; lastKnownFileType = sourcecode.cpp.cpp; path = CCStoreInventory.cpp; sourceTree = "<group>"; };
		372B708346B8FD9151AA2324 /* utf.c */ = {isa = PBXFileReference; fileEncoding = 4; lastKnownFileType = sourcecode.c.c; path = utf.c; sourceTree = "<group>"; };
		372B70A75E69FA0D77446681 /* NDKCallbackData.h */ = {isa = PBXFileReference; fileEncoding = 4; lastKnownFileType = sourcecode.c.h; path = NDKCallbackData.h; sourceTree = "<group>"; };
		372B70FC239089B2F7B75DB8 /* hashtable.c */ = {isa = PBXFileReference; fileEncoding = 4; lastKnownFileType = sourcecode.c.c; path = hashtable.c; sourceTree = "<group>"; };
		372B7104562C73E1C61FAAD8 /* CCVirtualCurrency.h */ = {isa = PBXFileReference; fileEncoding = 4; lastKnownFileType = sourcecode.c.h; path = CCVirtualCurrency.h; sourceTree = "<group>"; };
		372B71172A9F45536CD16DBB /* CCPurchasableVirtualItem.cpp */ = {isa = PBXFileReference; fileEncoding = 4; lastKnownFileType = sourcecode.cpp.cpp; path = CCPurchasableVirtualItem.cpp; sourceTree = "<group>"; };
		372B71566BAB3FD5BBFB8B46 /* SoomlaEasyNDKGlue.mm */ = {isa = PBXFileReference; fileEncoding = 4; lastKnownFileType = sourcecode.cpp.objcpp; path = SoomlaEasyNDKGlue.mm; sourceTree = "<group>"; };
		372B71583013A4A4C4CECC97 /* CCStoreInfo.cpp */ = {isa = PBXFileReference; fileEncoding = 4; lastKnownFileType = sourcecode.cpp.cpp; path = CCStoreInfo.cpp; sourceTree = "<group>"; };
		372B715BBE4E7134AD3B86D8 /* hashtable.h */ = {isa = PBXFileReference; fileEncoding = 4; lastKnownFileType = sourcecode.c.h; path = hashtable.h; sourceTree = "<group>"; };
		372B719DC3ECFD6EE97411C5 /* CCVirtualCurrencyPack.h */ = {isa = PBXFileReference; fileEncoding = 4; lastKnownFileType = sourcecode.c.h; path = CCVirtualCurrencyPack.h; sourceTree = "<group>"; };
		372B71ACE409061C5A7A9370 /* strbuffer.c */ = {isa = PBXFileReference; fileEncoding = 4; lastKnownFileType = sourcecode.c.c; path = strbuffer.c; sourceTree = "<group>"; };
		372B722A4D93922805CB6CD5 /* strbuffer.h */ = {isa = PBXFileReference; fileEncoding = 4; lastKnownFileType = sourcecode.c.h; path = strbuffer.h; sourceTree = "<group>"; };
		372B722DC4BA177C864F9855 /* CCPurchaseType.h */ = {isa = PBXFileReference; fileEncoding = 4; lastKnownFileType = sourcecode.c.h; path = CCPurchaseType.h; sourceTree = "<group>"; };
		372B7242C238D8122D35B33C /* CCVirtualCurrencyPack.cpp */ = {isa = PBXFileReference; fileEncoding = 4; lastKnownFileType = sourcecode.cpp.cpp; path = CCVirtualCurrencyPack.cpp; sourceTree = "<group>"; };
		372B7248F2AFDE0E11585199 /* StoreControllerBridge.mm */ = {isa = PBXFileReference; fileEncoding = 4; lastKnownFileType = sourcecode.cpp.objcpp; path = StoreControllerBridge.mm; sourceTree = "<group>"; };
		372B72A0E6FCAD8A8901E2C9 /* value.c */ = {isa = PBXFileReference; fileEncoding = 4; lastKnownFileType = sourcecode.c.c; path = value.c; sourceTree = "<group>"; };
		372B72BE810CD5B5B18910AF /* CCVirtualCategory.cpp */ = {isa = PBXFileReference; fileEncoding = 4; lastKnownFileType = sourcecode.cpp.cpp; path = CCVirtualCategory.cpp; sourceTree = "<group>"; };
		372B733143FDA4EDEE58DFFC /* StoreAssetsBridge.h */ = {isa = PBXFileReference; fileEncoding = 4; lastKnownFileType = sourcecode.c.h; path = StoreAssetsBridge.h; sourceTree = "<group>"; };
		372B7356CB1C64BD5D5DD0D8 /* CCPurchaseWithMarket.h */ = {isa = PBXFileReference; fileEncoding = 4; lastKnownFileType = sourcecode.c.h; path = CCPurchaseWithMarket.h; sourceTree = "<group>"; };
		372B738FBCEC10A9F2D0A979 /* CCUpgradeVG.cpp */ = {isa = PBXFileReference; fileEncoding = 4; lastKnownFileType = sourcecode.cpp.cpp; path = CCUpgradeVG.cpp; sourceTree = "<group>"; };
		372B73A0106A27F1532AC0A8 /* IOSNDKHelper.mm */ = {isa = PBXFileReference; fileEncoding = 4; lastKnownFileType = sourcecode.cpp.objcpp; path = IOSNDKHelper.mm; sourceTree = "<group>"; };
		372B73A3CFA7F0561A58A7DE /* CCMarketItem.h */ = {isa = PBXFileReference; fileEncoding = 4; lastKnownFileType = sourcecode.c.h; path = CCMarketItem.h; sourceTree = "<group>"; };
		372B73B33EB04ABE24E4C83C /* MuffinRushAssets.cpp */ = {isa = PBXFileReference; fileEncoding = 4; lastKnownFileType = sourcecode.cpp.cpp; path = MuffinRushAssets.cpp; sourceTree = "<group>"; };
		372B73E8718BEFD30CA9CA7B /* jansson.h */ = {isa = PBXFileReference; fileEncoding = 4; lastKnownFileType = sourcecode.c.h; path = jansson.h; sourceTree = "<group>"; };
		372B743546A9ED687A7A79EB /* CCLifetimeVG.h */ = {isa = PBXFileReference; fileEncoding = 4; lastKnownFileType = sourcecode.c.h; path = CCLifetimeVG.h; sourceTree = "<group>"; };
		372B743657F1B41F8D8600CA /* load.c */ = {isa = PBXFileReference; fileEncoding = 4; lastKnownFileType = sourcecode.c.c; path = load.c; sourceTree = "<group>"; };
		372B74A560182BDDF48A3B9A /* SoomlaIncludes.h */ = {isa = PBXFileReference; fileEncoding = 4; lastKnownFileType = sourcecode.c.h; path = SoomlaIncludes.h; sourceTree = "<group>"; };
		372B74BAED1D59FCD117E063 /* CCSingleUseVG.cpp */ = {isa = PBXFileReference; fileEncoding = 4; lastKnownFileType = sourcecode.cpp.cpp; path = CCSingleUseVG.cpp; sourceTree = "<group>"; };
		372B74D084498C1074D31D0E /* CCStoreController.cpp */ = {isa = PBXFileReference; fileEncoding = 4; lastKnownFileType = sourcecode.cpp.cpp; path = CCStoreController.cpp; sourceTree = "<group>"; };
		372B74E928DA2FB00CA30847 /* IOSNDKHelper-C-Interface.h */ = {isa = PBXFileReference; fileEncoding = 4; lastKnownFileType = sourcecode.c.h; path = "IOSNDKHelper-C-Interface.h"; sourceTree = "<group>"; };
		372B75473B86F0EE443A1A5F /* CCSingleUsePackVG.h */ = {isa = PBXFileReference; fileEncoding = 4; lastKnownFileType = sourcecode.c.h; path = CCSingleUsePackVG.h; sourceTree = "<group>"; };
		372B754C3176B8B785208C12 /* NDKHelper.cpp */ = {isa = PBXFileReference; fileEncoding = 4; lastKnownFileType = sourcecode.cpp.cpp; path = NDKHelper.cpp; sourceTree = "<group>"; };
		372B75536E8396587FB3DAC0 /* StoreInventoryBridge.mm */ = {isa = PBXFileReference; fileEncoding = 4; lastKnownFileType = sourcecode.cpp.objcpp; path = StoreInventoryBridge.mm; sourceTree = "<group>"; };
		372B7568DDDBB5B7D11F10FC /* CCVirtualCurrency.cpp */ = {isa = PBXFileReference; fileEncoding = 4; lastKnownFileType = sourcecode.cpp.cpp; path = CCVirtualCurrency.cpp; sourceTree = "<group>"; };
		372B757AF9CD2D833C069CB5 /* CCEquippableVG.h */ = {isa = PBXFileReference; fileEncoding = 4; lastKnownFileType = sourcecode.c.h; path = CCEquippableVG.h; sourceTree = "<group>"; };
		372B7586296123930DDF111D /* CCSoomlaEasyNdkBridge.h */ = {isa = PBXFileReference; fileEncoding = 4; lastKnownFileType = sourcecode.c.h; path = CCSoomlaEasyNdkBridge.h; sourceTree = "<group>"; };
		372B758F3228C9AE58E5F263 /* CCVirtualItem.cpp */ = {isa = PBXFileReference; fileEncoding = 4; lastKnownFileType = sourcecode.cpp.cpp; path = CCVirtualItem.cpp; sourceTree = "<group>"; };
		372B7594DEDF75E6E6E45C0B /* CCUpgradeVG.h */ = {isa = PBXFileReference; fileEncoding = 4; lastKnownFileType = sourcecode.c.h; path = CCUpgradeVG.h; sourceTree = "<group>"; };
		372B75DFE968554E81D1E5B4 /* SoomlaEasyNDKGlue.h */ = {isa = PBXFileReference; fileEncoding = 4; lastKnownFileType = sourcecode.c.h; path = SoomlaEasyNDKGlue.h; sourceTree = "<group>"; };
		372B764462841C04E7CF7BD8 /* CCEventHandler.h */ = {isa = PBXFileReference; fileEncoding = 4; lastKnownFileType = sourcecode.c.h; path = CCEventHandler.h; sourceTree = "<group>"; };
		372B76620B483871973E4D57 /* strconv.c */ = {isa = PBXFileReference; fileEncoding = 4; lastKnownFileType = sourcecode.c.c; path = strconv.c; sourceTree = "<group>"; };
		372B76EDD209AFBA9972705E /* CCStoreInventory.h */ = {isa = PBXFileReference; fileEncoding = 4; lastKnownFileType = sourcecode.c.h; path = CCStoreInventory.h; sourceTree = "<group>"; };
		372B7731F339D64B63C0B12C /* CCVirtualItem.h */ = {isa = PBXFileReference; fileEncoding = 4; lastKnownFileType = sourcecode.c.h; path = CCVirtualItem.h; sourceTree = "<group>"; };
		372B777ACE64601C52D35515 /* CCVirtualGood.h */ = {isa = PBXFileReference; fileEncoding = 4; lastKnownFileType = sourcecode.c.h; path = CCVirtualGood.h; sourceTree = "<group>"; };
		372B777E887CC2CBBF46FB06 /* NDKHelper.h */ = {isa = PBXFileReference; fileEncoding = 4; lastKnownFileType = sourcecode.c.h; path = NDKHelper.h; sourceTree = "<group>"; };
		372B77B4F974389DAABCE6F6 /* CCIStoreAssets.h */ = {isa = PBXFileReference; fileEncoding = 4; lastKnownFileType = sourcecode.c.h; path = CCIStoreAssets.h; sourceTree = "<group>"; };
		372B77DFCE0D5EF59D0A7D7A /* EventDispatcherBridge.mm */ = {isa = PBXFileReference; fileEncoding = 4; lastKnownFileType = sourcecode.cpp.objcpp; path = EventDispatcherBridge.mm; sourceTree = "<group>"; };
		372B77FBCEC9408938FD988C /* CCStoreController.h */ = {isa = PBXFileReference; fileEncoding = 4; lastKnownFileType = sourcecode.c.h; path = CCStoreController.h; sourceTree = "<group>"; };
		372B78AD8A958FC23F4AC9E2 /* CCVirtualCategory.h */ = {isa = PBXFileReference; fileEncoding = 4; lastKnownFileType = sourcecode.c.h; path = CCVirtualCategory.h; sourceTree = "<group>"; };
		372B78CB37B4114672E0CBA9 /* CCSoomlaError.h */ = {isa = PBXFileReference; fileEncoding = 4; lastKnownFileType = sourcecode.c.h; path = CCSoomlaError.h; sourceTree = "<group>"; };
		372B78CF6289AE74E5CECE48 /* CCSoomla.cpp */ = {isa = PBXFileReference; fileEncoding = 4; lastKnownFileType = sourcecode.cpp.cpp; path = CCSoomla.cpp; sourceTree = "<group>"; };
		372B78E0658485163C94E683 /* CCPurchaseWithVirtualItem.h */ = {isa = PBXFileReference; fileEncoding = 4; lastKnownFileType = sourcecode.c.h; path = CCPurchaseWithVirtualItem.h; sourceTree = "<group>"; };
		372B78FA3025118F590111D7 /* CCStoreUtils.cpp */ = {isa = PBXFileReference; fileEncoding = 4; lastKnownFileType = sourcecode.cpp.cpp; path = CCStoreUtils.cpp; sourceTree = "<group>"; };
		372B7935DAE62BD89D2FDBAF /* StoreControllerBridge.h */ = {isa = PBXFileReference; fileEncoding = 4; lastKnownFileType = sourcecode.c.h; path = StoreControllerBridge.h; sourceTree = "<group>"; };
		372B79477C315CDA48EA4A23 /* CCSingleUseVG.h */ = {isa = PBXFileReference; fileEncoding = 4; lastKnownFileType = sourcecode.c.h; path = CCSingleUseVG.h; sourceTree = "<group>"; };
		372B79862E2F5693ABFD7A20 /* memory.c */ = {isa = PBXFileReference; fileEncoding = 4; lastKnownFileType = sourcecode.c.c; path = memory.c; sourceTree = "<group>"; };
		372B7A2FDED4ED795144E1DD /* SoomlaJSONConsts.cpp */ = {isa = PBXFileReference; fileEncoding = 4; lastKnownFileType = sourcecode.cpp.cpp; path = SoomlaJSONConsts.cpp; sourceTree = "<group>"; };
		372B7A53130F55C10AABE07A /* CCVirtualGood.cpp */ = {isa = PBXFileReference; fileEncoding = 4; lastKnownFileType = sourcecode.cpp.cpp; path = CCVirtualGood.cpp; sourceTree = "<group>"; };
		372B7A80C58DD89EA8EBCE7A /* CCStoreInfo.h */ = {isa = PBXFileReference; fileEncoding = 4; lastKnownFileType = sourcecode.c.h; path = CCStoreInfo.h; sourceTree = "<group>"; };
		372B7A814D4F872DC2607E87 /* CCLifetimeVG.cpp */ = {isa = PBXFileReference; fileEncoding = 4; lastKnownFileType = sourcecode.cpp.cpp; path = CCLifetimeVG.cpp; sourceTree = "<group>"; };
		372B7AAA15AA45C134E61C00 /* CCNonConsumableItem.h */ = {isa = PBXFileReference; fileEncoding = 4; lastKnownFileType = sourcecode.c.h; path = CCNonConsumableItem.h; sourceTree = "<group>"; };
		372B7AE9566A24AB80EF230A /* SoomlaMacros.h */ = {isa = PBXFileReference; fileEncoding = 4; lastKnownFileType = sourcecode.c.h; path = SoomlaMacros.h; sourceTree = "<group>"; };
		372B7AEC10AC3E02F0765B46 /* pack_unpack.c */ = {isa = PBXFileReference; fileEncoding = 4; lastKnownFileType = sourcecode.c.c; path = pack_unpack.c; sourceTree = "<group>"; };
		372B7B2E3800DC21F8DCD4F5 /* CCMarketItem.cpp */ = {isa = PBXFileReference; fileEncoding = 4; lastKnownFileType = sourcecode.cpp.cpp; path = CCMarketItem.cpp; sourceTree = "<group>"; };
		372B7B619A0D187C7406F34F /* StoreInfoBridge.mm */ = {isa = PBXFileReference; fileEncoding = 4; lastKnownFileType = sourcecode.cpp.objcpp; path = StoreInfoBridge.mm; sourceTree = "<group>"; };
		372B7BA7B4E1B390F3A2A8BA /* CCNonConsumableItem.cpp */ = {isa = PBXFileReference; fileEncoding = 4; lastKnownFileType = sourcecode.cpp.cpp; path = CCNonConsumableItem.cpp; sourceTree = "<group>"; };
		372B7BBA60D4D7F86BBF3DF7 /* CCPurchaseWithMarket.cpp */ = {isa = PBXFileReference; fileEncoding = 4; lastKnownFileType = sourcecode.cpp.cpp; path = CCPurchaseWithMarket.cpp; sourceTree = "<group>"; };
		372B7BBCE83FA8CA862DE167 /* CCStoreUtils.h */ = {isa = PBXFileReference; fileEncoding = 4; lastKnownFileType = sourcecode.c.h; path = CCStoreUtils.h; sourceTree = "<group>"; };
		372B7BCD6D0C6D8AE5ACBD97 /* jansson_config.h */ = {isa = PBXFileReference; fileEncoding = 4; lastKnownFileType = sourcecode.c.h; path = jansson_config.h; sourceTree = "<group>"; };
		372B7C467A3EB01C23CEB700 /* EventDispatcherBridge.h */ = {isa = PBXFileReference; fileEncoding = 4; lastKnownFileType = sourcecode.c.h; path = EventDispatcherBridge.h; sourceTree = "<group>"; };
		372B7C5061E4A0813607D52C /* MuffinRushAssets.h */ = {isa = PBXFileReference; fileEncoding = 4; lastKnownFileType = sourcecode.c.h; path = MuffinRushAssets.h; sourceTree = "<group>"; };
		372B7C62B6A99509E2DA1165 /* utf.h */ = {isa = PBXFileReference; fileEncoding = 4; lastKnownFileType = sourcecode.c.h; path = utf.h; sourceTree = "<group>"; };
		372B7C6C0758E7710DF135C2 /* jansson_private.h */ = {isa = PBXFileReference; fileEncoding = 4; lastKnownFileType = sourcecode.c.h; path = jansson_private.h; sourceTree = "<group>"; };
		372B7CACA8CAB1A3C5FFC301 /* StoreInfoBridge.h */ = {isa = PBXFileReference; fileEncoding = 4; lastKnownFileType = sourcecode.c.h; path = StoreInfoBridge.h; sourceTree = "<group>"; };
		372B7CCAD624B4FA6D7C41AF /* error.c */ = {isa = PBXFileReference; fileEncoding = 4; lastKnownFileType = sourcecode.c.c; path = error.c; sourceTree = "<group>"; };
		372B7CE12AF199C4D130B531 /* CCPurchaseWithVirtualItem.cpp */ = {isa = PBXFileReference; fileEncoding = 4; lastKnownFileType = sourcecode.cpp.cpp; path = CCPurchaseWithVirtualItem.cpp; sourceTree = "<group>"; };
		372B7CEC1781445B8C97AF6D /* CCSoomlaEasyNdkBridge.cpp */ = {isa = PBXFileReference; fileEncoding = 4; lastKnownFileType = sourcecode.cpp.cpp; path = CCSoomlaEasyNdkBridge.cpp; sourceTree = "<group>"; };
		372B7D6BDA90177ACCA79C85 /* StoreAssetsBridge.mm */ = {isa = PBXFileReference; fileEncoding = 4; lastKnownFileType = sourcecode.cpp.objcpp; path = StoreAssetsBridge.mm; sourceTree = "<group>"; };
		372B7DA6C3AE1707EC902B0E /* CCSingleUsePackVG.cpp */ = {isa = PBXFileReference; fileEncoding = 4; lastKnownFileType = sourcecode.cpp.cpp; path = CCSingleUsePackVG.cpp; sourceTree = "<group>"; };
		372B7DF975D8878856287A72 /* CCEquippableVG.cpp */ = {isa = PBXFileReference; fileEncoding = 4; lastKnownFileType = sourcecode.cpp.cpp; path = CCEquippableVG.cpp; sourceTree = "<group>"; };
		372B7E3D78E0714E0E9B30F6 /* IOSNDKHelper.h */ = {isa = PBXFileReference; fileEncoding = 4; lastKnownFileType = sourcecode.c.h; path = IOSNDKHelper.h; sourceTree = "<group>"; };
		372B7E3F9775BE67ACDFE57C /* dump.c */ = {isa = PBXFileReference; fileEncoding = 4; lastKnownFileType = sourcecode.c.c; path = dump.c; sourceTree = "<group>"; };
		372B7ECC62899D11968E8303 /* SoomlaJSONConsts.h */ = {isa = PBXFileReference; fileEncoding = 4; lastKnownFileType = sourcecode.c.h; path = SoomlaJSONConsts.h; sourceTree = "<group>"; };
		372B7EF9C9C79BD692E4FAB0 /* NDKCallbackData.cpp */ = {isa = PBXFileReference; fileEncoding = 4; lastKnownFileType = sourcecode.cpp.cpp; path = NDKCallbackData.cpp; sourceTree = "<group>"; };
		372B7F0E7BA9BA723A179098 /* CCSoomla.h */ = {isa = PBXFileReference; fileEncoding = 4; lastKnownFileType = sourcecode.c.h; path = CCSoomla.h; sourceTree = "<group>"; };
		372B7F41E7ED8C72F23EC2CB /* CCSoomlaError.cpp */ = {isa = PBXFileReference; fileEncoding = 4; lastKnownFileType = sourcecode.cpp.cpp; path = CCSoomlaError.cpp; sourceTree = "<group>"; };
		372B7F82BB35D3171FD31C6A /* StoreInventoryBridge.h */ = {isa = PBXFileReference; fileEncoding = 4; lastKnownFileType = sourcecode.c.h; path = StoreInventoryBridge.h; sourceTree = "<group>"; };
		372B7FC611D761FC3B64BDF0 /* CCPurchasableVirtualItem.h */ = {isa = PBXFileReference; fileEncoding = 4; lastKnownFileType = sourcecode.c.h; path = CCPurchasableVirtualItem.h; sourceTree = "<group>"; };
		372B7FDF0F8C9EA4F1362BF2 /* CCPurchaseType.cpp */ = {isa = PBXFileReference; fileEncoding = 4; lastKnownFileType = sourcecode.cpp.cpp; path = CCPurchaseType.cpp; sourceTree = "<group>"; };
		C005144B1650216600078EBB /* EventHandler.cpp */ = {isa = PBXFileReference; fileEncoding = 4; lastKnownFileType = sourcecode.cpp.cpp; name = EventHandler.cpp; path = Classes/EventHandler.cpp; sourceTree = "<group>"; };
		C005144C1650216600078EBB /* EventHandler.h */ = {isa = PBXFileReference; fileEncoding = 4; lastKnownFileType = sourcecode.c.h; name = EventHandler.h; path = Classes/EventHandler.h; sourceTree = "<group>"; };
		C031BA731635BDBA005F73E3 /* cocos2dx-store.app */ = {isa = PBXFileReference; explicitFileType = wrapper.application; includeInIndex = 0; path = "cocos2dx-store.app"; sourceTree = BUILT_PRODUCTS_DIR; };
		C031BA771635BDBA005F73E3 /* QuartzCore.framework */ = {isa = PBXFileReference; lastKnownFileType = wrapper.framework; name = QuartzCore.framework; path = System/Library/Frameworks/QuartzCore.framework; sourceTree = SDKROOT; };
		C031BA791635BDBA005F73E3 /* OpenGLES.framework */ = {isa = PBXFileReference; lastKnownFileType = wrapper.framework; name = OpenGLES.framework; path = System/Library/Frameworks/OpenGLES.framework; sourceTree = SDKROOT; };
		C031BA7B1635BDBA005F73E3 /* OpenAL.framework */ = {isa = PBXFileReference; lastKnownFileType = wrapper.framework; name = OpenAL.framework; path = System/Library/Frameworks/OpenAL.framework; sourceTree = SDKROOT; };
		C031BA7D1635BDBA005F73E3 /* AudioToolbox.framework */ = {isa = PBXFileReference; lastKnownFileType = wrapper.framework; name = AudioToolbox.framework; path = System/Library/Frameworks/AudioToolbox.framework; sourceTree = SDKROOT; };
		C031BA7F1635BDBA005F73E3 /* AVFoundation.framework */ = {isa = PBXFileReference; lastKnownFileType = wrapper.framework; name = AVFoundation.framework; path = System/Library/Frameworks/AVFoundation.framework; sourceTree = SDKROOT; };
		C031BA811635BDBA005F73E3 /* UIKit.framework */ = {isa = PBXFileReference; lastKnownFileType = wrapper.framework; name = UIKit.framework; path = System/Library/Frameworks/UIKit.framework; sourceTree = SDKROOT; };
		C031BA831635BDBA005F73E3 /* Foundation.framework */ = {isa = PBXFileReference; lastKnownFileType = wrapper.framework; name = Foundation.framework; path = System/Library/Frameworks/Foundation.framework; sourceTree = SDKROOT; };
		C031BA851635BDBA005F73E3 /* CoreGraphics.framework */ = {isa = PBXFileReference; lastKnownFileType = wrapper.framework; name = CoreGraphics.framework; path = System/Library/Frameworks/CoreGraphics.framework; sourceTree = SDKROOT; };
		C031BAA11635BDBA005F73E3 /* AppController.h */ = {isa = PBXFileReference; lastKnownFileType = sourcecode.c.h; name = AppController.h; path = ios/AppController.h; sourceTree = "<group>"; };
		C031BAA21635BDBA005F73E3 /* AppController.mm */ = {isa = PBXFileReference; lastKnownFileType = sourcecode.cpp.objcpp; name = AppController.mm; path = ios/AppController.mm; sourceTree = "<group>"; };
		C031BAA41635BDBA005F73E3 /* RootViewController.h */ = {isa = PBXFileReference; lastKnownFileType = sourcecode.c.h; name = RootViewController.h; path = ios/RootViewController.h; sourceTree = "<group>"; };
		C031BAA51635BDBA005F73E3 /* RootViewController.mm */ = {isa = PBXFileReference; lastKnownFileType = sourcecode.cpp.objcpp; name = RootViewController.mm; path = ios/RootViewController.mm; sourceTree = "<group>"; };
		C031BAA71635BDBA005F73E3 /* main.m */ = {isa = PBXFileReference; lastKnownFileType = sourcecode.c.objc; name = main.m; path = ios/main.m; sourceTree = "<group>"; };
		C031BD251635BDBD005F73E3 /* AppDelegate.h */ = {isa = PBXFileReference; lastKnownFileType = sourcecode.c.h; name = AppDelegate.h; path = Classes/AppDelegate.h; sourceTree = "<group>"; };
		C031BD261635BDBD005F73E3 /* AppDelegate.cpp */ = {isa = PBXFileReference; lastKnownFileType = sourcecode.cpp.cpp; name = AppDelegate.cpp; path = Classes/AppDelegate.cpp; sourceTree = "<group>"; };
		C031BE2A1635C714005F73E3 /* libsqlite3.0.dylib */ = {isa = PBXFileReference; lastKnownFileType = "compiled.mach-o.dylib"; name = libsqlite3.0.dylib; path = usr/lib/libsqlite3.0.dylib; sourceTree = SDKROOT; };
		C031BE2C1635C71A005F73E3 /* StoreKit.framework */ = {isa = PBXFileReference; lastKnownFileType = wrapper.framework; name = StoreKit.framework; path = System/Library/Frameworks/StoreKit.framework; sourceTree = SDKROOT; };
		C031BE2E1635C720005F73E3 /* Security.framework */ = {isa = PBXFileReference; lastKnownFileType = wrapper.framework; name = Security.framework; path = System/Library/Frameworks/Security.framework; sourceTree = SDKROOT; };
		C04C5B0B1732DDB10081553A /* JSONConsts.h */ = {isa = PBXFileReference; fileEncoding = 4; lastKnownFileType = sourcecode.c.h; path = JSONConsts.h; sourceTree = "<group>"; };
		C04C5B0C1732DDB10081553A /* JSONConsts.m */ = {isa = PBXFileReference; fileEncoding = 4; lastKnownFileType = sourcecode.c.objc; path = JSONConsts.m; sourceTree = "<group>"; };
		C04C5B0D1732DDB10081553A /* KeyValDatabase.h */ = {isa = PBXFileReference; fileEncoding = 4; lastKnownFileType = sourcecode.c.h; path = KeyValDatabase.h; sourceTree = "<group>"; };
		C04C5B0E1732DDB10081553A /* KeyValDatabase.m */ = {isa = PBXFileReference; fileEncoding = 4; lastKnownFileType = sourcecode.c.objc; path = KeyValDatabase.m; sourceTree = "<group>"; };
		C04C5B0F1732DDB10081553A /* KeyValueStorage.h */ = {isa = PBXFileReference; fileEncoding = 4; lastKnownFileType = sourcecode.c.h; path = KeyValueStorage.h; sourceTree = "<group>"; };
		C04C5B101732DDB10081553A /* KeyValueStorage.m */ = {isa = PBXFileReference; fileEncoding = 4; lastKnownFileType = sourcecode.c.objc; path = KeyValueStorage.m; sourceTree = "<group>"; };
		C04C5B111732DDB10081553A /* NonConsumableStorage.h */ = {isa = PBXFileReference; fileEncoding = 4; lastKnownFileType = sourcecode.c.h; path = NonConsumableStorage.h; sourceTree = "<group>"; };
		C04C5B121732DDB10081553A /* NonConsumableStorage.m */ = {isa = PBXFileReference; fileEncoding = 4; lastKnownFileType = sourcecode.c.objc; path = NonConsumableStorage.m; sourceTree = "<group>"; };
		C04C5B131732DDB10081553A /* ObscuredNSUserDefaults.h */ = {isa = PBXFileReference; fileEncoding = 4; lastKnownFileType = sourcecode.c.h; path = ObscuredNSUserDefaults.h; sourceTree = "<group>"; };
		C04C5B141732DDB10081553A /* ObscuredNSUserDefaults.m */ = {isa = PBXFileReference; fileEncoding = 4; lastKnownFileType = sourcecode.c.objc; path = ObscuredNSUserDefaults.m; sourceTree = "<group>"; };
		C04C5B151732DDB10081553A /* StorageManager.h */ = {isa = PBXFileReference; fileEncoding = 4; lastKnownFileType = sourcecode.c.h; path = StorageManager.h; sourceTree = "<group>"; };
		C04C5B161732DDB10081553A /* StorageManager.m */ = {isa = PBXFileReference; fileEncoding = 4; lastKnownFileType = sourcecode.c.objc; path = StorageManager.m; sourceTree = "<group>"; };
		C04C5B171732DDB10081553A /* StoreDatabase.h */ = {isa = PBXFileReference; fileEncoding = 4; lastKnownFileType = sourcecode.c.h; path = StoreDatabase.h; sourceTree = "<group>"; };
		C04C5B181732DDB10081553A /* StoreDatabase.m */ = {isa = PBXFileReference; fileEncoding = 4; lastKnownFileType = sourcecode.c.objc; path = StoreDatabase.m; sourceTree = "<group>"; };
		C04C5B191732DDB10081553A /* StoreEncryptor.h */ = {isa = PBXFileReference; fileEncoding = 4; lastKnownFileType = sourcecode.c.h; path = StoreEncryptor.h; sourceTree = "<group>"; };
		C04C5B1A1732DDB10081553A /* StoreEncryptor.m */ = {isa = PBXFileReference; fileEncoding = 4; lastKnownFileType = sourcecode.c.objc; path = StoreEncryptor.m; sourceTree = "<group>"; };
		C04C5B1B1732DDB10081553A /* StorefrontInfo.h */ = {isa = PBXFileReference; fileEncoding = 4; lastKnownFileType = sourcecode.c.h; path = StorefrontInfo.h; sourceTree = "<group>"; };
		C04C5B1C1732DDB10081553A /* StorefrontInfo.m */ = {isa = PBXFileReference; fileEncoding = 4; lastKnownFileType = sourcecode.c.objc; path = StorefrontInfo.m; sourceTree = "<group>"; };
		C04C5B1D1732DDB10081553A /* StoreInfo.h */ = {isa = PBXFileReference; fileEncoding = 4; lastKnownFileType = sourcecode.c.h; path = StoreInfo.h; sourceTree = "<group>"; };
		C04C5B1E1732DDB10081553A /* StoreInfo.m */ = {isa = PBXFileReference; fileEncoding = 4; lastKnownFileType = sourcecode.c.objc; path = StoreInfo.m; sourceTree = "<group>"; };
		C04C5B1F1732DDB10081553A /* VirtualCurrencyStorage.h */ = {isa = PBXFileReference; fileEncoding = 4; lastKnownFileType = sourcecode.c.h; path = VirtualCurrencyStorage.h; sourceTree = "<group>"; };
		C04C5B201732DDB10081553A /* VirtualCurrencyStorage.m */ = {isa = PBXFileReference; fileEncoding = 4; lastKnownFileType = sourcecode.c.objc; path = VirtualCurrencyStorage.m; sourceTree = "<group>"; };
		C04C5B211732DDB10081553A /* VirtualGoodStorage.h */ = {isa = PBXFileReference; fileEncoding = 4; lastKnownFileType = sourcecode.c.h; path = VirtualGoodStorage.h; sourceTree = "<group>"; };
		C04C5B221732DDB10081553A /* VirtualGoodStorage.m */ = {isa = PBXFileReference; fileEncoding = 4; lastKnownFileType = sourcecode.c.objc; path = VirtualGoodStorage.m; sourceTree = "<group>"; };
		C04C5B231732DDB10081553A /* VirtualItemStorage.h */ = {isa = PBXFileReference; fileEncoding = 4; lastKnownFileType = sourcecode.c.h; path = VirtualItemStorage.h; sourceTree = "<group>"; };
		C04C5B241732DDB10081553A /* VirtualItemStorage.m */ = {isa = PBXFileReference; fileEncoding = 4; lastKnownFileType = sourcecode.c.objc; path = VirtualItemStorage.m; sourceTree = "<group>"; };
		C04C5B261732DDB10081553A /* AppStoreItem.h */ = {isa = PBXFileReference; fileEncoding = 4; lastKnownFileType = sourcecode.c.h; path = AppStoreItem.h; sourceTree = "<group>"; };
		C04C5B271732DDB10081553A /* AppStoreItem.m */ = {isa = PBXFileReference; fileEncoding = 4; lastKnownFileType = sourcecode.c.objc; path = AppStoreItem.m; sourceTree = "<group>"; };
		C04C5B281732DDB10081553A /* NonConsumableItem.h */ = {isa = PBXFileReference; fileEncoding = 4; lastKnownFileType = sourcecode.c.h; path = NonConsumableItem.h; sourceTree = "<group>"; };
		C04C5B291732DDB10081553A /* NonConsumableItem.m */ = {isa = PBXFileReference; fileEncoding = 4; lastKnownFileType = sourcecode.c.objc; path = NonConsumableItem.m; sourceTree = "<group>"; };
		C04C5B2A1732DDB10081553A /* PurchasableVirtualItem.h */ = {isa = PBXFileReference; fileEncoding = 4; lastKnownFileType = sourcecode.c.h; path = PurchasableVirtualItem.h; sourceTree = "<group>"; };
		C04C5B2B1732DDB10081553A /* PurchasableVirtualItem.m */ = {isa = PBXFileReference; fileEncoding = 4; lastKnownFileType = sourcecode.c.objc; path = PurchasableVirtualItem.m; sourceTree = "<group>"; };
		C04C5B2C1732DDB10081553A /* VirtualCategory.h */ = {isa = PBXFileReference; fileEncoding = 4; lastKnownFileType = sourcecode.c.h; path = VirtualCategory.h; sourceTree = "<group>"; };
		C04C5B2D1732DDB10081553A /* VirtualCategory.m */ = {isa = PBXFileReference; fileEncoding = 4; lastKnownFileType = sourcecode.c.objc; path = VirtualCategory.m; sourceTree = "<group>"; };
		C04C5B2F1732DDB10081553A /* VirtualCurrency.h */ = {isa = PBXFileReference; fileEncoding = 4; lastKnownFileType = sourcecode.c.h; path = VirtualCurrency.h; sourceTree = "<group>"; };
		C04C5B301732DDB10081553A /* VirtualCurrency.m */ = {isa = PBXFileReference; fileEncoding = 4; lastKnownFileType = sourcecode.c.objc; path = VirtualCurrency.m; sourceTree = "<group>"; };
		C04C5B311732DDB10081553A /* VirtualCurrencyPack.h */ = {isa = PBXFileReference; fileEncoding = 4; lastKnownFileType = sourcecode.c.h; path = VirtualCurrencyPack.h; sourceTree = "<group>"; };
		C04C5B321732DDB10081553A /* VirtualCurrencyPack.m */ = {isa = PBXFileReference; fileEncoding = 4; lastKnownFileType = sourcecode.c.objc; path = VirtualCurrencyPack.m; sourceTree = "<group>"; };
		C04C5B341732DDB10081553A /* EquippableVG.h */ = {isa = PBXFileReference; fileEncoding = 4; lastKnownFileType = sourcecode.c.h; path = EquippableVG.h; sourceTree = "<group>"; };
		C04C5B351732DDB10081553A /* EquippableVG.m */ = {isa = PBXFileReference; fileEncoding = 4; lastKnownFileType = sourcecode.c.objc; path = EquippableVG.m; sourceTree = "<group>"; };
		C04C5B361732DDB10081553A /* LifetimeVG.h */ = {isa = PBXFileReference; fileEncoding = 4; lastKnownFileType = sourcecode.c.h; path = LifetimeVG.h; sourceTree = "<group>"; };
		C04C5B371732DDB10081553A /* LifetimeVG.m */ = {isa = PBXFileReference; fileEncoding = 4; lastKnownFileType = sourcecode.c.objc; path = LifetimeVG.m; sourceTree = "<group>"; };
		C04C5B381732DDB10081553A /* SingleUsePackVG.h */ = {isa = PBXFileReference; fileEncoding = 4; lastKnownFileType = sourcecode.c.h; path = SingleUsePackVG.h; sourceTree = "<group>"; };
		C04C5B391732DDB10081553A /* SingleUsePackVG.m */ = {isa = PBXFileReference; fileEncoding = 4; lastKnownFileType = sourcecode.c.objc; path = SingleUsePackVG.m; sourceTree = "<group>"; };
		C04C5B3A1732DDB10081553A /* SingleUseVG.h */ = {isa = PBXFileReference; fileEncoding = 4; lastKnownFileType = sourcecode.c.h; path = SingleUseVG.h; sourceTree = "<group>"; };
		C04C5B3B1732DDB10081553A /* SingleUseVG.m */ = {isa = PBXFileReference; fileEncoding = 4; lastKnownFileType = sourcecode.c.objc; path = SingleUseVG.m; sourceTree = "<group>"; };
		C04C5B3C1732DDB10081553A /* UpgradeVG.h */ = {isa = PBXFileReference; fileEncoding = 4; lastKnownFileType = sourcecode.c.h; path = UpgradeVG.h; sourceTree = "<group>"; };
		C04C5B3D1732DDB10081553A /* UpgradeVG.m */ = {isa = PBXFileReference; fileEncoding = 4; lastKnownFileType = sourcecode.c.objc; path = UpgradeVG.m; sourceTree = "<group>"; };
		C04C5B3E1732DDB10081553A /* VirtualGood.h */ = {isa = PBXFileReference; fileEncoding = 4; lastKnownFileType = sourcecode.c.h; path = VirtualGood.h; sourceTree = "<group>"; };
		C04C5B3F1732DDB10081553A /* VirtualGood.m */ = {isa = PBXFileReference; fileEncoding = 4; lastKnownFileType = sourcecode.c.objc; path = VirtualGood.m; sourceTree = "<group>"; };
		C04C5B401732DDB10081553A /* VirtualItem.h */ = {isa = PBXFileReference; fileEncoding = 4; lastKnownFileType = sourcecode.c.h; path = VirtualItem.h; sourceTree = "<group>"; };
		C04C5B411732DDB10081553A /* VirtualItem.m */ = {isa = PBXFileReference; fileEncoding = 4; lastKnownFileType = sourcecode.c.objc; path = VirtualItem.m; sourceTree = "<group>"; };
		C04C5B421732DDB10081553A /* EventHandling.h */ = {isa = PBXFileReference; fileEncoding = 4; lastKnownFileType = sourcecode.c.h; path = EventHandling.h; sourceTree = "<group>"; };
		C04C5B431732DDB10081553A /* EventHandling.m */ = {isa = PBXFileReference; fileEncoding = 4; lastKnownFileType = sourcecode.c.objc; path = EventHandling.m; sourceTree = "<group>"; };
		C04C5B451732DDB10081553A /* InsufficientFundsException.h */ = {isa = PBXFileReference; fileEncoding = 4; lastKnownFileType = sourcecode.c.h; path = InsufficientFundsException.h; sourceTree = "<group>"; };
		C04C5B461732DDB10081553A /* InsufficientFundsException.m */ = {isa = PBXFileReference; fileEncoding = 4; lastKnownFileType = sourcecode.c.objc; path = InsufficientFundsException.m; sourceTree = "<group>"; };
		C04C5B471732DDB10081553A /* NotEnoughGoodsException.h */ = {isa = PBXFileReference; fileEncoding = 4; lastKnownFileType = sourcecode.c.h; path = NotEnoughGoodsException.h; sourceTree = "<group>"; };
		C04C5B481732DDB10081553A /* NotEnoughGoodsException.m */ = {isa = PBXFileReference; fileEncoding = 4; lastKnownFileType = sourcecode.c.objc; path = NotEnoughGoodsException.m; sourceTree = "<group>"; };
		C04C5B491732DDB10081553A /* VirtualItemNotFoundException.h */ = {isa = PBXFileReference; fileEncoding = 4; lastKnownFileType = sourcecode.c.h; path = VirtualItemNotFoundException.h; sourceTree = "<group>"; };
		C04C5B4A1732DDB10081553A /* VirtualItemNotFoundException.m */ = {isa = PBXFileReference; fileEncoding = 4; lastKnownFileType = sourcecode.c.objc; path = VirtualItemNotFoundException.m; sourceTree = "<group>"; };
		C04C5B4C1732DDB10081553A /* FBEncryptorAES.h */ = {isa = PBXFileReference; fileEncoding = 4; lastKnownFileType = sourcecode.c.h; path = FBEncryptorAES.h; sourceTree = "<group>"; };
		C04C5B4D1732DDB10081553A /* FBEncryptorAES.m */ = {isa = PBXFileReference; fileEncoding = 4; lastKnownFileType = sourcecode.c.objc; path = FBEncryptorAES.m; sourceTree = "<group>"; };
		C04C5B4E1732DDB10081553A /* NSData-Base64.h */ = {isa = PBXFileReference; fileEncoding = 4; lastKnownFileType = sourcecode.c.h; path = "NSData-Base64.h"; sourceTree = "<group>"; };
		C04C5B4F1732DDB10081553A /* NSData-Base64.m */ = {isa = PBXFileReference; fileEncoding = 4; lastKnownFileType = sourcecode.c.objc; path = "NSData-Base64.m"; sourceTree = "<group>"; };
		C04C5B501732DDB10081553A /* IStoreAsssets.h */ = {isa = PBXFileReference; fileEncoding = 4; lastKnownFileType = sourcecode.c.h; path = IStoreAsssets.h; sourceTree = "<group>"; };
		C04C5B521732DDB10081553A /* JSONKit.h */ = {isa = PBXFileReference; fileEncoding = 4; lastKnownFileType = sourcecode.c.h; path = JSONKit.h; sourceTree = "<group>"; };
		C04C5B531732DDB10081553A /* JSONKit.m */ = {isa = PBXFileReference; fileEncoding = 4; lastKnownFileType = sourcecode.c.objc; path = JSONKit.m; sourceTree = "<group>"; };
		C04C5B551732DDB10081553A /* PurchaseType.h */ = {isa = PBXFileReference; fileEncoding = 4; lastKnownFileType = sourcecode.c.h; path = PurchaseType.h; sourceTree = "<group>"; };
		C04C5B561732DDB10081553A /* PurchaseType.m */ = {isa = PBXFileReference; fileEncoding = 4; lastKnownFileType = sourcecode.c.objc; path = PurchaseType.m; sourceTree = "<group>"; };
		C04C5B571732DDB10081553A /* PurchaseWithMarket.h */ = {isa = PBXFileReference; fileEncoding = 4; lastKnownFileType = sourcecode.c.h; path = PurchaseWithMarket.h; sourceTree = "<group>"; };
		C04C5B581732DDB10081553A /* PurchaseWithMarket.m */ = {isa = PBXFileReference; fileEncoding = 4; lastKnownFileType = sourcecode.c.objc; path = PurchaseWithMarket.m; sourceTree = "<group>"; };
		C04C5B591732DDB10081553A /* PurchaseWithVirtualItem.h */ = {isa = PBXFileReference; fileEncoding = 4; lastKnownFileType = sourcecode.c.h; path = PurchaseWithVirtualItem.h; sourceTree = "<group>"; };
		C04C5B5A1732DDB10081553A /* PurchaseWithVirtualItem.m */ = {isa = PBXFileReference; fileEncoding = 4; lastKnownFileType = sourcecode.c.objc; path = PurchaseWithVirtualItem.m; sourceTree = "<group>"; };
		C04C5B5B1732DDB10081553A /* SoomlaiOSStore-Prefix.pch */ = {isa = PBXFileReference; fileEncoding = 4; lastKnownFileType = sourcecode.c.h; path = "SoomlaiOSStore-Prefix.pch"; sourceTree = "<group>"; };
		C04C5B5C1732DDB10081553A /* StoreConfig.h */ = {isa = PBXFileReference; fileEncoding = 4; lastKnownFileType = sourcecode.c.h; path = StoreConfig.h; sourceTree = "<group>"; };
		C04C5B5D1732DDB10081553A /* StoreConfig.m */ = {isa = PBXFileReference; fileEncoding = 4; lastKnownFileType = sourcecode.c.objc; path = StoreConfig.m; sourceTree = "<group>"; };
		C04C5B5E1732DDB10081553A /* StoreController.h */ = {isa = PBXFileReference; fileEncoding = 4; lastKnownFileType = sourcecode.c.h; path = StoreController.h; sourceTree = "<group>"; };
		C04C5B5F1732DDB10081553A /* StoreController.m */ = {isa = PBXFileReference; fileEncoding = 4; lastKnownFileType = sourcecode.c.objc; path = StoreController.m; sourceTree = "<group>"; };
		C04C5B601732DDB10081553A /* StoreInventory.h */ = {isa = PBXFileReference; fileEncoding = 4; lastKnownFileType = sourcecode.c.h; path = StoreInventory.h; sourceTree = "<group>"; };
		C04C5B611732DDB10081553A /* StoreInventory.m */ = {isa = PBXFileReference; fileEncoding = 4; lastKnownFileType = sourcecode.c.objc; path = StoreInventory.m; sourceTree = "<group>"; };
		C04C5B621732DDB10081553A /* StoreUtils.h */ = {isa = PBXFileReference; fileEncoding = 4; lastKnownFileType = sourcecode.c.h; path = StoreUtils.h; sourceTree = "<group>"; };
		C04C5B631732DDB10081553A /* StoreUtils.m */ = {isa = PBXFileReference; fileEncoding = 4; lastKnownFileType = sourcecode.c.objc; path = StoreUtils.m; sourceTree = "<group>"; };
		C04C5B651732DDB10081553A /* license */ = {isa = PBXFileReference; fileEncoding = 4; lastKnownFileType = text; path = license; sourceTree = "<group>"; };
		C04C5B661732DDB10081553A /* NSString-MD5Addition.h */ = {isa = PBXFileReference; fileEncoding = 4; lastKnownFileType = sourcecode.c.h; path = "NSString-MD5Addition.h"; sourceTree = "<group>"; };
		C04C5B671732DDB10081553A /* NSString-MD5Addition.m */ = {isa = PBXFileReference; fileEncoding = 4; lastKnownFileType = sourcecode.c.objc; path = "NSString-MD5Addition.m"; sourceTree = "<group>"; };
		C04C5B681732DDB10081553A /* UIDevice-IdentifierAddition.h */ = {isa = PBXFileReference; fileEncoding = 4; lastKnownFileType = sourcecode.c.h; path = "UIDevice-IdentifierAddition.h"; sourceTree = "<group>"; };
		C04C5B691732DDB10081553A /* UIDevice-IdentifierAddition.m */ = {isa = PBXFileReference; fileEncoding = 4; lastKnownFileType = sourcecode.c.objc; path = "UIDevice-IdentifierAddition.m"; sourceTree = "<group>"; };
		C0693090163C876C0037E975 /* libz.dylib */ = {isa = PBXFileReference; lastKnownFileType = "compiled.mach-o.dylib"; name = libz.dylib; path = usr/lib/libz.dylib; sourceTree = SDKROOT; };
		C0693092163C87760037E975 /* libxml2.dylib */ = {isa = PBXFileReference; lastKnownFileType = "compiled.mach-o.dylib"; name = libxml2.dylib; path = usr/lib/libxml2.dylib; sourceTree = SDKROOT; };
		C0B042D3163BFCB50015400E /* Prefix.pch */ = {isa = PBXFileReference; fileEncoding = 4; lastKnownFileType = sourcecode.c.h; path = Prefix.pch; sourceTree = "<group>"; };
		C0B042D4163BFD150015400E /* Info.plist */ = {isa = PBXFileReference; fileEncoding = 4; lastKnownFileType = text.plist.xml; name = Info.plist; path = ios/Resources/Info.plist; sourceTree = "<group>"; };
		C0B042D6163BFD2B0015400E /* Icon-72.png */ = {isa = PBXFileReference; lastKnownFileType = image.png; name = "Icon-72.png"; path = "ios/Resources/Icon-72.png"; sourceTree = "<group>"; };
		C0B042D7163BFD2B0015400E /* Icon-Small-50.png */ = {isa = PBXFileReference; lastKnownFileType = image.png; name = "Icon-Small-50.png"; path = "ios/Resources/Icon-Small-50.png"; sourceTree = "<group>"; };
		C0B042D8163BFD2B0015400E /* Icon-Small.png */ = {isa = PBXFileReference; lastKnownFileType = image.png; name = "Icon-Small.png"; path = "ios/Resources/Icon-Small.png"; sourceTree = "<group>"; };
		C0B042D9163BFD2B0015400E /* Icon-Small@2x.png */ = {isa = PBXFileReference; lastKnownFileType = image.png; name = "Icon-Small@2x.png"; path = "ios/Resources/Icon-Small@2x.png"; sourceTree = "<group>"; };
		C0B042DA163BFD2B0015400E /* Icon.png */ = {isa = PBXFileReference; lastKnownFileType = image.png; name = Icon.png; path = ios/Resources/Icon.png; sourceTree = "<group>"; };
		C0B042DB163BFD2B0015400E /* Icon@2x.png */ = {isa = PBXFileReference; lastKnownFileType = image.png; name = "Icon@2x.png"; path = "ios/Resources/Icon@2x.png"; sourceTree = "<group>"; };
		C0B042E6163BFE960015400E /* GameMenuItem.cpp */ = {isa = PBXFileReference; fileEncoding = 4; lastKnownFileType = sourcecode.cpp.cpp; name = GameMenuItem.cpp; path = Classes/GameMenuItem.cpp; sourceTree = "<group>"; };
		C0B042E7163BFE960015400E /* GameMenuItem.h */ = {isa = PBXFileReference; fileEncoding = 4; lastKnownFileType = sourcecode.c.h; name = GameMenuItem.h; path = Classes/GameMenuItem.h; sourceTree = "<group>"; };
		C0B042E9163BFE960015400E /* MainScene.cpp */ = {isa = PBXFileReference; fileEncoding = 4; lastKnownFileType = sourcecode.cpp.cpp; name = MainScene.cpp; path = Classes/MainScene.cpp; sourceTree = "<group>"; };
		C0B042EA163BFE960015400E /* MainScene.h */ = {isa = PBXFileReference; fileEncoding = 4; lastKnownFileType = sourcecode.c.h; name = MainScene.h; path = Classes/MainScene.h; sourceTree = "<group>"; };
		C0B042EC163BFE960015400E /* StoreAScene.cpp */ = {isa = PBXFileReference; fileEncoding = 4; lastKnownFileType = sourcecode.cpp.cpp; name = StoreAScene.cpp; path = Classes/StoreAScene.cpp; sourceTree = "<group>"; };
		C0B042ED163BFE960015400E /* StoreAScene.h */ = {isa = PBXFileReference; fileEncoding = 4; lastKnownFileType = sourcecode.c.h; name = StoreAScene.h; path = Classes/StoreAScene.h; sourceTree = "<group>"; };
		C0B042EE163BFE960015400E /* StoreBScene.cpp */ = {isa = PBXFileReference; fileEncoding = 4; lastKnownFileType = sourcecode.cpp.cpp; name = StoreBScene.cpp; path = Classes/StoreBScene.cpp; sourceTree = "<group>"; };
		C0B042EF163BFE960015400E /* StoreBScene.h */ = {isa = PBXFileReference; fileEncoding = 4; lastKnownFileType = sourcecode.c.h; name = StoreBScene.h; path = Classes/StoreBScene.h; sourceTree = "<group>"; };
		C0B0435C163C83B30015400E /* iphone */ = {isa = PBXFileReference; lastKnownFileType = folder; name = iphone; path = Resources/iphone; sourceTree = "<group>"; };
		C0B0435D163C83B30015400E /* iphonehd */ = {isa = PBXFileReference; lastKnownFileType = folder; name = iphonehd; path = Resources/iphonehd; sourceTree = "<group>"; };
		C0B0436A163C84860015400E /* cocos2dx.xcodeproj */ = {isa = PBXFileReference; lastKnownFileType = "wrapper.pb-project"; name = cocos2dx.xcodeproj; path = "cocos2dx-store/libs/cocos2dx/proj.ios/cocos2dx.xcodeproj"; sourceTree = "<group>"; };
		C0E0A855173699530092A33A /* GoodDog.otf */ = {isa = PBXFileReference; lastKnownFileType = file; name = GoodDog.otf; path = Resources/GoodDog.otf; sourceTree = "<group>"; };
/* End PBXFileReference section */

/* Begin PBXFrameworksBuildPhase section */
		C031BA701635BDBA005F73E3 /* Frameworks */ = {
			isa = PBXFrameworksBuildPhase;
			buildActionMask = 2147483647;
			files = (
				C0693093163C87760037E975 /* libxml2.dylib in Frameworks */,
				C0693091163C876C0037E975 /* libz.dylib in Frameworks */,
				C069308F163C86D60037E975 /* libcocos2dx.a in Frameworks */,
				C031BE2F1635C720005F73E3 /* Security.framework in Frameworks */,
				C031BE2D1635C71A005F73E3 /* StoreKit.framework in Frameworks */,
				C031BE2B1635C714005F73E3 /* libsqlite3.0.dylib in Frameworks */,
				C031BA781635BDBA005F73E3 /* QuartzCore.framework in Frameworks */,
				C031BA7A1635BDBA005F73E3 /* OpenGLES.framework in Frameworks */,
				C031BA7C1635BDBA005F73E3 /* OpenAL.framework in Frameworks */,
				C031BA7E1635BDBA005F73E3 /* AudioToolbox.framework in Frameworks */,
				C031BA801635BDBA005F73E3 /* AVFoundation.framework in Frameworks */,
				C031BA821635BDBA005F73E3 /* UIKit.framework in Frameworks */,
				C031BA841635BDBA005F73E3 /* Foundation.framework in Frameworks */,
				C031BA861635BDBA005F73E3 /* CoreGraphics.framework in Frameworks */,
			);
			runOnlyForDeploymentPostprocessing = 0;
		};
/* End PBXFrameworksBuildPhase section */

/* Begin PBXGroup section */
		372B718305139C3AD06C6B32 /* virtualCurrencies */ = {
			isa = PBXGroup;
			children = (
				372B7104562C73E1C61FAAD8 /* CCVirtualCurrency.h */,
				372B7568DDDBB5B7D11F10FC /* CCVirtualCurrency.cpp */,
				372B719DC3ECFD6EE97411C5 /* CCVirtualCurrencyPack.h */,
				372B7242C238D8122D35B33C /* CCVirtualCurrencyPack.cpp */,
			);
			path = virtualCurrencies;
			sourceTree = "<group>";
		};
		372B71F016ECECF001C4EFCF /* domain */ = {
			isa = PBXGroup;
			children = (
				372B72107EC006341BDEB53E /* virtualGoods */,
				372B73A3CFA7F0561A58A7DE /* CCMarketItem.h */,
				372B7731F339D64B63C0B12C /* CCVirtualItem.h */,
				372B7B2E3800DC21F8DCD4F5 /* CCMarketItem.cpp */,
				372B758F3228C9AE58E5F263 /* CCVirtualItem.cpp */,
				372B718305139C3AD06C6B32 /* virtualCurrencies */,
				372B78AD8A958FC23F4AC9E2 /* CCVirtualCategory.h */,
				372B7AAA15AA45C134E61C00 /* CCNonConsumableItem.h */,
				372B72BE810CD5B5B18910AF /* CCVirtualCategory.cpp */,
				372B7BA7B4E1B390F3A2A8BA /* CCNonConsumableItem.cpp */,
				372B7FC611D761FC3B64BDF0 /* CCPurchasableVirtualItem.h */,
				372B71172A9F45536CD16DBB /* CCPurchasableVirtualItem.cpp */,
			);
			path = domain;
			sourceTree = "<group>";
		};
		372B71F0B739DCF5F79FEDEB /* EasyNDK */ = {
			isa = PBXGroup;
			children = (
				372B7714AA4DA9B941730C47 /* ios */,
				372B7CCDB3A6D1F79615E870 /* android */,
				372B777E887CC2CBBF46FB06 /* NDKHelper.h */,
				372B754C3176B8B785208C12 /* NDKHelper.cpp */,
				372B70A75E69FA0D77446681 /* NDKCallbackData.h */,
				372B7EF9C9C79BD692E4FAB0 /* NDKCallbackData.cpp */,
			);
			name = EasyNDK;
			path = Classes/EasyNDK;
			sourceTree = "<group>";
		};
		372B72107EC006341BDEB53E /* virtualGoods */ = {
			isa = PBXGroup;
			children = (
				372B743546A9ED687A7A79EB /* CCLifetimeVG.h */,
				372B7594DEDF75E6E6E45C0B /* CCUpgradeVG.h */,
				372B79477C315CDA48EA4A23 /* CCSingleUseVG.h */,
				372B777ACE64601C52D35515 /* CCVirtualGood.h */,
				372B757AF9CD2D833C069CB5 /* CCEquippableVG.h */,
				372B7A814D4F872DC2607E87 /* CCLifetimeVG.cpp */,
				372B738FBCEC10A9F2D0A979 /* CCUpgradeVG.cpp */,
				372B74BAED1D59FCD117E063 /* CCSingleUseVG.cpp */,
				372B7A53130F55C10AABE07A /* CCVirtualGood.cpp */,
				372B7DF975D8878856287A72 /* CCEquippableVG.cpp */,
				372B75473B86F0EE443A1A5F /* CCSingleUsePackVG.h */,
				372B7DA6C3AE1707EC902B0E /* CCSingleUsePackVG.cpp */,
			);
			path = virtualGoods;
			sourceTree = "<group>";
		};
		372B73D317875023831F018D /* PurchaseTypes */ = {
			isa = PBXGroup;
			children = (
				372B722DC4BA177C864F9855 /* CCPurchaseType.h */,
				372B7FDF0F8C9EA4F1362BF2 /* CCPurchaseType.cpp */,
				372B7356CB1C64BD5D5DD0D8 /* CCPurchaseWithMarket.h */,
				372B7BBA60D4D7F86BBF3DF7 /* CCPurchaseWithMarket.cpp */,
				372B78E0658485163C94E683 /* CCPurchaseWithVirtualItem.h */,
				372B7CE12AF199C4D130B531 /* CCPurchaseWithVirtualItem.cpp */,
			);
			path = PurchaseTypes;
			sourceTree = "<group>";
		};
		372B758976D78F32593D8D85 /* StoreBridge */ = {
			isa = PBXGroup;
			children = (
				372B733143FDA4EDEE58DFFC /* StoreAssetsBridge.h */,
				372B7D6BDA90177ACCA79C85 /* StoreAssetsBridge.mm */,
				372B7CACA8CAB1A3C5FFC301 /* StoreInfoBridge.h */,
				372B7B619A0D187C7406F34F /* StoreInfoBridge.mm */,
				372B7F82BB35D3171FD31C6A /* StoreInventoryBridge.h */,
				372B7935DAE62BD89D2FDBAF /* StoreControllerBridge.h */,
				372B75536E8396587FB3DAC0 /* StoreInventoryBridge.mm */,
				372B7248F2AFDE0E11585199 /* StoreControllerBridge.mm */,
				372B71566BAB3FD5BBFB8B46 /* SoomlaEasyNDKGlue.mm */,
				372B75DFE968554E81D1E5B4 /* SoomlaEasyNDKGlue.h */,
				372B7C467A3EB01C23CEB700 /* EventDispatcherBridge.h */,
				372B77DFCE0D5EF59D0A7D7A /* EventDispatcherBridge.mm */,
			);
			name = StoreBridge;
			path = ios/StoreBridge;
			sourceTree = "<group>";
		};
		372B7714AA4DA9B941730C47 /* ios */ = {
			isa = PBXGroup;
			children = (
				372B7E3D78E0714E0E9B30F6 /* IOSNDKHelper.h */,
				372B73A0106A27F1532AC0A8 /* IOSNDKHelper.mm */,
				372B74E928DA2FB00CA30847 /* IOSNDKHelper-C-Interface.h */,
			);
			path = ios;
			sourceTree = "<group>";
		};
		372B779C13C0CE069BEC3870 /* Soomla */ = {
			isa = PBXGroup;
			children = (
				372B7E68F221EA738E4D5720 /* data */,
				372B71F016ECECF001C4EFCF /* domain */,
				372B73D317875023831F018D /* PurchaseTypes */,
				372B7AE9566A24AB80EF230A /* SoomlaMacros.h */,
				372B77B4F974389DAABCE6F6 /* CCIStoreAssets.h */,
				372B78CF6289AE74E5CECE48 /* CCSoomla.cpp */,
				372B7F0E7BA9BA723A179098 /* CCSoomla.h */,
				372B74D084498C1074D31D0E /* CCStoreController.cpp */,
				372B77FBCEC9408938FD988C /* CCStoreController.h */,
				372B78FA3025118F590111D7 /* CCStoreUtils.cpp */,
				372B7BBCE83FA8CA862DE167 /* CCStoreUtils.h */,
				372B7CEC1781445B8C97AF6D /* CCSoomlaEasyNdkBridge.cpp */,
				372B7586296123930DDF111D /* CCSoomlaEasyNdkBridge.h */,
				372B706BE7C5F64B0FD88ABB /* CCStoreInventory.cpp */,
				372B76EDD209AFBA9972705E /* CCStoreInventory.h */,
				372B7F41E7ED8C72F23EC2CB /* CCSoomlaError.cpp */,
				372B78CB37B4114672E0CBA9 /* CCSoomlaError.h */,
				372B74A560182BDDF48A3B9A /* SoomlaIncludes.h */,
				372B764462841C04E7CF7BD8 /* CCEventHandler.h */,
			);
			name = Soomla;
			path = Classes/Soomla;
			sourceTree = "<group>";
		};
		372B7CCDB3A6D1F79615E870 /* android */ = {
			isa = PBXGroup;
			children = (
			);
			path = android;
			sourceTree = "<group>";
		};
		372B7E5AFD8613624D78C081 /* jansson */ = {
			isa = PBXGroup;
			children = (
				372B708346B8FD9151AA2324 /* utf.c */,
				372B7C62B6A99509E2DA1165 /* utf.h */,
				372B7E3F9775BE67ACDFE57C /* dump.c */,
				372B743657F1B41F8D8600CA /* load.c */,
				372B7CCAD624B4FA6D7C41AF /* error.c */,
				372B72A0E6FCAD8A8901E2C9 /* value.c */,
				372B79862E2F5693ABFD7A20 /* memory.c */,
				372B73E8718BEFD30CA9CA7B /* jansson.h */,
				372B76620B483871973E4D57 /* strconv.c */,
				372B70FC239089B2F7B75DB8 /* hashtable.c */,
				372B715BBE4E7134AD3B86D8 /* hashtable.h */,
				372B71ACE409061C5A7A9370 /* strbuffer.c */,
				372B722A4D93922805CB6CD5 /* strbuffer.h */,
				372B7AEC10AC3E02F0765B46 /* pack_unpack.c */,
				372B7BCD6D0C6D8AE5ACBD97 /* jansson_config.h */,
				372B7C6C0758E7710DF135C2 /* jansson_private.h */,
			);
			name = jansson;
			path = "cocos2dx-store/libs/jansson";
			sourceTree = "<group>";
		};
		372B7E68F221EA738E4D5720 /* data */ = {
			isa = PBXGroup;
			children = (
				372B7ECC62899D11968E8303 /* SoomlaJSONConsts.h */,
				372B7A2FDED4ED795144E1DD /* SoomlaJSONConsts.cpp */,
				372B71583013A4A4C4CECC97 /* CCStoreInfo.cpp */,
				372B7A80C58DD89EA8EBCE7A /* CCStoreInfo.h */,
			);
			path = data;
			sourceTree = "<group>";
		};
		C031BA681635BDBA005F73E3 = {
			isa = PBXGroup;
			children = (
				C0B0436A163C84860015400E /* cocos2dx.xcodeproj */,
				C04C5B091732DDB10081553A /* SoomlaiOSStore */,
				C031BA871635BDBA005F73E3 /* cocos2dx-store */,
				C031BA761635BDBA005F73E3 /* Frameworks */,
				C031BA741635BDBA005F73E3 /* Products */,
				372B7E5AFD8613624D78C081 /* jansson */,
			);
			sourceTree = "<group>";
		};
		C031BA741635BDBA005F73E3 /* Products */ = {
			isa = PBXGroup;
			children = (
				C031BA731635BDBA005F73E3 /* cocos2dx-store.app */,
			);
			name = Products;
			sourceTree = "<group>";
		};
		C031BA761635BDBA005F73E3 /* Frameworks */ = {
			isa = PBXGroup;
			children = (
				C0693092163C87760037E975 /* libxml2.dylib */,
				C0693090163C876C0037E975 /* libz.dylib */,
				C031BE2E1635C720005F73E3 /* Security.framework */,
				C031BE2C1635C71A005F73E3 /* StoreKit.framework */,
				C031BE2A1635C714005F73E3 /* libsqlite3.0.dylib */,
				C031BA771635BDBA005F73E3 /* QuartzCore.framework */,
				C031BA791635BDBA005F73E3 /* OpenGLES.framework */,
				C031BA7B1635BDBA005F73E3 /* OpenAL.framework */,
				C031BA7D1635BDBA005F73E3 /* AudioToolbox.framework */,
				C031BA7F1635BDBA005F73E3 /* AVFoundation.framework */,
				C031BA811635BDBA005F73E3 /* UIKit.framework */,
				C031BA831635BDBA005F73E3 /* Foundation.framework */,
				C031BA851635BDBA005F73E3 /* CoreGraphics.framework */,
			);
			name = Frameworks;
			sourceTree = "<group>";
		};
		C031BA871635BDBA005F73E3 /* cocos2dx-store */ = {
			isa = PBXGroup;
			children = (
				C031BA881635BDBA005F73E3 /* Resources */,
				C031BAA01635BDBA005F73E3 /* ios */,
				C031BD241635BDBD005F73E3 /* Classes */,
				C031BD221635BDBD005F73E3 /* Supporting Files */,
			);
			path = "cocos2dx-store";
			sourceTree = "<group>";
		};
		C031BA881635BDBA005F73E3 /* Resources */ = {
			isa = PBXGroup;
			children = (
				C0E0A855173699530092A33A /* GoodDog.otf */,
				C0B0435C163C83B30015400E /* iphone */,
				C0B0435D163C83B30015400E /* iphonehd */,
				C0B042D6163BFD2B0015400E /* Icon-72.png */,
				C0B042D7163BFD2B0015400E /* Icon-Small-50.png */,
				C0B042D8163BFD2B0015400E /* Icon-Small.png */,
				C0B042D9163BFD2B0015400E /* Icon-Small@2x.png */,
				C0B042DA163BFD2B0015400E /* Icon.png */,
				C0B042DB163BFD2B0015400E /* Icon@2x.png */,
			);
			name = Resources;
			sourceTree = "<group>";
		};
		C031BAA01635BDBA005F73E3 /* ios */ = {
			isa = PBXGroup;
			children = (
				C031BAA11635BDBA005F73E3 /* AppController.h */,
				C031BAA21635BDBA005F73E3 /* AppController.mm */,
				C031BAA41635BDBA005F73E3 /* RootViewController.h */,
				C031BAA51635BDBA005F73E3 /* RootViewController.mm */,
				C031BAA71635BDBA005F73E3 /* main.m */,
				372B758976D78F32593D8D85 /* StoreBridge */,
			);
			name = ios;
			sourceTree = "<group>";
		};
		C031BD221635BDBD005F73E3 /* Supporting Files */ = {
			isa = PBXGroup;
			children = (
				C0B042D4163BFD150015400E /* Info.plist */,
				C0B042D3163BFCB50015400E /* Prefix.pch */,
			);
			name = "Supporting Files";
			sourceTree = "<group>";
		};
		C031BD241635BDBD005F73E3 /* Classes */ = {
			isa = PBXGroup;
			children = (
				C0B042E6163BFE960015400E /* GameMenuItem.cpp */,
				C0B042E7163BFE960015400E /* GameMenuItem.h */,
				C005144B1650216600078EBB /* EventHandler.cpp */,
				C005144C1650216600078EBB /* EventHandler.h */,
				C0B042E9163BFE960015400E /* MainScene.cpp */,
				C0B042EA163BFE960015400E /* MainScene.h */,
				C0B042EC163BFE960015400E /* StoreAScene.cpp */,
				C0B042ED163BFE960015400E /* StoreAScene.h */,
				C0B042EE163BFE960015400E /* StoreBScene.cpp */,
				C0B042EF163BFE960015400E /* StoreBScene.h */,
				C031BD251635BDBD005F73E3 /* AppDelegate.h */,
				C031BD261635BDBD005F73E3 /* AppDelegate.cpp */,
				372B71F0B739DCF5F79FEDEB /* EasyNDK */,
				372B779C13C0CE069BEC3870 /* Soomla */,
				372B73B33EB04ABE24E4C83C /* MuffinRushAssets.cpp */,
				372B7C5061E4A0813607D52C /* MuffinRushAssets.h */,
			);
			name = Classes;
			sourceTree = "<group>";
		};
		C04C5B091732DDB10081553A /* SoomlaiOSStore */ = {
			isa = PBXGroup;
			children = (
				C04C5B0A1732DDB10081553A /* data */,
				C04C5B251732DDB10081553A /* domain */,
				C04C5B421732DDB10081553A /* EventHandling.h */,
				C04C5B431732DDB10081553A /* EventHandling.m */,
				C04C5B441732DDB10081553A /* exceptions */,
				C04C5B4B1732DDB10081553A /* FBEncryptor */,
				C04C5B501732DDB10081553A /* IStoreAsssets.h */,
				C04C5B511732DDB10081553A /* JSON */,
				C04C5B541732DDB10081553A /* PurchaseTypes */,
				C04C5B5B1732DDB10081553A /* SoomlaiOSStore-Prefix.pch */,
				C04C5B5C1732DDB10081553A /* StoreConfig.h */,
				C04C5B5D1732DDB10081553A /* StoreConfig.m */,
				C04C5B5E1732DDB10081553A /* StoreController.h */,
				C04C5B5F1732DDB10081553A /* StoreController.m */,
				C04C5B601732DDB10081553A /* StoreInventory.h */,
				C04C5B611732DDB10081553A /* StoreInventory.m */,
				C04C5B621732DDB10081553A /* StoreUtils.h */,
				C04C5B631732DDB10081553A /* StoreUtils.m */,
				C04C5B641732DDB10081553A /* UIDevice-UUID */,
			);
			name = SoomlaiOSStore;
			path = "submodules/ios-store/SoomlaiOSStore";
			sourceTree = "<group>";
		};
		C04C5B0A1732DDB10081553A /* data */ = {
			isa = PBXGroup;
			children = (
				C04C5B0B1732DDB10081553A /* JSONConsts.h */,
				C04C5B0C1732DDB10081553A /* JSONConsts.m */,
				C04C5B0D1732DDB10081553A /* KeyValDatabase.h */,
				C04C5B0E1732DDB10081553A /* KeyValDatabase.m */,
				C04C5B0F1732DDB10081553A /* KeyValueStorage.h */,
				C04C5B101732DDB10081553A /* KeyValueStorage.m */,
				C04C5B111732DDB10081553A /* NonConsumableStorage.h */,
				C04C5B121732DDB10081553A /* NonConsumableStorage.m */,
				C04C5B131732DDB10081553A /* ObscuredNSUserDefaults.h */,
				C04C5B141732DDB10081553A /* ObscuredNSUserDefaults.m */,
				C04C5B151732DDB10081553A /* StorageManager.h */,
				C04C5B161732DDB10081553A /* StorageManager.m */,
				C04C5B171732DDB10081553A /* StoreDatabase.h */,
				C04C5B181732DDB10081553A /* StoreDatabase.m */,
				C04C5B191732DDB10081553A /* StoreEncryptor.h */,
				C04C5B1A1732DDB10081553A /* StoreEncryptor.m */,
				C04C5B1B1732DDB10081553A /* StorefrontInfo.h */,
				C04C5B1C1732DDB10081553A /* StorefrontInfo.m */,
				C04C5B1D1732DDB10081553A /* StoreInfo.h */,
				C04C5B1E1732DDB10081553A /* StoreInfo.m */,
				C04C5B1F1732DDB10081553A /* VirtualCurrencyStorage.h */,
				C04C5B201732DDB10081553A /* VirtualCurrencyStorage.m */,
				C04C5B211732DDB10081553A /* VirtualGoodStorage.h */,
				C04C5B221732DDB10081553A /* VirtualGoodStorage.m */,
				C04C5B231732DDB10081553A /* VirtualItemStorage.h */,
				C04C5B241732DDB10081553A /* VirtualItemStorage.m */,
			);
			path = data;
			sourceTree = "<group>";
		};
		C04C5B251732DDB10081553A /* domain */ = {
			isa = PBXGroup;
			children = (
				C04C5B261732DDB10081553A /* AppStoreItem.h */,
				C04C5B271732DDB10081553A /* AppStoreItem.m */,
				C04C5B281732DDB10081553A /* NonConsumableItem.h */,
				C04C5B291732DDB10081553A /* NonConsumableItem.m */,
				C04C5B2A1732DDB10081553A /* PurchasableVirtualItem.h */,
				C04C5B2B1732DDB10081553A /* PurchasableVirtualItem.m */,
				C04C5B2C1732DDB10081553A /* VirtualCategory.h */,
				C04C5B2D1732DDB10081553A /* VirtualCategory.m */,
				C04C5B2E1732DDB10081553A /* virtualCurrencies */,
				C04C5B331732DDB10081553A /* virtualGoods */,
				C04C5B401732DDB10081553A /* VirtualItem.h */,
				C04C5B411732DDB10081553A /* VirtualItem.m */,
			);
			path = domain;
			sourceTree = "<group>";
		};
		C04C5B2E1732DDB10081553A /* virtualCurrencies */ = {
			isa = PBXGroup;
			children = (
				C04C5B2F1732DDB10081553A /* VirtualCurrency.h */,
				C04C5B301732DDB10081553A /* VirtualCurrency.m */,
				C04C5B311732DDB10081553A /* VirtualCurrencyPack.h */,
				C04C5B321732DDB10081553A /* VirtualCurrencyPack.m */,
			);
			path = virtualCurrencies;
			sourceTree = "<group>";
		};
		C04C5B331732DDB10081553A /* virtualGoods */ = {
			isa = PBXGroup;
			children = (
				C04C5B341732DDB10081553A /* EquippableVG.h */,
				C04C5B351732DDB10081553A /* EquippableVG.m */,
				C04C5B361732DDB10081553A /* LifetimeVG.h */,
				C04C5B371732DDB10081553A /* LifetimeVG.m */,
				C04C5B381732DDB10081553A /* SingleUsePackVG.h */,
				C04C5B391732DDB10081553A /* SingleUsePackVG.m */,
				C04C5B3A1732DDB10081553A /* SingleUseVG.h */,
				C04C5B3B1732DDB10081553A /* SingleUseVG.m */,
				C04C5B3C1732DDB10081553A /* UpgradeVG.h */,
				C04C5B3D1732DDB10081553A /* UpgradeVG.m */,
				C04C5B3E1732DDB10081553A /* VirtualGood.h */,
				C04C5B3F1732DDB10081553A /* VirtualGood.m */,
			);
			path = virtualGoods;
			sourceTree = "<group>";
		};
		C04C5B441732DDB10081553A /* exceptions */ = {
			isa = PBXGroup;
			children = (
				C04C5B451732DDB10081553A /* InsufficientFundsException.h */,
				C04C5B461732DDB10081553A /* InsufficientFundsException.m */,
				C04C5B471732DDB10081553A /* NotEnoughGoodsException.h */,
				C04C5B481732DDB10081553A /* NotEnoughGoodsException.m */,
				C04C5B491732DDB10081553A /* VirtualItemNotFoundException.h */,
				C04C5B4A1732DDB10081553A /* VirtualItemNotFoundException.m */,
			);
			path = exceptions;
			sourceTree = "<group>";
		};
		C04C5B4B1732DDB10081553A /* FBEncryptor */ = {
			isa = PBXGroup;
			children = (
				C04C5B4C1732DDB10081553A /* FBEncryptorAES.h */,
				C04C5B4D1732DDB10081553A /* FBEncryptorAES.m */,
				C04C5B4E1732DDB10081553A /* NSData-Base64.h */,
				C04C5B4F1732DDB10081553A /* NSData-Base64.m */,
			);
			path = FBEncryptor;
			sourceTree = "<group>";
		};
		C04C5B511732DDB10081553A /* JSON */ = {
			isa = PBXGroup;
			children = (
				C04C5B521732DDB10081553A /* JSONKit.h */,
				C04C5B531732DDB10081553A /* JSONKit.m */,
			);
			path = JSON;
			sourceTree = "<group>";
		};
		C04C5B541732DDB10081553A /* PurchaseTypes */ = {
			isa = PBXGroup;
			children = (
				C04C5B551732DDB10081553A /* PurchaseType.h */,
				C04C5B561732DDB10081553A /* PurchaseType.m */,
				C04C5B571732DDB10081553A /* PurchaseWithMarket.h */,
				C04C5B581732DDB10081553A /* PurchaseWithMarket.m */,
				C04C5B591732DDB10081553A /* PurchaseWithVirtualItem.h */,
				C04C5B5A1732DDB10081553A /* PurchaseWithVirtualItem.m */,
			);
			path = PurchaseTypes;
			sourceTree = "<group>";
		};
		C04C5B641732DDB10081553A /* UIDevice-UUID */ = {
			isa = PBXGroup;
			children = (
				C04C5B651732DDB10081553A /* license */,
				C04C5B661732DDB10081553A /* NSString-MD5Addition.h */,
				C04C5B671732DDB10081553A /* NSString-MD5Addition.m */,
				C04C5B681732DDB10081553A /* UIDevice-IdentifierAddition.h */,
				C04C5B691732DDB10081553A /* UIDevice-IdentifierAddition.m */,
			);
			path = "UIDevice-UUID";
			sourceTree = "<group>";
		};
		C0B0436B163C84860015400E /* Products */ = {
			isa = PBXGroup;
			children = (
				C0B04372163C84860015400E /* libcocos2dx.a */,
			);
			name = Products;
			sourceTree = "<group>";
		};
/* End PBXGroup section */

/* Begin PBXNativeTarget section */
		C031BA721635BDBA005F73E3 /* cocos2dx-store */ = {
			isa = PBXNativeTarget;
			buildConfigurationList = C031BD2D1635BDBD005F73E3 /* Build configuration list for PBXNativeTarget "cocos2dx-store" */;
			buildPhases = (
				C031BA6F1635BDBA005F73E3 /* Sources */,
				C031BA701635BDBA005F73E3 /* Frameworks */,
				C031BA711635BDBA005F73E3 /* Resources */,
			);
			buildRules = (
			);
			dependencies = (
			);
			name = "cocos2dx-store";
			productName = "cocos2dx-store";
			productReference = C031BA731635BDBA005F73E3 /* cocos2dx-store.app */;
			productType = "com.apple.product-type.application";
		};
/* End PBXNativeTarget section */

/* Begin PBXProject section */
		C031BA6A1635BDBA005F73E3 /* Project object */ = {
			isa = PBXProject;
			attributes = {
				LastUpgradeCheck = 0450;
			};
			buildConfigurationList = C031BA6D1635BDBA005F73E3 /* Build configuration list for PBXProject "cocos2dx-store" */;
			compatibilityVersion = "Xcode 3.2";
			developmentRegion = English;
			hasScannedForEncodings = 0;
			knownRegions = (
				en,
			);
			mainGroup = C031BA681635BDBA005F73E3;
			productRefGroup = C031BA741635BDBA005F73E3 /* Products */;
			projectDirPath = "";
			projectReferences = (
				{
					ProductGroup = C0B0436B163C84860015400E /* Products */;
					ProjectRef = C0B0436A163C84860015400E /* cocos2dx.xcodeproj */;
				},
			);
			projectRoot = "";
			targets = (
				C031BA721635BDBA005F73E3 /* cocos2dx-store */,
			);
		};
/* End PBXProject section */

/* Begin PBXReferenceProxy section */
		C0B04372163C84860015400E /* libcocos2dx.a */ = {
			isa = PBXReferenceProxy;
			fileType = archive.ar;
			path = libcocos2dx.a;
			remoteRef = C0B04371163C84860015400E /* PBXContainerItemProxy */;
			sourceTree = BUILT_PRODUCTS_DIR;
		};
/* End PBXReferenceProxy section */

/* Begin PBXResourcesBuildPhase section */
		C031BA711635BDBA005F73E3 /* Resources */ = {
			isa = PBXResourcesBuildPhase;
			buildActionMask = 2147483647;
			files = (
				C0B042DC163BFD2B0015400E /* Icon-72.png in Resources */,
				C0B042DD163BFD2B0015400E /* Icon-Small-50.png in Resources */,
				C0B042DE163BFD2B0015400E /* Icon-Small.png in Resources */,
				C0B042DF163BFD2B0015400E /* Icon-Small@2x.png in Resources */,
				C0B042E0163BFD2B0015400E /* Icon.png in Resources */,
				C0B042E1163BFD2B0015400E /* Icon@2x.png in Resources */,
				C0B0435E163C83B30015400E /* iphone in Resources */,
				C0B0435F163C83B30015400E /* iphonehd in Resources */,
				C04C5B921732DDB10081553A /* license in Resources */,
				C0E0A856173699530092A33A /* GoodDog.otf in Resources */,
			);
			runOnlyForDeploymentPostprocessing = 0;
		};
/* End PBXResourcesBuildPhase section */

/* Begin PBXSourcesBuildPhase section */
		C031BA6F1635BDBA005F73E3 /* Sources */ = {
			isa = PBXSourcesBuildPhase;
			buildActionMask = 2147483647;
			files = (
				C031BAA31635BDBA005F73E3 /* AppController.mm in Sources */,
				C031BAA61635BDBA005F73E3 /* RootViewController.mm in Sources */,
				C031BAA81635BDBA005F73E3 /* main.m in Sources */,
				C031BD271635BDBD005F73E3 /* AppDelegate.cpp in Sources */,
				C0B042F1163BFE960015400E /* GameMenuItem.cpp in Sources */,
				C0B042F2163BFE960015400E /* MainScene.cpp in Sources */,
				C0B042F3163BFE960015400E /* StoreAScene.cpp in Sources */,
				C0B042F4163BFE960015400E /* StoreBScene.cpp in Sources */,
				C005144D1650216600078EBB /* EventHandler.cpp in Sources */,
				C04C5B6A1732DDB10081553A /* JSONConsts.m in Sources */,
				C04C5B6B1732DDB10081553A /* KeyValDatabase.m in Sources */,
				C04C5B6C1732DDB10081553A /* KeyValueStorage.m in Sources */,
				C04C5B6D1732DDB10081553A /* NonConsumableStorage.m in Sources */,
				C04C5B6E1732DDB10081553A /* ObscuredNSUserDefaults.m in Sources */,
				C04C5B6F1732DDB10081553A /* StorageManager.m in Sources */,
				C04C5B701732DDB10081553A /* StoreDatabase.m in Sources */,
				C04C5B711732DDB10081553A /* StoreEncryptor.m in Sources */,
				C04C5B721732DDB10081553A /* StorefrontInfo.m in Sources */,
				C04C5B731732DDB10081553A /* StoreInfo.m in Sources */,
				C04C5B741732DDB10081553A /* VirtualCurrencyStorage.m in Sources */,
				C04C5B751732DDB10081553A /* VirtualGoodStorage.m in Sources */,
				C04C5B761732DDB10081553A /* VirtualItemStorage.m in Sources */,
				C04C5B771732DDB10081553A /* AppStoreItem.m in Sources */,
				C04C5B781732DDB10081553A /* NonConsumableItem.m in Sources */,
				C04C5B791732DDB10081553A /* PurchasableVirtualItem.m in Sources */,
				C04C5B7A1732DDB10081553A /* VirtualCategory.m in Sources */,
				C04C5B7B1732DDB10081553A /* VirtualCurrency.m in Sources */,
				C04C5B7C1732DDB10081553A /* VirtualCurrencyPack.m in Sources */,
				C04C5B7D1732DDB10081553A /* EquippableVG.m in Sources */,
				C04C5B7E1732DDB10081553A /* LifetimeVG.m in Sources */,
				C04C5B7F1732DDB10081553A /* SingleUsePackVG.m in Sources */,
				C04C5B801732DDB10081553A /* SingleUseVG.m in Sources */,
				C04C5B811732DDB10081553A /* UpgradeVG.m in Sources */,
				C04C5B821732DDB10081553A /* VirtualGood.m in Sources */,
				C04C5B831732DDB10081553A /* VirtualItem.m in Sources */,
				C04C5B841732DDB10081553A /* EventHandling.m in Sources */,
				C04C5B851732DDB10081553A /* InsufficientFundsException.m in Sources */,
				C04C5B861732DDB10081553A /* NotEnoughGoodsException.m in Sources */,
				C04C5B871732DDB10081553A /* VirtualItemNotFoundException.m in Sources */,
				C04C5B881732DDB10081553A /* FBEncryptorAES.m in Sources */,
				C04C5B891732DDB10081553A /* NSData-Base64.m in Sources */,
				C04C5B8A1732DDB10081553A /* JSONKit.m in Sources */,
				C04C5B8B1732DDB10081553A /* PurchaseType.m in Sources */,
				C04C5B8C1732DDB10081553A /* PurchaseWithMarket.m in Sources */,
				C04C5B8D1732DDB10081553A /* PurchaseWithVirtualItem.m in Sources */,
				C04C5B8E1732DDB10081553A /* StoreConfig.m in Sources */,
				C04C5B8F1732DDB10081553A /* StoreController.m in Sources */,
				C04C5B901732DDB10081553A /* StoreInventory.m in Sources */,
				C04C5B911732DDB10081553A /* StoreUtils.m in Sources */,
				C04C5B931732DDB10081553A /* NSString-MD5Addition.m in Sources */,
				C04C5B941732DDB10081553A /* UIDevice-IdentifierAddition.m in Sources */,
				372B73A6EB3FEFD24F885D36 /* utf.c in Sources */,
				372B7587C2E100D7A3BD8B9F /* dump.c in Sources */,
				372B75386F26351ADF6BDA67 /* load.c in Sources */,
				372B74EC6E0661D71B4637B3 /* error.c in Sources */,
				372B771054723FF7527B5F24 /* value.c in Sources */,
				372B7D64ADD491BDB5E57F8F /* memory.c in Sources */,
				372B7BCF5506D30C6BEBEB20 /* strconv.c in Sources */,
				372B701168963319EC16E9D2 /* hashtable.c in Sources */,
				372B7B95ABE82CF802F27444 /* strbuffer.c in Sources */,
				372B766C529B4A83DCCB0758 /* pack_unpack.c in Sources */,
				372B7D2F196234984B0D6401 /* IOSNDKHelper.mm in Sources */,
				372B7F571C3629CB26D24A26 /* NDKHelper.cpp in Sources */,
				372B7BF4BFBE6B5F135ACF3D /* NDKCallbackData.cpp in Sources */,
				372B7913D105B3D5F25C7C5C /* SoomlaJSONConsts.cpp in Sources */,
				372B73E2C09EADAE8994CC96 /* CCLifetimeVG.cpp in Sources */,
				372B7BE50D97755D060D5701 /* CCUpgradeVG.cpp in Sources */,
				372B79114594687C9BA76559 /* CCSingleUseVG.cpp in Sources */,
				372B726CAA3E08069A7ACDCB /* CCVirtualGood.cpp in Sources */,
				372B725151168A447C4D6AD5 /* CCEquippableVG.cpp in Sources */,
				372B7D73FEFF5BBB60EE140D /* CCSingleUsePackVG.cpp in Sources */,
				372B7C5C38EB3878F6F95C8C /* CCMarketItem.cpp in Sources */,
				372B7118EEC8CD8D5D81CE43 /* CCVirtualItem.cpp in Sources */,
				372B7E5CCF09EE9CBA9970E2 /* CCVirtualCurrency.cpp in Sources */,
				372B7EB5154E9163F4C7FE28 /* CCVirtualCurrencyPack.cpp in Sources */,
				372B7ED44DAF0A11495D7071 /* CCVirtualCategory.cpp in Sources */,
				372B7385C42149AD7CB606D6 /* CCNonConsumableItem.cpp in Sources */,
				372B734CECC1EDBF0F82FD82 /* CCPurchasableVirtualItem.cpp in Sources */,
				372B7C3B363269BCD95529A4 /* CCPurchaseType.cpp in Sources */,
				372B7A43F92C58D18FE4EFF4 /* CCPurchaseWithMarket.cpp in Sources */,
				372B76712DECDD8ACC937459 /* CCPurchaseWithVirtualItem.cpp in Sources */,
				372B751DFD5330306281E4B2 /* CCSoomla.cpp in Sources */,
				372B7C00BCC34D0FA1A034D2 /* CCStoreController.cpp in Sources */,
				372B7393EE20708946AFC330 /* CCStoreUtils.cpp in Sources */,
				372B7006DE6C0190DBF63A2A /* CCSoomlaEasyNdkBridge.cpp in Sources */,
				372B7964A6FF3C5A6FD034AB /* CCStoreInventory.cpp in Sources */,
				372B7FA2DE85E0039F2E84BC /* CCSoomlaError.cpp in Sources */,
				372B743E8CBD1861835683C2 /* CCStoreInfo.cpp in Sources */,
				372B766405623753A2E5355C /* StoreAssetsBridge.mm in Sources */,
				372B70E761FC7DF6944744A0 /* StoreInfoBridge.mm in Sources */,
				372B786BF6385AE38B3B52D3 /* StoreInventoryBridge.mm in Sources */,
				372B7B6C0AE9C0F44C0EF21B /* StoreControllerBridge.mm in Sources */,
				372B7B98037D4EBE8C9CCB78 /* SoomlaEasyNDKGlue.mm in Sources */,
				372B79F5BCF3271BD19F9A78 /* EventDispatcherBridge.mm in Sources */,
				372B799410E2B073A0E395F4 /* MuffinRushAssets.cpp in Sources */,
			);
			runOnlyForDeploymentPostprocessing = 0;
		};
/* End PBXSourcesBuildPhase section */

/* Begin XCBuildConfiguration section */
		C031BD2B1635BDBD005F73E3 /* Debug */ = {
			isa = XCBuildConfiguration;
			buildSettings = {
				ARCHS = "$(ARCHS_STANDARD_32_BIT)";
				"CODE_SIGN_IDENTITY[sdk=iphoneos*]" = "iPhone Developer";
				GCC_C_LANGUAGE_STANDARD = gnu99;
				GCC_OPTIMIZATION_LEVEL = 0;
				GCC_PREPROCESSOR_DEFINITIONS = (
					DEBUG,
					"COCOS2D_DEBUG=1",
					USE_FILE32API,
					TARGET_OS_IPHONE,
				);
				GCC_SYMBOLS_PRIVATE_EXTERN = NO;
				GCC_WARN_ABOUT_RETURN_TYPE = YES;
				GCC_WARN_UNUSED_VARIABLE = YES;
				HEADER_SEARCH_PATHS = (
					"\"$(PROJECT_NAME)/libs/cocos2dx/kazmath/include\"",
					"\"$(PROJECT_NAME)/libs/cocos2dx\"",
					"\"$(PROJECT_NAME)/libs/CocosDenshion/include\"",
					"\"$(SDKROOT)/usr/include/libxml2\"",
					"\"$(PROJECT_NAME)/libs/cocos2dx/include\"",
					"\"$(PROJECT_NAME)/libs/cocos2dx/platform/third_party/ios\"",
					"\"$(PROJECT_NAME)/libs/cocos2dx/platform/ios\"",
				);
				IPHONEOS_DEPLOYMENT_TARGET = 6.0;
				SDKROOT = iphoneos;
			};
			name = Debug;
		};
		C031BD2C1635BDBD005F73E3 /* Release */ = {
			isa = XCBuildConfiguration;
			buildSettings = {
				ARCHS = "$(ARCHS_STANDARD_32_BIT)";
				"CODE_SIGN_IDENTITY[sdk=iphoneos*]" = "iPhone Developer";
				GCC_C_LANGUAGE_STANDARD = gnu99;
				GCC_PREPROCESSOR_DEFINITIONS = (
					NDEBUG,
					USE_FILE32API,
					TARGET_OS_IPHONE,
				);
				GCC_WARN_ABOUT_RETURN_TYPE = YES;
				GCC_WARN_UNUSED_VARIABLE = YES;
				HEADER_SEARCH_PATHS = (
					"\"$(PROJECT_NAME)/libs/cocos2dx/kazmath/include\"",
					"\"$(PROJECT_NAME)/libs/cocos2dx\"",
					"\"$(PROJECT_NAME)/libs/CocosDenshion/include\"",
					"\"$(SDKROOT)/usr/include/libxml2\"",
					"\"$(PROJECT_NAME)/libs/cocos2dx/include\"",
					"\"$(PROJECT_NAME)/libs/cocos2dx/platform/third_party/ios\"",
					"\"$(PROJECT_NAME)/libs/cocos2dx/platform/ios\"",
				);
				IPHONEOS_DEPLOYMENT_TARGET = 6.0;
				OTHER_CFLAGS = "-DNS_BLOCK_ASSERTIONS=1";
				SDKROOT = iphoneos;
			};
			name = Release;
		};
		C031BD2E1635BDBD005F73E3 /* Debug */ = {
			isa = XCBuildConfiguration;
			buildSettings = {
				ALWAYS_SEARCH_USER_PATHS = NO;
				COPY_PHASE_STRIP = NO;
				GCC_DYNAMIC_NO_PIC = NO;
				GCC_INLINES_ARE_PRIVATE_EXTERN = NO;
				GCC_PRECOMPILE_PREFIX_HEADER = YES;
				GCC_PREFIX_HEADER = "cocos2dx-store/Prefix.pch";
				GCC_PREPROCESSOR_DEFINITIONS = (
					COCOS2D_JAVASCRIPT,
					USE_FILE32API,
					CC_TARGET_OS_IPHONE,
					"COCOS2D_DEBUG=1",
				);
				HEADER_SEARCH_PATHS = (
					"\"$(PROJECT_NAME)/libs/cocos2dx/kazmath/include\"",
					"\"$(PROJECT_NAME)/libs/cocos2dx\"",
					"\"$(SDKROOT)/usr/include/libxml2\"",
					"\"$(PROJECT_NAME)/libs/cocos2dx/include\"",
					"\"$(PROJECT_NAME)/libs/cocos2dx/platform/ios\"",
				);
				INFOPLIST_FILE = "cocos2dx-store/ios/Resources/Info.plist";
				IPHONEOS_DEPLOYMENT_TARGET = 4.3;
				LIBRARY_SEARCH_PATHS = "$(inherited)";
				ONLY_ACTIVE_ARCH = NO;
				OTHER_LDFLAGS = "";
				PRODUCT_NAME = "$(TARGET_NAME)";
				TARGETED_DEVICE_FAMILY = "1,2";
				VALID_ARCHS = "armv6 armv7 i386 armv7s";
				WRAPPER_EXTENSION = app;
			};
			name = Debug;
		};
		C031BD2F1635BDBD005F73E3 /* Release */ = {
			isa = XCBuildConfiguration;
			buildSettings = {
				ALWAYS_SEARCH_USER_PATHS = NO;
				COPY_PHASE_STRIP = YES;
				GCC_INLINES_ARE_PRIVATE_EXTERN = NO;
				GCC_PRECOMPILE_PREFIX_HEADER = YES;
				GCC_PREFIX_HEADER = "cocos2dx-store/Prefix.pch";
				GCC_PREPROCESSOR_DEFINITIONS = (
					NDEBUG,
					USE_FILE32API,
					TARGET_OS_IPHONE,
				);
				GCC_SYMBOLS_PRIVATE_EXTERN = NO;
				HEADER_SEARCH_PATHS = (
					"\"$(PROJECT_NAME)/libs/cocos2dx/kazmath/include\"",
					"\"$(PROJECT_NAME)/libs/cocos2dx\"",
					"\"$(SDKROOT)/usr/include/libxml2\"",
					"\"$(PROJECT_NAME)/libs/cocos2dx/include\"",
					"\"$(PROJECT_NAME)/libs/cocos2dx/platform/ios\"",
				);
				INFOPLIST_FILE = "cocos2dx-store/ios/Resources/Info.plist";
				IPHONEOS_DEPLOYMENT_TARGET = 4.3;
				LIBRARY_SEARCH_PATHS = "$(inherited)";
				ONLY_ACTIVE_ARCH = NO;
				OTHER_LDFLAGS = "";
				PRODUCT_NAME = "$(TARGET_NAME)";
				TARGETED_DEVICE_FAMILY = "1,2";
				VALIDATE_PRODUCT = YES;
				VALID_ARCHS = "armv6 armv7 i386 armv7s";
				WRAPPER_EXTENSION = app;
			};
			name = Release;
		};
/* End XCBuildConfiguration section */

/* Begin XCConfigurationList section */
		C031BA6D1635BDBA005F73E3 /* Build configuration list for PBXProject "cocos2dx-store" */ = {
			isa = XCConfigurationList;
			buildConfigurations = (
				C031BD2B1635BDBD005F73E3 /* Debug */,
				C031BD2C1635BDBD005F73E3 /* Release */,
			);
			defaultConfigurationIsVisible = 0;
			defaultConfigurationName = Release;
		};
		C031BD2D1635BDBD005F73E3 /* Build configuration list for PBXNativeTarget "cocos2dx-store" */ = {
			isa = XCConfigurationList;
			buildConfigurations = (
				C031BD2E1635BDBD005F73E3 /* Debug */,
				C031BD2F1635BDBD005F73E3 /* Release */,
			);
			defaultConfigurationIsVisible = 0;
			defaultConfigurationName = Release;
		};
/* End XCConfigurationList section */
	};
	rootObject = C031BA6A1635BDBA005F73E3 /* Project object */;
}
