// !$*UTF8*$!
{
	archiveVersion = 1;
	classes = {
	};
	objectVersion = 46;
	objects = {

/* Begin PBXBuildFile section */
		C005144D1650216600078EBB /* EventHandler.cpp in Sources */ = {isa = PBXBuildFile; fileRef = C005144B1650216600078EBB /* EventHandler.cpp */; };
		C00514501650217300078EBB /* cocos2dx_EventHandlers.cpp in Sources */ = {isa = PBXBuildFile; fileRef = C005144E1650217300078EBB /* cocos2dx_EventHandlers.cpp */; };
		C031BA781635BDBA005F73E3 /* QuartzCore.framework in Frameworks */ = {isa = PBXBuildFile; fileRef = C031BA771635BDBA005F73E3 /* QuartzCore.framework */; };
		C031BA7A1635BDBA005F73E3 /* OpenGLES.framework in Frameworks */ = {isa = PBXBuildFile; fileRef = C031BA791635BDBA005F73E3 /* OpenGLES.framework */; };
		C031BA7C1635BDBA005F73E3 /* OpenAL.framework in Frameworks */ = {isa = PBXBuildFile; fileRef = C031BA7B1635BDBA005F73E3 /* OpenAL.framework */; };
		C031BA7E1635BDBA005F73E3 /* AudioToolbox.framework in Frameworks */ = {isa = PBXBuildFile; fileRef = C031BA7D1635BDBA005F73E3 /* AudioToolbox.framework */; };
		C031BA801635BDBA005F73E3 /* AVFoundation.framework in Frameworks */ = {isa = PBXBuildFile; fileRef = C031BA7F1635BDBA005F73E3 /* AVFoundation.framework */; };
		C031BA821635BDBA005F73E3 /* UIKit.framework in Frameworks */ = {isa = PBXBuildFile; fileRef = C031BA811635BDBA005F73E3 /* UIKit.framework */; };
		C031BA841635BDBA005F73E3 /* Foundation.framework in Frameworks */ = {isa = PBXBuildFile; fileRef = C031BA831635BDBA005F73E3 /* Foundation.framework */; };
		C031BA861635BDBA005F73E3 /* CoreGraphics.framework in Frameworks */ = {isa = PBXBuildFile; fileRef = C031BA851635BDBA005F73E3 /* CoreGraphics.framework */; };
		C031BAA31635BDBA005F73E3 /* AppController.mm in Sources */ = {isa = PBXBuildFile; fileRef = C031BAA21635BDBA005F73E3 /* AppController.mm */; };
		C031BAA61635BDBA005F73E3 /* RootViewController.mm in Sources */ = {isa = PBXBuildFile; fileRef = C031BAA51635BDBA005F73E3 /* RootViewController.mm */; };
		C031BAA81635BDBA005F73E3 /* main.m in Sources */ = {isa = PBXBuildFile; fileRef = C031BAA71635BDBA005F73E3 /* main.m */; };
		C031BD271635BDBD005F73E3 /* AppDelegate.cpp in Sources */ = {isa = PBXBuildFile; fileRef = C031BD261635BDBD005F73E3 /* AppDelegate.cpp */; };
		C031BD481635C4C7005F73E3 /* cocos2dx_StoreController.mm in Sources */ = {isa = PBXBuildFile; fileRef = C031BD471635C4C7005F73E3 /* cocos2dx_StoreController.mm */; };
		C031BE2B1635C714005F73E3 /* libsqlite3.0.dylib in Frameworks */ = {isa = PBXBuildFile; fileRef = C031BE2A1635C714005F73E3 /* libsqlite3.0.dylib */; };
		C031BE2D1635C71A005F73E3 /* StoreKit.framework in Frameworks */ = {isa = PBXBuildFile; fileRef = C031BE2C1635C71A005F73E3 /* StoreKit.framework */; };
		C031BE2F1635C720005F73E3 /* Security.framework in Frameworks */ = {isa = PBXBuildFile; fileRef = C031BE2E1635C720005F73E3 /* Security.framework */; };
		C069308F163C86D60037E975 /* libcocos2dx.a in Frameworks */ = {isa = PBXBuildFile; fileRef = C0B04372163C84860015400E /* libcocos2dx.a */; };
		C0693091163C876C0037E975 /* libz.dylib in Frameworks */ = {isa = PBXBuildFile; fileRef = C0693090163C876C0037E975 /* libz.dylib */; };
		C0693093163C87760037E975 /* libxml2.dylib in Frameworks */ = {isa = PBXBuildFile; fileRef = C0693092163C87760037E975 /* libxml2.dylib */; };
		C06930A1163D86E30037E975 /* cocos2dx_StoreInfo.mm in Sources */ = {isa = PBXBuildFile; fileRef = C06930A0163D86E30037E975 /* cocos2dx_StoreInfo.mm */; };
		C0B042DC163BFD2B0015400E /* Icon-72.png in Resources */ = {isa = PBXBuildFile; fileRef = C0B042D6163BFD2B0015400E /* Icon-72.png */; };
		C0B042DD163BFD2B0015400E /* Icon-Small-50.png in Resources */ = {isa = PBXBuildFile; fileRef = C0B042D7163BFD2B0015400E /* Icon-Small-50.png */; };
		C0B042DE163BFD2B0015400E /* Icon-Small.png in Resources */ = {isa = PBXBuildFile; fileRef = C0B042D8163BFD2B0015400E /* Icon-Small.png */; };
		C0B042DF163BFD2B0015400E /* Icon-Small@2x.png in Resources */ = {isa = PBXBuildFile; fileRef = C0B042D9163BFD2B0015400E /* Icon-Small@2x.png */; };
		C0B042E0163BFD2B0015400E /* Icon.png in Resources */ = {isa = PBXBuildFile; fileRef = C0B042DA163BFD2B0015400E /* Icon.png */; };
		C0B042E1163BFD2B0015400E /* Icon@2x.png in Resources */ = {isa = PBXBuildFile; fileRef = C0B042DB163BFD2B0015400E /* Icon@2x.png */; };
		C0B042F1163BFE960015400E /* GameMenuItem.cpp in Sources */ = {isa = PBXBuildFile; fileRef = C0B042E6163BFE960015400E /* GameMenuItem.cpp */; };
		C0B042F2163BFE960015400E /* MainScene.cpp in Sources */ = {isa = PBXBuildFile; fileRef = C0B042E9163BFE960015400E /* MainScene.cpp */; };
		C0B042F3163BFE960015400E /* StoreAScene.cpp in Sources */ = {isa = PBXBuildFile; fileRef = C0B042EC163BFE960015400E /* StoreAScene.cpp */; };
		C0B042F4163BFE960015400E /* StoreBScene.cpp in Sources */ = {isa = PBXBuildFile; fileRef = C0B042EE163BFE960015400E /* StoreBScene.cpp */; };
		C0B04308163C59700015400E /* iOSHelper.mm in Sources */ = {isa = PBXBuildFile; fileRef = C0B04306163C59700015400E /* iOSHelper.mm */; };
		C0B04310163C5DDE0015400E /* MuffinRushAssets.m in Sources */ = {isa = PBXBuildFile; fileRef = C0B0430F163C5DDE0015400E /* MuffinRushAssets.m */; };
		C0B0431B163C7B250015400E /* cocos2dx_StoreInventory.mm in Sources */ = {isa = PBXBuildFile; fileRef = C0B0431A163C7B250015400E /* cocos2dx_StoreInventory.mm */; };
		C0B0435E163C83B30015400E /* iphone in Resources */ = {isa = PBXBuildFile; fileRef = C0B0435C163C83B30015400E /* iphone */; };
		C0B0435F163C83B30015400E /* iphonehd in Resources */ = {isa = PBXBuildFile; fileRef = C0B0435D163C83B30015400E /* iphonehd */; };
		C0C5F86D167CDF0900620409 /* JSONConsts.m in Sources */ = {isa = PBXBuildFile; fileRef = C0C5F82A167CDF0900620409 /* JSONConsts.m */; };
		C0C5F86E167CDF0900620409 /* NonConsumableStorage.m in Sources */ = {isa = PBXBuildFile; fileRef = C0C5F82C167CDF0900620409 /* NonConsumableStorage.m */; };
		C0C5F86F167CDF0900620409 /* StorageManager.m in Sources */ = {isa = PBXBuildFile; fileRef = C0C5F82E167CDF0900620409 /* StorageManager.m */; };
		C0C5F870167CDF0900620409 /* StoreDatabase.m in Sources */ = {isa = PBXBuildFile; fileRef = C0C5F830167CDF0900620409 /* StoreDatabase.m */; };
		C0C5F871167CDF0900620409 /* StoreEncryptor.m in Sources */ = {isa = PBXBuildFile; fileRef = C0C5F832167CDF0900620409 /* StoreEncryptor.m */; };
		C0C5F872167CDF0900620409 /* StorefrontInfo.m in Sources */ = {isa = PBXBuildFile; fileRef = C0C5F834167CDF0900620409 /* StorefrontInfo.m */; };
		C0C5F873167CDF0900620409 /* StoreInfo.m in Sources */ = {isa = PBXBuildFile; fileRef = C0C5F836167CDF0900620409 /* StoreInfo.m */; };
		C0C5F874167CDF0900620409 /* VirtualCurrencyStorage.m in Sources */ = {isa = PBXBuildFile; fileRef = C0C5F838167CDF0900620409 /* VirtualCurrencyStorage.m */; };
		C0C5F875167CDF0900620409 /* VirtualGoodStorage.m in Sources */ = {isa = PBXBuildFile; fileRef = C0C5F83A167CDF0900620409 /* VirtualGoodStorage.m */; };
		C0C5F876167CDF0900620409 /* AppStoreItem.m in Sources */ = {isa = PBXBuildFile; fileRef = C0C5F83E167CDF0900620409 /* AppStoreItem.m */; };
		C0C5F877167CDF0900620409 /* BalanceDrivenPriceModel.m in Sources */ = {isa = PBXBuildFile; fileRef = C0C5F840167CDF0900620409 /* BalanceDrivenPriceModel.m */; };
		C0C5F878167CDF0900620409 /* PriceModel.m in Sources */ = {isa = PBXBuildFile; fileRef = C0C5F842167CDF0900620409 /* PriceModel.m */; };
		C0C5F879167CDF0900620409 /* StaticPriceModel.m in Sources */ = {isa = PBXBuildFile; fileRef = C0C5F844167CDF0900620409 /* StaticPriceModel.m */; };
		C0C5F87A167CDF0900620409 /* VirtualCategory.m in Sources */ = {isa = PBXBuildFile; fileRef = C0C5F846167CDF0900620409 /* VirtualCategory.m */; };
		C0C5F87B167CDF0900620409 /* VirtualCurrency.m in Sources */ = {isa = PBXBuildFile; fileRef = C0C5F848167CDF0900620409 /* VirtualCurrency.m */; };
		C0C5F87C167CDF0900620409 /* VirtualCurrencyPack.m in Sources */ = {isa = PBXBuildFile; fileRef = C0C5F84A167CDF0900620409 /* VirtualCurrencyPack.m */; };
		C0C5F87D167CDF0900620409 /* VirtualGood.m in Sources */ = {isa = PBXBuildFile; fileRef = C0C5F84C167CDF0900620409 /* VirtualGood.m */; };
		C0C5F87E167CDF0900620409 /* VirtualItem.m in Sources */ = {isa = PBXBuildFile; fileRef = C0C5F84E167CDF0900620409 /* VirtualItem.m */; };
		C0C5F87F167CDF0900620409 /* EventHandling.m in Sources */ = {isa = PBXBuildFile; fileRef = C0C5F850167CDF0900620409 /* EventHandling.m */; };
		C0C5F880167CDF0900620409 /* InsufficientFundsException.m in Sources */ = {isa = PBXBuildFile; fileRef = C0C5F853167CDF0900620409 /* InsufficientFundsException.m */; };
		C0C5F881167CDF0900620409 /* NotEnoughGoodsException.m in Sources */ = {isa = PBXBuildFile; fileRef = C0C5F855167CDF0900620409 /* NotEnoughGoodsException.m */; };
		C0C5F882167CDF0900620409 /* VirtualItemNotFoundException.m in Sources */ = {isa = PBXBuildFile; fileRef = C0C5F857167CDF0900620409 /* VirtualItemNotFoundException.m */; };
		C0C5F883167CDF0900620409 /* FBEncryptorAES.m in Sources */ = {isa = PBXBuildFile; fileRef = C0C5F85A167CDF0900620409 /* FBEncryptorAES.m */; };
		C0C5F885167CDF0900620409 /* JSONKit.m in Sources */ = {isa = PBXBuildFile; fileRef = C0C5F860167CDF0900620409 /* JSONKit.m */; };
		C0C5F886167CDF0900620409 /* StoreConfig.m in Sources */ = {isa = PBXBuildFile; fileRef = C0C5F863167CDF0900620409 /* StoreConfig.m */; };
		C0C5F887167CDF0900620409 /* StoreController.m in Sources */ = {isa = PBXBuildFile; fileRef = C0C5F865167CDF0900620409 /* StoreController.m */; };
		C0C5F888167CDF0900620409 /* StoreInventory.m in Sources */ = {isa = PBXBuildFile; fileRef = C0C5F867167CDF0900620409 /* StoreInventory.m */; };
		C0EFC96E168B7ED300948037 /* NSString-MD5Addition.m in Sources */ = {isa = PBXBuildFile; fileRef = C0EFC96B168B7ED300948037 /* NSString-MD5Addition.m */; };
		C0EFC96F168B7ED300948037 /* UIDevice-IdentifierAddition.m in Sources */ = {isa = PBXBuildFile; fileRef = C0EFC96D168B7ED300948037 /* UIDevice-IdentifierAddition.m */; };
		C0EFC972168B7EE000948037 /* NSData-Base64.m in Sources */ = {isa = PBXBuildFile; fileRef = C0EFC971168B7EE000948037 /* NSData-Base64.m */; };
		C0EFC975168B7F0500948037 /* ObscuredNSUserDefaults.m in Sources */ = {isa = PBXBuildFile; fileRef = C0EFC974168B7F0500948037 /* ObscuredNSUserDefaults.m */; };
/* End PBXBuildFile section */

/* Begin PBXContainerItemProxy section */
		C0B04371163C84860015400E /* PBXContainerItemProxy */ = {
			isa = PBXContainerItemProxy;
			containerPortal = C0B0436A163C84860015400E /* cocos2dx.xcodeproj */;
			proxyType = 2;
			remoteGlobalIDString = 1551A33F158F2AB200E66CFE;
			remoteInfo = cocos2dx;
		};
/* End PBXContainerItemProxy section */

/* Begin PBXFileReference section */
		C005144B1650216600078EBB /* EventHandler.cpp */ = {isa = PBXFileReference; fileEncoding = 4; lastKnownFileType = sourcecode.cpp.cpp; name = EventHandler.cpp; path = Classes/EventHandler.cpp; sourceTree = "<group>"; };
		C005144C1650216600078EBB /* EventHandler.h */ = {isa = PBXFileReference; fileEncoding = 4; lastKnownFileType = sourcecode.c.h; name = EventHandler.h; path = Classes/EventHandler.h; sourceTree = "<group>"; };
		C005144E1650217300078EBB /* cocos2dx_EventHandlers.cpp */ = {isa = PBXFileReference; fileEncoding = 4; lastKnownFileType = sourcecode.cpp.cpp; path = cocos2dx_EventHandlers.cpp; sourceTree = "<group>"; };
		C005144F1650217300078EBB /* cocos2dx_EventHandlers.h */ = {isa = PBXFileReference; fileEncoding = 4; lastKnownFileType = sourcecode.c.h; path = cocos2dx_EventHandlers.h; sourceTree = "<group>"; };
		C031BA731635BDBA005F73E3 /* cocos2dx-store.app */ = {isa = PBXFileReference; explicitFileType = wrapper.application; includeInIndex = 0; path = "cocos2dx-store.app"; sourceTree = BUILT_PRODUCTS_DIR; };
		C031BA771635BDBA005F73E3 /* QuartzCore.framework */ = {isa = PBXFileReference; lastKnownFileType = wrapper.framework; name = QuartzCore.framework; path = System/Library/Frameworks/QuartzCore.framework; sourceTree = SDKROOT; };
		C031BA791635BDBA005F73E3 /* OpenGLES.framework */ = {isa = PBXFileReference; lastKnownFileType = wrapper.framework; name = OpenGLES.framework; path = System/Library/Frameworks/OpenGLES.framework; sourceTree = SDKROOT; };
		C031BA7B1635BDBA005F73E3 /* OpenAL.framework */ = {isa = PBXFileReference; lastKnownFileType = wrapper.framework; name = OpenAL.framework; path = System/Library/Frameworks/OpenAL.framework; sourceTree = SDKROOT; };
		C031BA7D1635BDBA005F73E3 /* AudioToolbox.framework */ = {isa = PBXFileReference; lastKnownFileType = wrapper.framework; name = AudioToolbox.framework; path = System/Library/Frameworks/AudioToolbox.framework; sourceTree = SDKROOT; };
		C031BA7F1635BDBA005F73E3 /* AVFoundation.framework */ = {isa = PBXFileReference; lastKnownFileType = wrapper.framework; name = AVFoundation.framework; path = System/Library/Frameworks/AVFoundation.framework; sourceTree = SDKROOT; };
		C031BA811635BDBA005F73E3 /* UIKit.framework */ = {isa = PBXFileReference; lastKnownFileType = wrapper.framework; name = UIKit.framework; path = System/Library/Frameworks/UIKit.framework; sourceTree = SDKROOT; };
		C031BA831635BDBA005F73E3 /* Foundation.framework */ = {isa = PBXFileReference; lastKnownFileType = wrapper.framework; name = Foundation.framework; path = System/Library/Frameworks/Foundation.framework; sourceTree = SDKROOT; };
		C031BA851635BDBA005F73E3 /* CoreGraphics.framework */ = {isa = PBXFileReference; lastKnownFileType = wrapper.framework; name = CoreGraphics.framework; path = System/Library/Frameworks/CoreGraphics.framework; sourceTree = SDKROOT; };
		C031BAA11635BDBA005F73E3 /* AppController.h */ = {isa = PBXFileReference; lastKnownFileType = sourcecode.c.h; name = AppController.h; path = ios/AppController.h; sourceTree = "<group>"; };
		C031BAA21635BDBA005F73E3 /* AppController.mm */ = {isa = PBXFileReference; lastKnownFileType = sourcecode.cpp.objcpp; name = AppController.mm; path = ios/AppController.mm; sourceTree = "<group>"; };
		C031BAA41635BDBA005F73E3 /* RootViewController.h */ = {isa = PBXFileReference; lastKnownFileType = sourcecode.c.h; name = RootViewController.h; path = ios/RootViewController.h; sourceTree = "<group>"; };
		C031BAA51635BDBA005F73E3 /* RootViewController.mm */ = {isa = PBXFileReference; lastKnownFileType = sourcecode.cpp.objcpp; name = RootViewController.mm; path = ios/RootViewController.mm; sourceTree = "<group>"; };
		C031BAA71635BDBA005F73E3 /* main.m */ = {isa = PBXFileReference; lastKnownFileType = sourcecode.c.objc; name = main.m; path = ios/main.m; sourceTree = "<group>"; };
		C031BD251635BDBD005F73E3 /* AppDelegate.h */ = {isa = PBXFileReference; lastKnownFileType = sourcecode.c.h; name = AppDelegate.h; path = Classes/AppDelegate.h; sourceTree = "<group>"; };
		C031BD261635BDBD005F73E3 /* AppDelegate.cpp */ = {isa = PBXFileReference; lastKnownFileType = sourcecode.cpp.cpp; name = AppDelegate.cpp; path = Classes/AppDelegate.cpp; sourceTree = "<group>"; };
		C031BD471635C4C7005F73E3 /* cocos2dx_StoreController.mm */ = {isa = PBXFileReference; fileEncoding = 4; lastKnownFileType = sourcecode.cpp.objcpp; name = cocos2dx_StoreController.mm; path = ios/cocos2dx_StoreController.mm; sourceTree = "<group>"; };
		C031BE2A1635C714005F73E3 /* libsqlite3.0.dylib */ = {isa = PBXFileReference; lastKnownFileType = "compiled.mach-o.dylib"; name = libsqlite3.0.dylib; path = usr/lib/libsqlite3.0.dylib; sourceTree = SDKROOT; };
		C031BE2C1635C71A005F73E3 /* StoreKit.framework */ = {isa = PBXFileReference; lastKnownFileType = wrapper.framework; name = StoreKit.framework; path = System/Library/Frameworks/StoreKit.framework; sourceTree = SDKROOT; };
		C031BE2E1635C720005F73E3 /* Security.framework */ = {isa = PBXFileReference; lastKnownFileType = wrapper.framework; name = Security.framework; path = System/Library/Frameworks/Security.framework; sourceTree = SDKROOT; };
		C0693090163C876C0037E975 /* libz.dylib */ = {isa = PBXFileReference; lastKnownFileType = "compiled.mach-o.dylib"; name = libz.dylib; path = usr/lib/libz.dylib; sourceTree = SDKROOT; };
		C0693092163C87760037E975 /* libxml2.dylib */ = {isa = PBXFileReference; lastKnownFileType = "compiled.mach-o.dylib"; name = libxml2.dylib; path = usr/lib/libxml2.dylib; sourceTree = SDKROOT; };
		C06930A0163D86E30037E975 /* cocos2dx_StoreInfo.mm */ = {isa = PBXFileReference; fileEncoding = 4; lastKnownFileType = sourcecode.cpp.objcpp; name = cocos2dx_StoreInfo.mm; path = ios/cocos2dx_StoreInfo.mm; sourceTree = "<group>"; };
		C08CF1C4164165FE007603E8 /* Includes.h */ = {isa = PBXFileReference; fileEncoding = 4; lastKnownFileType = sourcecode.c.h; path = Includes.h; sourceTree = "<group>"; };
		C0B042D3163BFCB50015400E /* Prefix.pch */ = {isa = PBXFileReference; fileEncoding = 4; lastKnownFileType = sourcecode.c.h; path = Prefix.pch; sourceTree = "<group>"; };
		C0B042D4163BFD150015400E /* Info.plist */ = {isa = PBXFileReference; fileEncoding = 4; lastKnownFileType = text.plist.xml; name = Info.plist; path = ios/Resources/Info.plist; sourceTree = "<group>"; };
		C0B042D6163BFD2B0015400E /* Icon-72.png */ = {isa = PBXFileReference; lastKnownFileType = image.png; name = "Icon-72.png"; path = "ios/Resources/Icon-72.png"; sourceTree = "<group>"; };
		C0B042D7163BFD2B0015400E /* Icon-Small-50.png */ = {isa = PBXFileReference; lastKnownFileType = image.png; name = "Icon-Small-50.png"; path = "ios/Resources/Icon-Small-50.png"; sourceTree = "<group>"; };
		C0B042D8163BFD2B0015400E /* Icon-Small.png */ = {isa = PBXFileReference; lastKnownFileType = image.png; name = "Icon-Small.png"; path = "ios/Resources/Icon-Small.png"; sourceTree = "<group>"; };
		C0B042D9163BFD2B0015400E /* Icon-Small@2x.png */ = {isa = PBXFileReference; lastKnownFileType = image.png; name = "Icon-Small@2x.png"; path = "ios/Resources/Icon-Small@2x.png"; sourceTree = "<group>"; };
		C0B042DA163BFD2B0015400E /* Icon.png */ = {isa = PBXFileReference; lastKnownFileType = image.png; name = Icon.png; path = ios/Resources/Icon.png; sourceTree = "<group>"; };
		C0B042DB163BFD2B0015400E /* Icon@2x.png */ = {isa = PBXFileReference; lastKnownFileType = image.png; name = "Icon@2x.png"; path = "ios/Resources/Icon@2x.png"; sourceTree = "<group>"; };
		C0B042E6163BFE960015400E /* GameMenuItem.cpp */ = {isa = PBXFileReference; fileEncoding = 4; lastKnownFileType = sourcecode.cpp.cpp; name = GameMenuItem.cpp; path = Classes/GameMenuItem.cpp; sourceTree = "<group>"; };
		C0B042E7163BFE960015400E /* GameMenuItem.h */ = {isa = PBXFileReference; fileEncoding = 4; lastKnownFileType = sourcecode.c.h; name = GameMenuItem.h; path = Classes/GameMenuItem.h; sourceTree = "<group>"; };
		C0B042E9163BFE960015400E /* MainScene.cpp */ = {isa = PBXFileReference; fileEncoding = 4; lastKnownFileType = sourcecode.cpp.cpp; name = MainScene.cpp; path = Classes/MainScene.cpp; sourceTree = "<group>"; };
		C0B042EA163BFE960015400E /* MainScene.h */ = {isa = PBXFileReference; fileEncoding = 4; lastKnownFileType = sourcecode.c.h; name = MainScene.h; path = Classes/MainScene.h; sourceTree = "<group>"; };
		C0B042EC163BFE960015400E /* StoreAScene.cpp */ = {isa = PBXFileReference; fileEncoding = 4; lastKnownFileType = sourcecode.cpp.cpp; name = StoreAScene.cpp; path = Classes/StoreAScene.cpp; sourceTree = "<group>"; };
		C0B042ED163BFE960015400E /* StoreAScene.h */ = {isa = PBXFileReference; fileEncoding = 4; lastKnownFileType = sourcecode.c.h; name = StoreAScene.h; path = Classes/StoreAScene.h; sourceTree = "<group>"; };
		C0B042EE163BFE960015400E /* StoreBScene.cpp */ = {isa = PBXFileReference; fileEncoding = 4; lastKnownFileType = sourcecode.cpp.cpp; name = StoreBScene.cpp; path = Classes/StoreBScene.cpp; sourceTree = "<group>"; };
		C0B042EF163BFE960015400E /* StoreBScene.h */ = {isa = PBXFileReference; fileEncoding = 4; lastKnownFileType = sourcecode.c.h; name = StoreBScene.h; path = Classes/StoreBScene.h; sourceTree = "<group>"; };
		C0B04306163C59700015400E /* iOSHelper.mm */ = {isa = PBXFileReference; fileEncoding = 4; lastKnownFileType = sourcecode.cpp.objcpp; name = iOSHelper.mm; path = ios/iOSHelper.mm; sourceTree = "<group>"; };
		C0B04307163C59700015400E /* iOSHelper.h */ = {isa = PBXFileReference; fileEncoding = 4; lastKnownFileType = sourcecode.c.h; name = iOSHelper.h; path = ios/iOSHelper.h; sourceTree = "<group>"; };
		C0B0430E163C5DDE0015400E /* MuffinRushAssets.h */ = {isa = PBXFileReference; fileEncoding = 4; lastKnownFileType = sourcecode.c.h; name = MuffinRushAssets.h; path = ios/MuffinRushAssets.h; sourceTree = "<group>"; };
		C0B0430F163C5DDE0015400E /* MuffinRushAssets.m */ = {isa = PBXFileReference; fileEncoding = 4; lastKnownFileType = sourcecode.c.objc; name = MuffinRushAssets.m; path = ios/MuffinRushAssets.m; sourceTree = "<group>"; };
		C0B0431A163C7B250015400E /* cocos2dx_StoreInventory.mm */ = {isa = PBXFileReference; fileEncoding = 4; lastKnownFileType = sourcecode.cpp.objcpp; name = cocos2dx_StoreInventory.mm; path = ios/cocos2dx_StoreInventory.mm; sourceTree = "<group>"; };
		C0B0435C163C83B30015400E /* iphone */ = {isa = PBXFileReference; lastKnownFileType = folder; name = iphone; path = Resources/iphone; sourceTree = "<group>"; };
		C0B0435D163C83B30015400E /* iphonehd */ = {isa = PBXFileReference; lastKnownFileType = folder; name = iphonehd; path = Resources/iphonehd; sourceTree = "<group>"; };
		C0B0436A163C84860015400E /* cocos2dx.xcodeproj */ = {isa = PBXFileReference; lastKnownFileType = "wrapper.pb-project"; name = cocos2dx.xcodeproj; path = "cocos2dx-store/libs/cocos2dx/proj.ios/cocos2dx.xcodeproj"; sourceTree = "<group>"; };
		C0C3E20616413CAA00E5C103 /* cocos2dx_InsufficientFundsException.h */ = {isa = PBXFileReference; fileEncoding = 4; lastKnownFileType = sourcecode.c.h; path = cocos2dx_InsufficientFundsException.h; sourceTree = "<group>"; };
		C0C3E20716413CAA00E5C103 /* cocos2dx_NotEnoughGoodsException.h */ = {isa = PBXFileReference; fileEncoding = 4; lastKnownFileType = sourcecode.c.h; path = cocos2dx_NotEnoughGoodsException.h; sourceTree = "<group>"; };
		C0C3E20916413CAA00E5C103 /* cocos2dx_StoreController.h */ = {isa = PBXFileReference; fileEncoding = 4; lastKnownFileType = sourcecode.c.h; path = cocos2dx_StoreController.h; sourceTree = "<group>"; };
		C0C3E20B16413CAA00E5C103 /* cocos2dx_StoreInfo.h */ = {isa = PBXFileReference; fileEncoding = 4; lastKnownFileType = sourcecode.c.h; path = cocos2dx_StoreInfo.h; sourceTree = "<group>"; };
		C0C3E20D16413CAA00E5C103 /* cocos2dx_StoreInventory.h */ = {isa = PBXFileReference; fileEncoding = 4; lastKnownFileType = sourcecode.c.h; path = cocos2dx_StoreInventory.h; sourceTree = "<group>"; };
		C0C3E20E16413CAA00E5C103 /* cocos2dx_VirtualItemNotFoundException.h */ = {isa = PBXFileReference; fileEncoding = 4; lastKnownFileType = sourcecode.c.h; path = cocos2dx_VirtualItemNotFoundException.h; sourceTree = "<group>"; };
		C0C5F829167CDF0900620409 /* JSONConsts.h */ = {isa = PBXFileReference; fileEncoding = 4; lastKnownFileType = sourcecode.c.h; path = JSONConsts.h; sourceTree = "<group>"; };
		C0C5F82A167CDF0900620409 /* JSONConsts.m */ = {isa = PBXFileReference; fileEncoding = 4; lastKnownFileType = sourcecode.c.objc; path = JSONConsts.m; sourceTree = "<group>"; };
		C0C5F82B167CDF0900620409 /* NonConsumableStorage.h */ = {isa = PBXFileReference; fileEncoding = 4; lastKnownFileType = sourcecode.c.h; path = NonConsumableStorage.h; sourceTree = "<group>"; };
		C0C5F82C167CDF0900620409 /* NonConsumableStorage.m */ = {isa = PBXFileReference; fileEncoding = 4; lastKnownFileType = sourcecode.c.objc; path = NonConsumableStorage.m; sourceTree = "<group>"; };
		C0C5F82D167CDF0900620409 /* StorageManager.h */ = {isa = PBXFileReference; fileEncoding = 4; lastKnownFileType = sourcecode.c.h; path = StorageManager.h; sourceTree = "<group>"; };
		C0C5F82E167CDF0900620409 /* StorageManager.m */ = {isa = PBXFileReference; fileEncoding = 4; lastKnownFileType = sourcecode.c.objc; path = StorageManager.m; sourceTree = "<group>"; };
		C0C5F82F167CDF0900620409 /* StoreDatabase.h */ = {isa = PBXFileReference; fileEncoding = 4; lastKnownFileType = sourcecode.c.h; path = StoreDatabase.h; sourceTree = "<group>"; };
		C0C5F830167CDF0900620409 /* StoreDatabase.m */ = {isa = PBXFileReference; fileEncoding = 4; lastKnownFileType = sourcecode.c.objc; path = StoreDatabase.m; sourceTree = "<group>"; };
		C0C5F831167CDF0900620409 /* StoreEncryptor.h */ = {isa = PBXFileReference; fileEncoding = 4; lastKnownFileType = sourcecode.c.h; path = StoreEncryptor.h; sourceTree = "<group>"; };
		C0C5F832167CDF0900620409 /* StoreEncryptor.m */ = {isa = PBXFileReference; fileEncoding = 4; lastKnownFileType = sourcecode.c.objc; path = StoreEncryptor.m; sourceTree = "<group>"; };
		C0C5F833167CDF0900620409 /* StorefrontInfo.h */ = {isa = PBXFileReference; fileEncoding = 4; lastKnownFileType = sourcecode.c.h; path = StorefrontInfo.h; sourceTree = "<group>"; };
		C0C5F834167CDF0900620409 /* StorefrontInfo.m */ = {isa = PBXFileReference; fileEncoding = 4; lastKnownFileType = sourcecode.c.objc; path = StorefrontInfo.m; sourceTree = "<group>"; };
		C0C5F835167CDF0900620409 /* StoreInfo.h */ = {isa = PBXFileReference; fileEncoding = 4; lastKnownFileType = sourcecode.c.h; path = StoreInfo.h; sourceTree = "<group>"; };
		C0C5F836167CDF0900620409 /* StoreInfo.m */ = {isa = PBXFileReference; fileEncoding = 4; lastKnownFileType = sourcecode.c.objc; path = StoreInfo.m; sourceTree = "<group>"; };
		C0C5F837167CDF0900620409 /* VirtualCurrencyStorage.h */ = {isa = PBXFileReference; fileEncoding = 4; lastKnownFileType = sourcecode.c.h; path = VirtualCurrencyStorage.h; sourceTree = "<group>"; };
		C0C5F838167CDF0900620409 /* VirtualCurrencyStorage.m */ = {isa = PBXFileReference; fileEncoding = 4; lastKnownFileType = sourcecode.c.objc; path = VirtualCurrencyStorage.m; sourceTree = "<group>"; };
		C0C5F839167CDF0900620409 /* VirtualGoodStorage.h */ = {isa = PBXFileReference; fileEncoding = 4; lastKnownFileType = sourcecode.c.h; path = VirtualGoodStorage.h; sourceTree = "<group>"; };
		C0C5F83A167CDF0900620409 /* VirtualGoodStorage.m */ = {isa = PBXFileReference; fileEncoding = 4; lastKnownFileType = sourcecode.c.objc; path = VirtualGoodStorage.m; sourceTree = "<group>"; };
		C0C5F83D167CDF0900620409 /* AppStoreItem.h */ = {isa = PBXFileReference; fileEncoding = 4; lastKnownFileType = sourcecode.c.h; path = AppStoreItem.h; sourceTree = "<group>"; };
		C0C5F83E167CDF0900620409 /* AppStoreItem.m */ = {isa = PBXFileReference; fileEncoding = 4; lastKnownFileType = sourcecode.c.objc; path = AppStoreItem.m; sourceTree = "<group>"; };
		C0C5F83F167CDF0900620409 /* BalanceDrivenPriceModel.h */ = {isa = PBXFileReference; fileEncoding = 4; lastKnownFileType = sourcecode.c.h; path = BalanceDrivenPriceModel.h; sourceTree = "<group>"; };
		C0C5F840167CDF0900620409 /* BalanceDrivenPriceModel.m */ = {isa = PBXFileReference; fileEncoding = 4; lastKnownFileType = sourcecode.c.objc; path = BalanceDrivenPriceModel.m; sourceTree = "<group>"; };
		C0C5F841167CDF0900620409 /* PriceModel.h */ = {isa = PBXFileReference; fileEncoding = 4; lastKnownFileType = sourcecode.c.h; path = PriceModel.h; sourceTree = "<group>"; };
		C0C5F842167CDF0900620409 /* PriceModel.m */ = {isa = PBXFileReference; fileEncoding = 4; lastKnownFileType = sourcecode.c.objc; path = PriceModel.m; sourceTree = "<group>"; };
		C0C5F843167CDF0900620409 /* StaticPriceModel.h */ = {isa = PBXFileReference; fileEncoding = 4; lastKnownFileType = sourcecode.c.h; path = StaticPriceModel.h; sourceTree = "<group>"; };
		C0C5F844167CDF0900620409 /* StaticPriceModel.m */ = {isa = PBXFileReference; fileEncoding = 4; lastKnownFileType = sourcecode.c.objc; path = StaticPriceModel.m; sourceTree = "<group>"; };
		C0C5F845167CDF0900620409 /* VirtualCategory.h */ = {isa = PBXFileReference; fileEncoding = 4; lastKnownFileType = sourcecode.c.h; path = VirtualCategory.h; sourceTree = "<group>"; };
		C0C5F846167CDF0900620409 /* VirtualCategory.m */ = {isa = PBXFileReference; fileEncoding = 4; lastKnownFileType = sourcecode.c.objc; path = VirtualCategory.m; sourceTree = "<group>"; };
		C0C5F847167CDF0900620409 /* VirtualCurrency.h */ = {isa = PBXFileReference; fileEncoding = 4; lastKnownFileType = sourcecode.c.h; path = VirtualCurrency.h; sourceTree = "<group>"; };
		C0C5F848167CDF0900620409 /* VirtualCurrency.m */ = {isa = PBXFileReference; fileEncoding = 4; lastKnownFileType = sourcecode.c.objc; path = VirtualCurrency.m; sourceTree = "<group>"; };
		C0C5F849167CDF0900620409 /* VirtualCurrencyPack.h */ = {isa = PBXFileReference; fileEncoding = 4; lastKnownFileType = sourcecode.c.h; path = VirtualCurrencyPack.h; sourceTree = "<group>"; };
		C0C5F84A167CDF0900620409 /* VirtualCurrencyPack.m */ = {isa = PBXFileReference; fileEncoding = 4; lastKnownFileType = sourcecode.c.objc; path = VirtualCurrencyPack.m; sourceTree = "<group>"; };
		C0C5F84B167CDF0900620409 /* VirtualGood.h */ = {isa = PBXFileReference; fileEncoding = 4; lastKnownFileType = sourcecode.c.h; path = VirtualGood.h; sourceTree = "<group>"; };
		C0C5F84C167CDF0900620409 /* VirtualGood.m */ = {isa = PBXFileReference; fileEncoding = 4; lastKnownFileType = sourcecode.c.objc; path = VirtualGood.m; sourceTree = "<group>"; };
		C0C5F84D167CDF0900620409 /* VirtualItem.h */ = {isa = PBXFileReference; fileEncoding = 4; lastKnownFileType = sourcecode.c.h; path = VirtualItem.h; sourceTree = "<group>"; };
		C0C5F84E167CDF0900620409 /* VirtualItem.m */ = {isa = PBXFileReference; fileEncoding = 4; lastKnownFileType = sourcecode.c.objc; path = VirtualItem.m; sourceTree = "<group>"; };
		C0C5F84F167CDF0900620409 /* EventHandling.h */ = {isa = PBXFileReference; fileEncoding = 4; lastKnownFileType = sourcecode.c.h; path = EventHandling.h; sourceTree = "<group>"; };
		C0C5F850167CDF0900620409 /* EventHandling.m */ = {isa = PBXFileReference; fileEncoding = 4; lastKnownFileType = sourcecode.c.objc; path = EventHandling.m; sourceTree = "<group>"; };
		C0C5F852167CDF0900620409 /* InsufficientFundsException.h */ = {isa = PBXFileReference; fileEncoding = 4; lastKnownFileType = sourcecode.c.h; path = InsufficientFundsException.h; sourceTree = "<group>"; };
		C0C5F853167CDF0900620409 /* InsufficientFundsException.m */ = {isa = PBXFileReference; fileEncoding = 4; lastKnownFileType = sourcecode.c.objc; path = InsufficientFundsException.m; sourceTree = "<group>"; };
		C0C5F854167CDF0900620409 /* NotEnoughGoodsException.h */ = {isa = PBXFileReference; fileEncoding = 4; lastKnownFileType = sourcecode.c.h; path = NotEnoughGoodsException.h; sourceTree = "<group>"; };
		C0C5F855167CDF0900620409 /* NotEnoughGoodsException.m */ = {isa = PBXFileReference; fileEncoding = 4; lastKnownFileType = sourcecode.c.objc; path = NotEnoughGoodsException.m; sourceTree = "<group>"; };
		C0C5F856167CDF0900620409 /* VirtualItemNotFoundException.h */ = {isa = PBXFileReference; fileEncoding = 4; lastKnownFileType = sourcecode.c.h; path = VirtualItemNotFoundException.h; sourceTree = "<group>"; };
		C0C5F857167CDF0900620409 /* VirtualItemNotFoundException.m */ = {isa = PBXFileReference; fileEncoding = 4; lastKnownFileType = sourcecode.c.objc; path = VirtualItemNotFoundException.m; sourceTree = "<group>"; };
		C0C5F859167CDF0900620409 /* FBEncryptorAES.h */ = {isa = PBXFileReference; fileEncoding = 4; lastKnownFileType = sourcecode.c.h; path = FBEncryptorAES.h; sourceTree = "<group>"; };
		C0C5F85A167CDF0900620409 /* FBEncryptorAES.m */ = {isa = PBXFileReference; fileEncoding = 4; lastKnownFileType = sourcecode.c.objc; path = FBEncryptorAES.m; sourceTree = "<group>"; };
		C0C5F85D167CDF0900620409 /* IStoreAsssets.h */ = {isa = PBXFileReference; fileEncoding = 4; lastKnownFileType = sourcecode.c.h; path = IStoreAsssets.h; sourceTree = "<group>"; };
		C0C5F85F167CDF0900620409 /* JSONKit.h */ = {isa = PBXFileReference; fileEncoding = 4; lastKnownFileType = sourcecode.c.h; path = JSONKit.h; sourceTree = "<group>"; };
		C0C5F860167CDF0900620409 /* JSONKit.m */ = {isa = PBXFileReference; fileEncoding = 4; lastKnownFileType = sourcecode.c.objc; path = JSONKit.m; sourceTree = "<group>"; };
		C0C5F861167CDF0900620409 /* SoomlaiOSStore-Prefix.pch */ = {isa = PBXFileReference; fileEncoding = 4; lastKnownFileType = sourcecode.c.h; path = "SoomlaiOSStore-Prefix.pch"; sourceTree = "<group>"; };
		C0C5F862167CDF0900620409 /* StoreConfig.h */ = {isa = PBXFileReference; fileEncoding = 4; lastKnownFileType = sourcecode.c.h; path = StoreConfig.h; sourceTree = "<group>"; };
		C0C5F863167CDF0900620409 /* StoreConfig.m */ = {isa = PBXFileReference; fileEncoding = 4; lastKnownFileType = sourcecode.c.objc; path = StoreConfig.m; sourceTree = "<group>"; };
		C0C5F864167CDF0900620409 /* StoreController.h */ = {isa = PBXFileReference; fileEncoding = 4; lastKnownFileType = sourcecode.c.h; path = StoreController.h; sourceTree = "<group>"; };
		C0C5F865167CDF0900620409 /* StoreController.m */ = {isa = PBXFileReference; fileEncoding = 4; lastKnownFileType = sourcecode.c.objc; path = StoreController.m; sourceTree = "<group>"; };
		C0C5F866167CDF0900620409 /* StoreInventory.h */ = {isa = PBXFileReference; fileEncoding = 4; lastKnownFileType = sourcecode.c.h; path = StoreInventory.h; sourceTree = "<group>"; };
		C0C5F867167CDF0900620409 /* StoreInventory.m */ = {isa = PBXFileReference; fileEncoding = 4; lastKnownFileType = sourcecode.c.objc; path = StoreInventory.m; sourceTree = "<group>"; };
		C0EFC96A168B7ED300948037 /* NSString-MD5Addition.h */ = {isa = PBXFileReference; fileEncoding = 4; lastKnownFileType = sourcecode.c.h; path = "NSString-MD5Addition.h"; sourceTree = "<group>"; };
		C0EFC96B168B7ED300948037 /* NSString-MD5Addition.m */ = {isa = PBXFileReference; fileEncoding = 4; lastKnownFileType = sourcecode.c.objc; path = "NSString-MD5Addition.m"; sourceTree = "<group>"; };
		C0EFC96C168B7ED300948037 /* UIDevice-IdentifierAddition.h */ = {isa = PBXFileReference; fileEncoding = 4; lastKnownFileType = sourcecode.c.h; path = "UIDevice-IdentifierAddition.h"; sourceTree = "<group>"; };
		C0EFC96D168B7ED300948037 /* UIDevice-IdentifierAddition.m */ = {isa = PBXFileReference; fileEncoding = 4; lastKnownFileType = sourcecode.c.objc; path = "UIDevice-IdentifierAddition.m"; sourceTree = "<group>"; };
		C0EFC970168B7EE000948037 /* NSData-Base64.h */ = {isa = PBXFileReference; fileEncoding = 4; lastKnownFileType = sourcecode.c.h; path = "NSData-Base64.h"; sourceTree = "<group>"; };
		C0EFC971168B7EE000948037 /* NSData-Base64.m */ = {isa = PBXFileReference; fileEncoding = 4; lastKnownFileType = sourcecode.c.objc; path = "NSData-Base64.m"; sourceTree = "<group>"; };
		C0EFC973168B7F0500948037 /* ObscuredNSUserDefaults.h */ = {isa = PBXFileReference; fileEncoding = 4; lastKnownFileType = sourcecode.c.h; path = ObscuredNSUserDefaults.h; sourceTree = "<group>"; };
		C0EFC974168B7F0500948037 /* ObscuredNSUserDefaults.m */ = {isa = PBXFileReference; fileEncoding = 4; lastKnownFileType = sourcecode.c.objc; path = ObscuredNSUserDefaults.m; sourceTree = "<group>"; };
/* End PBXFileReference section */

/* Begin PBXFrameworksBuildPhase section */
		C031BA701635BDBA005F73E3 /* Frameworks */ = {
			isa = PBXFrameworksBuildPhase;
			buildActionMask = 2147483647;
			files = (
				C0693093163C87760037E975 /* libxml2.dylib in Frameworks */,
				C0693091163C876C0037E975 /* libz.dylib in Frameworks */,
				C069308F163C86D60037E975 /* libcocos2dx.a in Frameworks */,
				C031BE2F1635C720005F73E3 /* Security.framework in Frameworks */,
				C031BE2D1635C71A005F73E3 /* StoreKit.framework in Frameworks */,
				C031BE2B1635C714005F73E3 /* libsqlite3.0.dylib in Frameworks */,
				C031BA781635BDBA005F73E3 /* QuartzCore.framework in Frameworks */,
				C031BA7A1635BDBA005F73E3 /* OpenGLES.framework in Frameworks */,
				C031BA7C1635BDBA005F73E3 /* OpenAL.framework in Frameworks */,
				C031BA7E1635BDBA005F73E3 /* AudioToolbox.framework in Frameworks */,
				C031BA801635BDBA005F73E3 /* AVFoundation.framework in Frameworks */,
				C031BA821635BDBA005F73E3 /* UIKit.framework in Frameworks */,
				C031BA841635BDBA005F73E3 /* Foundation.framework in Frameworks */,
				C031BA861635BDBA005F73E3 /* CoreGraphics.framework in Frameworks */,
			);
			runOnlyForDeploymentPostprocessing = 0;
		};
/* End PBXFrameworksBuildPhase section */

/* Begin PBXGroup section */
		C031BA681635BDBA005F73E3 = {
			isa = PBXGroup;
			children = (
				C0B0436A163C84860015400E /* cocos2dx.xcodeproj */,
				C0C5F827167CDF0900620409 /* SoomlaiOSStore */,
				C031BA871635BDBA005F73E3 /* cocos2dx-store */,
				C031BA761635BDBA005F73E3 /* Frameworks */,
				C031BA741635BDBA005F73E3 /* Products */,
			);
			sourceTree = "<group>";
		};
		C031BA741635BDBA005F73E3 /* Products */ = {
			isa = PBXGroup;
			children = (
				C031BA731635BDBA005F73E3 /* cocos2dx-store.app */,
			);
			name = Products;
			sourceTree = "<group>";
		};
		C031BA761635BDBA005F73E3 /* Frameworks */ = {
			isa = PBXGroup;
			children = (
				C0693092163C87760037E975 /* libxml2.dylib */,
				C0693090163C876C0037E975 /* libz.dylib */,
				C031BE2E1635C720005F73E3 /* Security.framework */,
				C031BE2C1635C71A005F73E3 /* StoreKit.framework */,
				C031BE2A1635C714005F73E3 /* libsqlite3.0.dylib */,
				C031BA771635BDBA005F73E3 /* QuartzCore.framework */,
				C031BA791635BDBA005F73E3 /* OpenGLES.framework */,
				C031BA7B1635BDBA005F73E3 /* OpenAL.framework */,
				C031BA7D1635BDBA005F73E3 /* AudioToolbox.framework */,
				C031BA7F1635BDBA005F73E3 /* AVFoundation.framework */,
				C031BA811635BDBA005F73E3 /* UIKit.framework */,
				C031BA831635BDBA005F73E3 /* Foundation.framework */,
				C031BA851635BDBA005F73E3 /* CoreGraphics.framework */,
			);
			name = Frameworks;
			sourceTree = "<group>";
		};
		C031BA871635BDBA005F73E3 /* cocos2dx-store */ = {
			isa = PBXGroup;
			children = (
				C031BA881635BDBA005F73E3 /* Resources */,
				C031BAA01635BDBA005F73E3 /* ios */,
				C031BD241635BDBD005F73E3 /* Classes */,
				C031BD221635BDBD005F73E3 /* Supporting Files */,
			);
			path = "cocos2dx-store";
			sourceTree = "<group>";
		};
		C031BA881635BDBA005F73E3 /* Resources */ = {
			isa = PBXGroup;
			children = (
				C0B0435C163C83B30015400E /* iphone */,
				C0B0435D163C83B30015400E /* iphonehd */,
				C0B042D6163BFD2B0015400E /* Icon-72.png */,
				C0B042D7163BFD2B0015400E /* Icon-Small-50.png */,
				C0B042D8163BFD2B0015400E /* Icon-Small.png */,
				C0B042D9163BFD2B0015400E /* Icon-Small@2x.png */,
				C0B042DA163BFD2B0015400E /* Icon.png */,
				C0B042DB163BFD2B0015400E /* Icon@2x.png */,
			);
			name = Resources;
			sourceTree = "<group>";
		};
		C031BAA01635BDBA005F73E3 /* ios */ = {
			isa = PBXGroup;
			children = (
				C0B0430E163C5DDE0015400E /* MuffinRushAssets.h */,
				C0B0430F163C5DDE0015400E /* MuffinRushAssets.m */,
				C031BAA11635BDBA005F73E3 /* AppController.h */,
				C031BAA21635BDBA005F73E3 /* AppController.mm */,
				C031BAA41635BDBA005F73E3 /* RootViewController.h */,
				C031BAA51635BDBA005F73E3 /* RootViewController.mm */,
				C031BAA71635BDBA005F73E3 /* main.m */,
				C0B04306163C59700015400E /* iOSHelper.mm */,
				C0B04307163C59700015400E /* iOSHelper.h */,
				C031BD471635C4C7005F73E3 /* cocos2dx_StoreController.mm */,
				C0B0431A163C7B250015400E /* cocos2dx_StoreInventory.mm */,
				C06930A0163D86E30037E975 /* cocos2dx_StoreInfo.mm */,
			);
			name = ios;
			sourceTree = "<group>";
		};
		C031BD221635BDBD005F73E3 /* Supporting Files */ = {
			isa = PBXGroup;
			children = (
				C0B042D4163BFD150015400E /* Info.plist */,
				C0B042D3163BFCB50015400E /* Prefix.pch */,
			);
			name = "Supporting Files";
			sourceTree = "<group>";
		};
		C031BD241635BDBD005F73E3 /* Classes */ = {
			isa = PBXGroup;
			children = (
				C0C3E20516413CAA00E5C103 /* StoreBridge */,
				C0B042E6163BFE960015400E /* GameMenuItem.cpp */,
				C0B042E7163BFE960015400E /* GameMenuItem.h */,
				C005144B1650216600078EBB /* EventHandler.cpp */,
				C005144C1650216600078EBB /* EventHandler.h */,
				C0B042E9163BFE960015400E /* MainScene.cpp */,
				C0B042EA163BFE960015400E /* MainScene.h */,
				C0B042EC163BFE960015400E /* StoreAScene.cpp */,
				C0B042ED163BFE960015400E /* StoreAScene.h */,
				C0B042EE163BFE960015400E /* StoreBScene.cpp */,
				C0B042EF163BFE960015400E /* StoreBScene.h */,
				C031BD251635BDBD005F73E3 /* AppDelegate.h */,
				C031BD261635BDBD005F73E3 /* AppDelegate.cpp */,
			);
			name = Classes;
			sourceTree = "<group>";
		};
		C0B0436B163C84860015400E /* Products */ = {
			isa = PBXGroup;
			children = (
				C0B04372163C84860015400E /* libcocos2dx.a */,
			);
			name = Products;
			sourceTree = "<group>";
		};
		C0C3E20516413CAA00E5C103 /* StoreBridge */ = {
			isa = PBXGroup;
			children = (
				C08CF1C4164165FE007603E8 /* Includes.h */,
				C0C3E20616413CAA00E5C103 /* cocos2dx_InsufficientFundsException.h */,
				C0C3E20716413CAA00E5C103 /* cocos2dx_NotEnoughGoodsException.h */,
				C0C3E20916413CAA00E5C103 /* cocos2dx_StoreController.h */,
				C0C3E20B16413CAA00E5C103 /* cocos2dx_StoreInfo.h */,
				C0C3E20D16413CAA00E5C103 /* cocos2dx_StoreInventory.h */,
				C0C3E20E16413CAA00E5C103 /* cocos2dx_VirtualItemNotFoundException.h */,
				C005144E1650217300078EBB /* cocos2dx_EventHandlers.cpp */,
				C005144F1650217300078EBB /* cocos2dx_EventHandlers.h */,
			);
			name = StoreBridge;
			path = Classes/StoreBridge;
			sourceTree = "<group>";
		};
		C0C5F827167CDF0900620409 /* SoomlaiOSStore */ = {
			isa = PBXGroup;
			children = (
				C0C5F828167CDF0900620409 /* data */,
				C0C5F83B167CDF0900620409 /* domain */,
				C0C5F84F167CDF0900620409 /* EventHandling.h */,
				C0C5F850167CDF0900620409 /* EventHandling.m */,
				C0C5F851167CDF0900620409 /* exceptions */,
				C0C5F858167CDF0900620409 /* FBEncryptor */,
				C0C5F85D167CDF0900620409 /* IStoreAsssets.h */,
				C0C5F85E167CDF0900620409 /* JSON */,
				C0C5F861167CDF0900620409 /* SoomlaiOSStore-Prefix.pch */,
				C0C5F862167CDF0900620409 /* StoreConfig.h */,
				C0C5F863167CDF0900620409 /* StoreConfig.m */,
				C0C5F864167CDF0900620409 /* StoreController.h */,
				C0C5F865167CDF0900620409 /* StoreController.m */,
				C0C5F866167CDF0900620409 /* StoreInventory.h */,
				C0C5F867167CDF0900620409 /* StoreInventory.m */,
				C0C5F868167CDF0900620409 /* UIDevice-UUID */,
			);
			name = SoomlaiOSStore;
			path = "submodules/ios-store/SoomlaiOSStore";
			sourceTree = "<group>";
		};
		C0C5F828167CDF0900620409 /* data */ = {
			isa = PBXGroup;
			children = (
				C0EFC973168B7F0500948037 /* ObscuredNSUserDefaults.h */,
				C0EFC974168B7F0500948037 /* ObscuredNSUserDefaults.m */,
				C0C5F829167CDF0900620409 /* JSONConsts.h */,
				C0C5F82A167CDF0900620409 /* JSONConsts.m */,
				C0C5F82B167CDF0900620409 /* NonConsumableStorage.h */,
				C0C5F82C167CDF0900620409 /* NonConsumableStorage.m */,
				C0C5F82D167CDF0900620409 /* StorageManager.h */,
				C0C5F82E167CDF0900620409 /* StorageManager.m */,
				C0C5F82F167CDF0900620409 /* StoreDatabase.h */,
				C0C5F830167CDF0900620409 /* StoreDatabase.m */,
				C0C5F831167CDF0900620409 /* StoreEncryptor.h */,
				C0C5F832167CDF0900620409 /* StoreEncryptor.m */,
				C0C5F833167CDF0900620409 /* StorefrontInfo.h */,
				C0C5F834167CDF0900620409 /* StorefrontInfo.m */,
				C0C5F835167CDF0900620409 /* StoreInfo.h */,
				C0C5F836167CDF0900620409 /* StoreInfo.m */,
				C0C5F837167CDF0900620409 /* VirtualCurrencyStorage.h */,
				C0C5F838167CDF0900620409 /* VirtualCurrencyStorage.m */,
				C0C5F839167CDF0900620409 /* VirtualGoodStorage.h */,
				C0C5F83A167CDF0900620409 /* VirtualGoodStorage.m */,
			);
			path = data;
			sourceTree = "<group>";
		};
		C0C5F83B167CDF0900620409 /* domain */ = {
			isa = PBXGroup;
			children = (
				C0C5F83C167CDF0900620409 /* data */,
			);
			path = domain;
			sourceTree = "<group>";
		};
		C0C5F83C167CDF0900620409 /* data */ = {
			isa = PBXGroup;
			children = (
				C0C5F83D167CDF0900620409 /* AppStoreItem.h */,
				C0C5F83E167CDF0900620409 /* AppStoreItem.m */,
				C0C5F83F167CDF0900620409 /* BalanceDrivenPriceModel.h */,
				C0C5F840167CDF0900620409 /* BalanceDrivenPriceModel.m */,
				C0C5F841167CDF0900620409 /* PriceModel.h */,
				C0C5F842167CDF0900620409 /* PriceModel.m */,
				C0C5F843167CDF0900620409 /* StaticPriceModel.h */,
				C0C5F844167CDF0900620409 /* StaticPriceModel.m */,
				C0C5F845167CDF0900620409 /* VirtualCategory.h */,
				C0C5F846167CDF0900620409 /* VirtualCategory.m */,
				C0C5F847167CDF0900620409 /* VirtualCurrency.h */,
				C0C5F848167CDF0900620409 /* VirtualCurrency.m */,
				C0C5F849167CDF0900620409 /* VirtualCurrencyPack.h */,
				C0C5F84A167CDF0900620409 /* VirtualCurrencyPack.m */,
				C0C5F84B167CDF0900620409 /* VirtualGood.h */,
				C0C5F84C167CDF0900620409 /* VirtualGood.m */,
				C0C5F84D167CDF0900620409 /* VirtualItem.h */,
				C0C5F84E167CDF0900620409 /* VirtualItem.m */,
			);
			path = data;
			sourceTree = "<group>";
		};
		C0C5F851167CDF0900620409 /* exceptions */ = {
			isa = PBXGroup;
			children = (
				C0C5F852167CDF0900620409 /* InsufficientFundsException.h */,
				C0C5F853167CDF0900620409 /* InsufficientFundsException.m */,
				C0C5F854167CDF0900620409 /* NotEnoughGoodsException.h */,
				C0C5F855167CDF0900620409 /* NotEnoughGoodsException.m */,
				C0C5F856167CDF0900620409 /* VirtualItemNotFoundException.h */,
				C0C5F857167CDF0900620409 /* VirtualItemNotFoundException.m */,
			);
			path = exceptions;
			sourceTree = "<group>";
		};
		C0C5F858167CDF0900620409 /* FBEncryptor */ = {
			isa = PBXGroup;
			children = (
				C0C5F859167CDF0900620409 /* FBEncryptorAES.h */,
				C0C5F85A167CDF0900620409 /* FBEncryptorAES.m */,
				C0EFC970168B7EE000948037 /* NSData-Base64.h */,
				C0EFC971168B7EE000948037 /* NSData-Base64.m */,
			);
			path = FBEncryptor;
			sourceTree = "<group>";
		};
		C0C5F85E167CDF0900620409 /* JSON */ = {
			isa = PBXGroup;
			children = (
				C0C5F85F167CDF0900620409 /* JSONKit.h */,
				C0C5F860167CDF0900620409 /* JSONKit.m */,
			);
			path = JSON;
			sourceTree = "<group>";
		};
		C0C5F868167CDF0900620409 /* UIDevice-UUID */ = {
			isa = PBXGroup;
			children = (
				C0EFC96A168B7ED300948037 /* NSString-MD5Addition.h */,
				C0EFC96B168B7ED300948037 /* NSString-MD5Addition.m */,
				C0EFC96C168B7ED300948037 /* UIDevice-IdentifierAddition.h */,
				C0EFC96D168B7ED300948037 /* UIDevice-IdentifierAddition.m */,
			);
			path = "UIDevice-UUID";
			sourceTree = "<group>";
		};
/* End PBXGroup section */

/* Begin PBXNativeTarget section */
		C031BA721635BDBA005F73E3 /* cocos2dx-store */ = {
			isa = PBXNativeTarget;
			buildConfigurationList = C031BD2D1635BDBD005F73E3 /* Build configuration list for PBXNativeTarget "cocos2dx-store" */;
			buildPhases = (
				C031BA6F1635BDBA005F73E3 /* Sources */,
				C031BA701635BDBA005F73E3 /* Frameworks */,
				C031BA711635BDBA005F73E3 /* Resources */,
			);
			buildRules = (
			);
			dependencies = (
			);
			name = "cocos2dx-store";
			productName = "cocos2dx-store";
			productReference = C031BA731635BDBA005F73E3 /* cocos2dx-store.app */;
			productType = "com.apple.product-type.application";
		};
/* End PBXNativeTarget section */

/* Begin PBXProject section */
		C031BA6A1635BDBA005F73E3 /* Project object */ = {
			isa = PBXProject;
			attributes = {
				LastUpgradeCheck = 0450;
			};
			buildConfigurationList = C031BA6D1635BDBA005F73E3 /* Build configuration list for PBXProject "cocos2dx-store" */;
			compatibilityVersion = "Xcode 3.2";
			developmentRegion = English;
			hasScannedForEncodings = 0;
			knownRegions = (
				en,
			);
			mainGroup = C031BA681635BDBA005F73E3;
			productRefGroup = C031BA741635BDBA005F73E3 /* Products */;
			projectDirPath = "";
			projectReferences = (
				{
					ProductGroup = C0B0436B163C84860015400E /* Products */;
					ProjectRef = C0B0436A163C84860015400E /* cocos2dx.xcodeproj */;
				},
			);
			projectRoot = "";
			targets = (
				C031BA721635BDBA005F73E3 /* cocos2dx-store */,
			);
		};
/* End PBXProject section */

/* Begin PBXReferenceProxy section */
		C0B04372163C84860015400E /* libcocos2dx.a */ = {
			isa = PBXReferenceProxy;
			fileType = archive.ar;
			path = libcocos2dx.a;
			remoteRef = C0B04371163C84860015400E /* PBXContainerItemProxy */;
			sourceTree = BUILT_PRODUCTS_DIR;
		};
/* End PBXReferenceProxy section */

/* Begin PBXResourcesBuildPhase section */
		C031BA711635BDBA005F73E3 /* Resources */ = {
			isa = PBXResourcesBuildPhase;
			buildActionMask = 2147483647;
			files = (
				C0B042DC163BFD2B0015400E /* Icon-72.png in Resources */,
				C0B042DD163BFD2B0015400E /* Icon-Small-50.png in Resources */,
				C0B042DE163BFD2B0015400E /* Icon-Small.png in Resources */,
				C0B042DF163BFD2B0015400E /* Icon-Small@2x.png in Resources */,
				C0B042E0163BFD2B0015400E /* Icon.png in Resources */,
				C0B042E1163BFD2B0015400E /* Icon@2x.png in Resources */,
				C0B0435E163C83B30015400E /* iphone in Resources */,
				C0B0435F163C83B30015400E /* iphonehd in Resources */,
			);
			runOnlyForDeploymentPostprocessing = 0;
		};
/* End PBXResourcesBuildPhase section */

/* Begin PBXSourcesBuildPhase section */
		C031BA6F1635BDBA005F73E3 /* Sources */ = {
			isa = PBXSourcesBuildPhase;
			buildActionMask = 2147483647;
			files = (
				C031BAA31635BDBA005F73E3 /* AppController.mm in Sources */,
				C031BAA61635BDBA005F73E3 /* RootViewController.mm in Sources */,
				C031BAA81635BDBA005F73E3 /* main.m in Sources */,
				C031BD271635BDBD005F73E3 /* AppDelegate.cpp in Sources */,
				C031BD481635C4C7005F73E3 /* cocos2dx_StoreController.mm in Sources */,
				C0B042F1163BFE960015400E /* GameMenuItem.cpp in Sources */,
				C0B042F2163BFE960015400E /* MainScene.cpp in Sources */,
				C0B042F3163BFE960015400E /* StoreAScene.cpp in Sources */,
				C0B042F4163BFE960015400E /* StoreBScene.cpp in Sources */,
				C0B04308163C59700015400E /* iOSHelper.mm in Sources */,
				C0B04310163C5DDE0015400E /* MuffinRushAssets.m in Sources */,
				C0B0431B163C7B250015400E /* cocos2dx_StoreInventory.mm in Sources */,
				C06930A1163D86E30037E975 /* cocos2dx_StoreInfo.mm in Sources */,
				C005144D1650216600078EBB /* EventHandler.cpp in Sources */,
				C00514501650217300078EBB /* cocos2dx_EventHandlers.cpp in Sources */,
				C0C5F86D167CDF0900620409 /* JSONConsts.m in Sources */,
				C0C5F86E167CDF0900620409 /* NonConsumableStorage.m in Sources */,
				C0C5F86F167CDF0900620409 /* StorageManager.m in Sources */,
				C0C5F870167CDF0900620409 /* StoreDatabase.m in Sources */,
				C0C5F871167CDF0900620409 /* StoreEncryptor.m in Sources */,
				C0C5F872167CDF0900620409 /* StorefrontInfo.m in Sources */,
				C0C5F873167CDF0900620409 /* StoreInfo.m in Sources */,
				C0C5F874167CDF0900620409 /* VirtualCurrencyStorage.m in Sources */,
				C0C5F875167CDF0900620409 /* VirtualGoodStorage.m in Sources */,
				C0C5F876167CDF0900620409 /* AppStoreItem.m in Sources */,
				C0C5F877167CDF0900620409 /* BalanceDrivenPriceModel.m in Sources */,
				C0C5F878167CDF0900620409 /* PriceModel.m in Sources */,
				C0C5F879167CDF0900620409 /* StaticPriceModel.m in Sources */,
				C0C5F87A167CDF0900620409 /* VirtualCategory.m in Sources */,
				C0C5F87B167CDF0900620409 /* VirtualCurrency.m in Sources */,
				C0C5F87C167CDF0900620409 /* VirtualCurrencyPack.m in Sources */,
				C0C5F87D167CDF0900620409 /* VirtualGood.m in Sources */,
				C0C5F87E167CDF0900620409 /* VirtualItem.m in Sources */,
				C0C5F87F167CDF0900620409 /* EventHandling.m in Sources */,
				C0C5F880167CDF0900620409 /* InsufficientFundsException.m in Sources */,
				C0C5F881167CDF0900620409 /* NotEnoughGoodsException.m in Sources */,
				C0C5F882167CDF0900620409 /* VirtualItemNotFoundException.m in Sources */,
				C0C5F883167CDF0900620409 /* FBEncryptorAES.m in Sources */,
				C0C5F885167CDF0900620409 /* JSONKit.m in Sources */,
				C0C5F886167CDF0900620409 /* StoreConfig.m in Sources */,
				C0C5F887167CDF0900620409 /* StoreController.m in Sources */,
				C0C5F888167CDF0900620409 /* StoreInventory.m in Sources */,
				C0EFC96E168B7ED300948037 /* NSString-MD5Addition.m in Sources */,
				C0EFC96F168B7ED300948037 /* UIDevice-IdentifierAddition.m in Sources */,
				C0EFC972168B7EE000948037 /* NSData-Base64.m in Sources */,
				C0EFC975168B7F0500948037 /* ObscuredNSUserDefaults.m in Sources */,
			);
			runOnlyForDeploymentPostprocessing = 0;
		};
/* End PBXSourcesBuildPhase section */

/* Begin XCBuildConfiguration section */
		C031BD2B1635BDBD005F73E3 /* Debug */ = {
			isa = XCBuildConfiguration;
			buildSettings = {
				ARCHS = "$(ARCHS_STANDARD_32_BIT)";
				"CODE_SIGN_IDENTITY[sdk=iphoneos*]" = "iPhone Developer";
				GCC_C_LANGUAGE_STANDARD = gnu99;
				GCC_OPTIMIZATION_LEVEL = 0;
				GCC_PREPROCESSOR_DEFINITIONS = (
					DEBUG,
					"COCOS2D_DEBUG=1",
					USE_FILE32API,
					TARGET_OS_IPHONE,
				);
				GCC_SYMBOLS_PRIVATE_EXTERN = NO;
				GCC_WARN_ABOUT_RETURN_TYPE = YES;
				GCC_WARN_UNUSED_VARIABLE = YES;
				HEADER_SEARCH_PATHS = (
					"\"$(PROJECT_NAME)/libs/cocos2dx/kazmath/include\"",
					"\"$(PROJECT_NAME)/libs/cocos2dx\"",
					"\"$(PROJECT_NAME)/libs/CocosDenshion/include\"",
					"\"$(SDKROOT)/usr/include/libxml2\"",
					"\"$(PROJECT_NAME)/libs/cocos2dx/include\"",
					"\"$(PROJECT_NAME)/libs/cocos2dx/platform/third_party/ios\"",
					"\"$(PROJECT_NAME)/libs/cocos2dx/platform/ios\"",
				);
				IPHONEOS_DEPLOYMENT_TARGET = 6.0;
				SDKROOT = iphoneos;
			};
			name = Debug;
		};
		C031BD2C1635BDBD005F73E3 /* Release */ = {
			isa = XCBuildConfiguration;
			buildSettings = {
				ARCHS = "$(ARCHS_STANDARD_32_BIT)";
				"CODE_SIGN_IDENTITY[sdk=iphoneos*]" = "iPhone Developer";
				GCC_C_LANGUAGE_STANDARD = gnu99;
				GCC_PREPROCESSOR_DEFINITIONS = (
					NDEBUG,
					USE_FILE32API,
					TARGET_OS_IPHONE,
				);
				GCC_WARN_ABOUT_RETURN_TYPE = YES;
				GCC_WARN_UNUSED_VARIABLE = YES;
				HEADER_SEARCH_PATHS = (
					"\"$(PROJECT_NAME)/libs/cocos2dx/kazmath/include\"",
					"\"$(PROJECT_NAME)/libs/cocos2dx\"",
					"\"$(PROJECT_NAME)/libs/CocosDenshion/include\"",
					"\"$(SDKROOT)/usr/include/libxml2\"",
					"\"$(PROJECT_NAME)/libs/cocos2dx/include\"",
					"\"$(PROJECT_NAME)/libs/cocos2dx/platform/third_party/ios\"",
					"\"$(PROJECT_NAME)/libs/cocos2dx/platform/ios\"",
				);
				IPHONEOS_DEPLOYMENT_TARGET = 6.0;
				OTHER_CFLAGS = "-DNS_BLOCK_ASSERTIONS=1";
				SDKROOT = iphoneos;
			};
			name = Release;
		};
		C031BD2E1635BDBD005F73E3 /* Debug */ = {
			isa = XCBuildConfiguration;
			buildSettings = {
				ALWAYS_SEARCH_USER_PATHS = NO;
				COPY_PHASE_STRIP = NO;
				GCC_DYNAMIC_NO_PIC = NO;
				GCC_INLINES_ARE_PRIVATE_EXTERN = NO;
				GCC_PRECOMPILE_PREFIX_HEADER = YES;
				GCC_PREFIX_HEADER = "cocos2dx-store/Prefix.pch";
				HEADER_SEARCH_PATHS = (
					"\"$(PROJECT_NAME)/libs/cocos2dx/kazmath/include\"",
					"\"$(PROJECT_NAME)/libs/cocos2dx\"",
					"\"$(SDKROOT)/usr/include/libxml2\"",
					"\"$(PROJECT_NAME)/libs/cocos2dx/include\"",
					"\"$(PROJECT_NAME)/libs/cocos2dx/platform/ios\"",
				);
				INFOPLIST_FILE = "cocos2dx-store/ios/Resources/Info.plist";
				IPHONEOS_DEPLOYMENT_TARGET = 4.3;
				LIBRARY_SEARCH_PATHS = "$(inherited)";
				ONLY_ACTIVE_ARCH = NO;
				OTHER_LDFLAGS = "";
				PRODUCT_NAME = "$(TARGET_NAME)";
				VALID_ARCHS = "armv6 armv7 i386";
				WRAPPER_EXTENSION = app;
			};
			name = Debug;
		};
		C031BD2F1635BDBD005F73E3 /* Release */ = {
			isa = XCBuildConfiguration;
			buildSettings = {
				ALWAYS_SEARCH_USER_PATHS = NO;
				COPY_PHASE_STRIP = YES;
				GCC_INLINES_ARE_PRIVATE_EXTERN = NO;
				GCC_PRECOMPILE_PREFIX_HEADER = YES;
				GCC_PREFIX_HEADER = "cocos2dx-store/Prefix.pch";
				GCC_SYMBOLS_PRIVATE_EXTERN = NO;
				HEADER_SEARCH_PATHS = (
					"\"$(PROJECT_NAME)/libs/cocos2dx/kazmath/include\"",
					"\"$(PROJECT_NAME)/libs/cocos2dx\"",
					"\"$(SDKROOT)/usr/include/libxml2\"",
					"\"$(PROJECT_NAME)/libs/cocos2dx/include\"",
					"\"$(PROJECT_NAME)/libs/cocos2dx/platform/ios\"",
				);
				INFOPLIST_FILE = "cocos2dx-store/ios/Resources/Info.plist";
				IPHONEOS_DEPLOYMENT_TARGET = 4.3;
				LIBRARY_SEARCH_PATHS = "$(inherited)";
				ONLY_ACTIVE_ARCH = NO;
				OTHER_LDFLAGS = "";
				PRODUCT_NAME = "$(TARGET_NAME)";
				VALIDATE_PRODUCT = YES;
				VALID_ARCHS = "armv6 armv7 i386";
				WRAPPER_EXTENSION = app;
			};
			name = Release;
		};
/* End XCBuildConfiguration section */

/* Begin XCConfigurationList section */
		C031BA6D1635BDBA005F73E3 /* Build configuration list for PBXProject "cocos2dx-store" */ = {
			isa = XCConfigurationList;
			buildConfigurations = (
				C031BD2B1635BDBD005F73E3 /* Debug */,
				C031BD2C1635BDBD005F73E3 /* Release */,
			);
			defaultConfigurationIsVisible = 0;
			defaultConfigurationName = Release;
		};
		C031BD2D1635BDBD005F73E3 /* Build configuration list for PBXNativeTarget "cocos2dx-store" */ = {
			isa = XCConfigurationList;
			buildConfigurations = (
				C031BD2E1635BDBD005F73E3 /* Debug */,
				C031BD2F1635BDBD005F73E3 /* Release */,
			);
			defaultConfigurationIsVisible = 0;
			defaultConfigurationName = Release;
		};
/* End XCConfigurationList section */
	};
	rootObject = C031BA6A1635BDBA005F73E3 /* Project object */;
}
