// !$*UTF8*$!
{
	archiveVersion = 1;
	classes = {
	};
	objectVersion = 46;
	objects = {

/* Begin PBXBuildFile section */
		C005144D1650216600078EBB /* EventHandler.cpp in Sources */ = {isa = PBXBuildFile; fileRef = C005144B1650216600078EBB /* EventHandler.cpp */; };
		C00514501650217300078EBB /* cocos2dx_EventHandlers.cpp in Sources */ = {isa = PBXBuildFile; fileRef = C005144E1650217300078EBB /* cocos2dx_EventHandlers.cpp */; };
		C031BA781635BDBA005F73E3 /* QuartzCore.framework in Frameworks */ = {isa = PBXBuildFile; fileRef = C031BA771635BDBA005F73E3 /* QuartzCore.framework */; };
		C031BA7A1635BDBA005F73E3 /* OpenGLES.framework in Frameworks */ = {isa = PBXBuildFile; fileRef = C031BA791635BDBA005F73E3 /* OpenGLES.framework */; };
		C031BA7C1635BDBA005F73E3 /* OpenAL.framework in Frameworks */ = {isa = PBXBuildFile; fileRef = C031BA7B1635BDBA005F73E3 /* OpenAL.framework */; };
		C031BA7E1635BDBA005F73E3 /* AudioToolbox.framework in Frameworks */ = {isa = PBXBuildFile; fileRef = C031BA7D1635BDBA005F73E3 /* AudioToolbox.framework */; };
		C031BA801635BDBA005F73E3 /* AVFoundation.framework in Frameworks */ = {isa = PBXBuildFile; fileRef = C031BA7F1635BDBA005F73E3 /* AVFoundation.framework */; };
		C031BA821635BDBA005F73E3 /* UIKit.framework in Frameworks */ = {isa = PBXBuildFile; fileRef = C031BA811635BDBA005F73E3 /* UIKit.framework */; };
		C031BA841635BDBA005F73E3 /* Foundation.framework in Frameworks */ = {isa = PBXBuildFile; fileRef = C031BA831635BDBA005F73E3 /* Foundation.framework */; };
		C031BA861635BDBA005F73E3 /* CoreGraphics.framework in Frameworks */ = {isa = PBXBuildFile; fileRef = C031BA851635BDBA005F73E3 /* CoreGraphics.framework */; };
		C031BAA31635BDBA005F73E3 /* AppController.mm in Sources */ = {isa = PBXBuildFile; fileRef = C031BAA21635BDBA005F73E3 /* AppController.mm */; };
		C031BAA61635BDBA005F73E3 /* RootViewController.mm in Sources */ = {isa = PBXBuildFile; fileRef = C031BAA51635BDBA005F73E3 /* RootViewController.mm */; };
		C031BAA81635BDBA005F73E3 /* main.m in Sources */ = {isa = PBXBuildFile; fileRef = C031BAA71635BDBA005F73E3 /* main.m */; };
		C031BD271635BDBD005F73E3 /* AppDelegate.cpp in Sources */ = {isa = PBXBuildFile; fileRef = C031BD261635BDBD005F73E3 /* AppDelegate.cpp */; };
		C031BD481635C4C7005F73E3 /* cocos2dx_StoreController.mm in Sources */ = {isa = PBXBuildFile; fileRef = C031BD471635C4C7005F73E3 /* cocos2dx_StoreController.mm */; };
		C031BE2B1635C714005F73E3 /* libsqlite3.0.dylib in Frameworks */ = {isa = PBXBuildFile; fileRef = C031BE2A1635C714005F73E3 /* libsqlite3.0.dylib */; };
		C031BE2D1635C71A005F73E3 /* StoreKit.framework in Frameworks */ = {isa = PBXBuildFile; fileRef = C031BE2C1635C71A005F73E3 /* StoreKit.framework */; };
		C031BE2F1635C720005F73E3 /* Security.framework in Frameworks */ = {isa = PBXBuildFile; fileRef = C031BE2E1635C720005F73E3 /* Security.framework */; };
		C04C5B6A1732DDB10081553A /* JSONConsts.m in Sources */ = {isa = PBXBuildFile; fileRef = C04C5B0C1732DDB10081553A /* JSONConsts.m */; };
		C04C5B6B1732DDB10081553A /* KeyValDatabase.m in Sources */ = {isa = PBXBuildFile; fileRef = C04C5B0E1732DDB10081553A /* KeyValDatabase.m */; };
		C04C5B6C1732DDB10081553A /* KeyValueStorage.m in Sources */ = {isa = PBXBuildFile; fileRef = C04C5B101732DDB10081553A /* KeyValueStorage.m */; };
		C04C5B6D1732DDB10081553A /* NonConsumableStorage.m in Sources */ = {isa = PBXBuildFile; fileRef = C04C5B121732DDB10081553A /* NonConsumableStorage.m */; };
		C04C5B6E1732DDB10081553A /* ObscuredNSUserDefaults.m in Sources */ = {isa = PBXBuildFile; fileRef = C04C5B141732DDB10081553A /* ObscuredNSUserDefaults.m */; };
		C04C5B6F1732DDB10081553A /* StorageManager.m in Sources */ = {isa = PBXBuildFile; fileRef = C04C5B161732DDB10081553A /* StorageManager.m */; };
		C04C5B701732DDB10081553A /* StoreDatabase.m in Sources */ = {isa = PBXBuildFile; fileRef = C04C5B181732DDB10081553A /* StoreDatabase.m */; };
		C04C5B711732DDB10081553A /* StoreEncryptor.m in Sources */ = {isa = PBXBuildFile; fileRef = C04C5B1A1732DDB10081553A /* StoreEncryptor.m */; };
		C04C5B721732DDB10081553A /* StorefrontInfo.m in Sources */ = {isa = PBXBuildFile; fileRef = C04C5B1C1732DDB10081553A /* StorefrontInfo.m */; };
		C04C5B731732DDB10081553A /* StoreInfo.m in Sources */ = {isa = PBXBuildFile; fileRef = C04C5B1E1732DDB10081553A /* StoreInfo.m */; };
		C04C5B741732DDB10081553A /* VirtualCurrencyStorage.m in Sources */ = {isa = PBXBuildFile; fileRef = C04C5B201732DDB10081553A /* VirtualCurrencyStorage.m */; };
		C04C5B751732DDB10081553A /* VirtualGoodStorage.m in Sources */ = {isa = PBXBuildFile; fileRef = C04C5B221732DDB10081553A /* VirtualGoodStorage.m */; };
		C04C5B761732DDB10081553A /* VirtualItemStorage.m in Sources */ = {isa = PBXBuildFile; fileRef = C04C5B241732DDB10081553A /* VirtualItemStorage.m */; };
		C04C5B771732DDB10081553A /* AppStoreItem.m in Sources */ = {isa = PBXBuildFile; fileRef = C04C5B271732DDB10081553A /* AppStoreItem.m */; };
		C04C5B781732DDB10081553A /* NonConsumableItem.m in Sources */ = {isa = PBXBuildFile; fileRef = C04C5B291732DDB10081553A /* NonConsumableItem.m */; };
		C04C5B791732DDB10081553A /* PurchasableVirtualItem.m in Sources */ = {isa = PBXBuildFile; fileRef = C04C5B2B1732DDB10081553A /* PurchasableVirtualItem.m */; };
		C04C5B7A1732DDB10081553A /* VirtualCategory.m in Sources */ = {isa = PBXBuildFile; fileRef = C04C5B2D1732DDB10081553A /* VirtualCategory.m */; };
		C04C5B7B1732DDB10081553A /* VirtualCurrency.m in Sources */ = {isa = PBXBuildFile; fileRef = C04C5B301732DDB10081553A /* VirtualCurrency.m */; };
		C04C5B7C1732DDB10081553A /* VirtualCurrencyPack.m in Sources */ = {isa = PBXBuildFile; fileRef = C04C5B321732DDB10081553A /* VirtualCurrencyPack.m */; };
		C04C5B7D1732DDB10081553A /* EquippableVG.m in Sources */ = {isa = PBXBuildFile; fileRef = C04C5B351732DDB10081553A /* EquippableVG.m */; };
		C04C5B7E1732DDB10081553A /* LifetimeVG.m in Sources */ = {isa = PBXBuildFile; fileRef = C04C5B371732DDB10081553A /* LifetimeVG.m */; };
		C04C5B7F1732DDB10081553A /* SingleUsePackVG.m in Sources */ = {isa = PBXBuildFile; fileRef = C04C5B391732DDB10081553A /* SingleUsePackVG.m */; };
		C04C5B801732DDB10081553A /* SingleUseVG.m in Sources */ = {isa = PBXBuildFile; fileRef = C04C5B3B1732DDB10081553A /* SingleUseVG.m */; };
		C04C5B811732DDB10081553A /* UpgradeVG.m in Sources */ = {isa = PBXBuildFile; fileRef = C04C5B3D1732DDB10081553A /* UpgradeVG.m */; };
		C04C5B821732DDB10081553A /* VirtualGood.m in Sources */ = {isa = PBXBuildFile; fileRef = C04C5B3F1732DDB10081553A /* VirtualGood.m */; };
		C04C5B831732DDB10081553A /* VirtualItem.m in Sources */ = {isa = PBXBuildFile; fileRef = C04C5B411732DDB10081553A /* VirtualItem.m */; };
		C04C5B841732DDB10081553A /* EventHandling.m in Sources */ = {isa = PBXBuildFile; fileRef = C04C5B431732DDB10081553A /* EventHandling.m */; };
		C04C5B851732DDB10081553A /* InsufficientFundsException.m in Sources */ = {isa = PBXBuildFile; fileRef = C04C5B461732DDB10081553A /* InsufficientFundsException.m */; };
		C04C5B861732DDB10081553A /* NotEnoughGoodsException.m in Sources */ = {isa = PBXBuildFile; fileRef = C04C5B481732DDB10081553A /* NotEnoughGoodsException.m */; };
		C04C5B871732DDB10081553A /* VirtualItemNotFoundException.m in Sources */ = {isa = PBXBuildFile; fileRef = C04C5B4A1732DDB10081553A /* VirtualItemNotFoundException.m */; };
		C04C5B881732DDB10081553A /* FBEncryptorAES.m in Sources */ = {isa = PBXBuildFile; fileRef = C04C5B4D1732DDB10081553A /* FBEncryptorAES.m */; };
		C04C5B891732DDB10081553A /* NSData-Base64.m in Sources */ = {isa = PBXBuildFile; fileRef = C04C5B4F1732DDB10081553A /* NSData-Base64.m */; };
		C04C5B8A1732DDB10081553A /* JSONKit.m in Sources */ = {isa = PBXBuildFile; fileRef = C04C5B531732DDB10081553A /* JSONKit.m */; };
		C04C5B8B1732DDB10081553A /* PurchaseType.m in Sources */ = {isa = PBXBuildFile; fileRef = C04C5B561732DDB10081553A /* PurchaseType.m */; };
		C04C5B8C1732DDB10081553A /* PurchaseWithMarket.m in Sources */ = {isa = PBXBuildFile; fileRef = C04C5B581732DDB10081553A /* PurchaseWithMarket.m */; };
		C04C5B8D1732DDB10081553A /* PurchaseWithVirtualItem.m in Sources */ = {isa = PBXBuildFile; fileRef = C04C5B5A1732DDB10081553A /* PurchaseWithVirtualItem.m */; };
		C04C5B8E1732DDB10081553A /* StoreConfig.m in Sources */ = {isa = PBXBuildFile; fileRef = C04C5B5D1732DDB10081553A /* StoreConfig.m */; };
		C04C5B8F1732DDB10081553A /* StoreController.m in Sources */ = {isa = PBXBuildFile; fileRef = C04C5B5F1732DDB10081553A /* StoreController.m */; };
		C04C5B901732DDB10081553A /* StoreInventory.m in Sources */ = {isa = PBXBuildFile; fileRef = C04C5B611732DDB10081553A /* StoreInventory.m */; };
		C04C5B911732DDB10081553A /* StoreUtils.m in Sources */ = {isa = PBXBuildFile; fileRef = C04C5B631732DDB10081553A /* StoreUtils.m */; };
		C04C5B921732DDB10081553A /* license in Resources */ = {isa = PBXBuildFile; fileRef = C04C5B651732DDB10081553A /* license */; };
		C04C5B931732DDB10081553A /* NSString-MD5Addition.m in Sources */ = {isa = PBXBuildFile; fileRef = C04C5B671732DDB10081553A /* NSString-MD5Addition.m */; };
		C04C5B941732DDB10081553A /* UIDevice-IdentifierAddition.m in Sources */ = {isa = PBXBuildFile; fileRef = C04C5B691732DDB10081553A /* UIDevice-IdentifierAddition.m */; };
		C069308F163C86D60037E975 /* libcocos2dx.a in Frameworks */ = {isa = PBXBuildFile; fileRef = C0B04372163C84860015400E /* libcocos2dx.a */; };
		C0693091163C876C0037E975 /* libz.dylib in Frameworks */ = {isa = PBXBuildFile; fileRef = C0693090163C876C0037E975 /* libz.dylib */; };
		C0693093163C87760037E975 /* libxml2.dylib in Frameworks */ = {isa = PBXBuildFile; fileRef = C0693092163C87760037E975 /* libxml2.dylib */; };
		C06930A1163D86E30037E975 /* cocos2dx_StoreInfo.mm in Sources */ = {isa = PBXBuildFile; fileRef = C06930A0163D86E30037E975 /* cocos2dx_StoreInfo.mm */; };
		C0B042DC163BFD2B0015400E /* Icon-72.png in Resources */ = {isa = PBXBuildFile; fileRef = C0B042D6163BFD2B0015400E /* Icon-72.png */; };
		C0B042DD163BFD2B0015400E /* Icon-Small-50.png in Resources */ = {isa = PBXBuildFile; fileRef = C0B042D7163BFD2B0015400E /* Icon-Small-50.png */; };
		C0B042DE163BFD2B0015400E /* Icon-Small.png in Resources */ = {isa = PBXBuildFile; fileRef = C0B042D8163BFD2B0015400E /* Icon-Small.png */; };
		C0B042DF163BFD2B0015400E /* Icon-Small@2x.png in Resources */ = {isa = PBXBuildFile; fileRef = C0B042D9163BFD2B0015400E /* Icon-Small@2x.png */; };
		C0B042E0163BFD2B0015400E /* Icon.png in Resources */ = {isa = PBXBuildFile; fileRef = C0B042DA163BFD2B0015400E /* Icon.png */; };
		C0B042E1163BFD2B0015400E /* Icon@2x.png in Resources */ = {isa = PBXBuildFile; fileRef = C0B042DB163BFD2B0015400E /* Icon@2x.png */; };
		C0B042F1163BFE960015400E /* GameMenuItem.cpp in Sources */ = {isa = PBXBuildFile; fileRef = C0B042E6163BFE960015400E /* GameMenuItem.cpp */; };
		C0B042F2163BFE960015400E /* MainScene.cpp in Sources */ = {isa = PBXBuildFile; fileRef = C0B042E9163BFE960015400E /* MainScene.cpp */; };
		C0B042F3163BFE960015400E /* StoreAScene.cpp in Sources */ = {isa = PBXBuildFile; fileRef = C0B042EC163BFE960015400E /* StoreAScene.cpp */; };
		C0B042F4163BFE960015400E /* StoreBScene.cpp in Sources */ = {isa = PBXBuildFile; fileRef = C0B042EE163BFE960015400E /* StoreBScene.cpp */; };
		C0B04308163C59700015400E /* iOSHelper.mm in Sources */ = {isa = PBXBuildFile; fileRef = C0B04306163C59700015400E /* iOSHelper.mm */; };
		C0B04310163C5DDE0015400E /* MuffinRushAssets.m in Sources */ = {isa = PBXBuildFile; fileRef = C0B0430F163C5DDE0015400E /* MuffinRushAssets.m */; };
		C0B0431B163C7B250015400E /* cocos2dx_StoreInventory.mm in Sources */ = {isa = PBXBuildFile; fileRef = C0B0431A163C7B250015400E /* cocos2dx_StoreInventory.mm */; };
		C0B0435E163C83B30015400E /* iphone in Resources */ = {isa = PBXBuildFile; fileRef = C0B0435C163C83B30015400E /* iphone */; };
		C0B0435F163C83B30015400E /* iphonehd in Resources */ = {isa = PBXBuildFile; fileRef = C0B0435D163C83B30015400E /* iphonehd */; };
		C0E0A856173699530092A33A /* GoodDog.otf in Resources */ = {isa = PBXBuildFile; fileRef = C0E0A855173699530092A33A /* GoodDog.otf */; };
		C0F30C6516EFA52A00793A06 /* cocos2dx_EventDispatcher.mm in Sources */ = {isa = PBXBuildFile; fileRef = C0F30C6416EFA52A00793A06 /* cocos2dx_EventDispatcher.mm */; };
/* End PBXBuildFile section */

/* Begin PBXContainerItemProxy section */
		C0B04371163C84860015400E /* PBXContainerItemProxy */ = {
			isa = PBXContainerItemProxy;
			containerPortal = C0B0436A163C84860015400E /* cocos2dx.xcodeproj */;
			proxyType = 2;
			remoteGlobalIDString = 1551A33F158F2AB200E66CFE;
			remoteInfo = cocos2dx;
		};
/* End PBXContainerItemProxy section */

/* Begin PBXFileReference section */
		C005144B1650216600078EBB /* EventHandler.cpp */ = {isa = PBXFileReference; fileEncoding = 4; lastKnownFileType = sourcecode.cpp.cpp; name = EventHandler.cpp; path = Classes/EventHandler.cpp; sourceTree = "<group>"; };
		C005144C1650216600078EBB /* EventHandler.h */ = {isa = PBXFileReference; fileEncoding = 4; lastKnownFileType = sourcecode.c.h; name = EventHandler.h; path = Classes/EventHandler.h; sourceTree = "<group>"; };
		C005144E1650217300078EBB /* cocos2dx_EventHandlers.cpp */ = {isa = PBXFileReference; fileEncoding = 4; lastKnownFileType = sourcecode.cpp.cpp; path = cocos2dx_EventHandlers.cpp; sourceTree = "<group>"; };
		C005144F1650217300078EBB /* cocos2dx_EventHandlers.h */ = {isa = PBXFileReference; fileEncoding = 4; lastKnownFileType = sourcecode.c.h; path = cocos2dx_EventHandlers.h; sourceTree = "<group>"; };
		C031BA731635BDBA005F73E3 /* cocos2dx-store.app */ = {isa = PBXFileReference; explicitFileType = wrapper.application; includeInIndex = 0; path = "cocos2dx-store.app"; sourceTree = BUILT_PRODUCTS_DIR; };
		C031BA771635BDBA005F73E3 /* QuartzCore.framework */ = {isa = PBXFileReference; lastKnownFileType = wrapper.framework; name = QuartzCore.framework; path = System/Library/Frameworks/QuartzCore.framework; sourceTree = SDKROOT; };
		C031BA791635BDBA005F73E3 /* OpenGLES.framework */ = {isa = PBXFileReference; lastKnownFileType = wrapper.framework; name = OpenGLES.framework; path = System/Library/Frameworks/OpenGLES.framework; sourceTree = SDKROOT; };
		C031BA7B1635BDBA005F73E3 /* OpenAL.framework */ = {isa = PBXFileReference; lastKnownFileType = wrapper.framework; name = OpenAL.framework; path = System/Library/Frameworks/OpenAL.framework; sourceTree = SDKROOT; };
		C031BA7D1635BDBA005F73E3 /* AudioToolbox.framework */ = {isa = PBXFileReference; lastKnownFileType = wrapper.framework; name = AudioToolbox.framework; path = System/Library/Frameworks/AudioToolbox.framework; sourceTree = SDKROOT; };
		C031BA7F1635BDBA005F73E3 /* AVFoundation.framework */ = {isa = PBXFileReference; lastKnownFileType = wrapper.framework; name = AVFoundation.framework; path = System/Library/Frameworks/AVFoundation.framework; sourceTree = SDKROOT; };
		C031BA811635BDBA005F73E3 /* UIKit.framework */ = {isa = PBXFileReference; lastKnownFileType = wrapper.framework; name = UIKit.framework; path = System/Library/Frameworks/UIKit.framework; sourceTree = SDKROOT; };
		C031BA831635BDBA005F73E3 /* Foundation.framework */ = {isa = PBXFileReference; lastKnownFileType = wrapper.framework; name = Foundation.framework; path = System/Library/Frameworks/Foundation.framework; sourceTree = SDKROOT; };
		C031BA851635BDBA005F73E3 /* CoreGraphics.framework */ = {isa = PBXFileReference; lastKnownFileType = wrapper.framework; name = CoreGraphics.framework; path = System/Library/Frameworks/CoreGraphics.framework; sourceTree = SDKROOT; };
		C031BAA11635BDBA005F73E3 /* AppController.h */ = {isa = PBXFileReference; lastKnownFileType = sourcecode.c.h; name = AppController.h; path = ios/AppController.h; sourceTree = "<group>"; };
		C031BAA21635BDBA005F73E3 /* AppController.mm */ = {isa = PBXFileReference; lastKnownFileType = sourcecode.cpp.objcpp; name = AppController.mm; path = ios/AppController.mm; sourceTree = "<group>"; };
		C031BAA41635BDBA005F73E3 /* RootViewController.h */ = {isa = PBXFileReference; lastKnownFileType = sourcecode.c.h; name = RootViewController.h; path = ios/RootViewController.h; sourceTree = "<group>"; };
		C031BAA51635BDBA005F73E3 /* RootViewController.mm */ = {isa = PBXFileReference; lastKnownFileType = sourcecode.cpp.objcpp; name = RootViewController.mm; path = ios/RootViewController.mm; sourceTree = "<group>"; };
		C031BAA71635BDBA005F73E3 /* main.m */ = {isa = PBXFileReference; lastKnownFileType = sourcecode.c.objc; name = main.m; path = ios/main.m; sourceTree = "<group>"; };
		C031BD251635BDBD005F73E3 /* AppDelegate.h */ = {isa = PBXFileReference; lastKnownFileType = sourcecode.c.h; name = AppDelegate.h; path = Classes/AppDelegate.h; sourceTree = "<group>"; };
		C031BD261635BDBD005F73E3 /* AppDelegate.cpp */ = {isa = PBXFileReference; lastKnownFileType = sourcecode.cpp.cpp; name = AppDelegate.cpp; path = Classes/AppDelegate.cpp; sourceTree = "<group>"; };
		C031BD471635C4C7005F73E3 /* cocos2dx_StoreController.mm */ = {isa = PBXFileReference; fileEncoding = 4; lastKnownFileType = sourcecode.cpp.objcpp; name = cocos2dx_StoreController.mm; path = ios/cocos2dx_StoreController.mm; sourceTree = "<group>"; };
		C031BE2A1635C714005F73E3 /* libsqlite3.0.dylib */ = {isa = PBXFileReference; lastKnownFileType = "compiled.mach-o.dylib"; name = libsqlite3.0.dylib; path = usr/lib/libsqlite3.0.dylib; sourceTree = SDKROOT; };
		C031BE2C1635C71A005F73E3 /* StoreKit.framework */ = {isa = PBXFileReference; lastKnownFileType = wrapper.framework; name = StoreKit.framework; path = System/Library/Frameworks/StoreKit.framework; sourceTree = SDKROOT; };
		C031BE2E1635C720005F73E3 /* Security.framework */ = {isa = PBXFileReference; lastKnownFileType = wrapper.framework; name = Security.framework; path = System/Library/Frameworks/Security.framework; sourceTree = SDKROOT; };
		C04C5B0B1732DDB10081553A /* JSONConsts.h */ = {isa = PBXFileReference; fileEncoding = 4; lastKnownFileType = sourcecode.c.h; path = JSONConsts.h; sourceTree = "<group>"; };
		C04C5B0C1732DDB10081553A /* JSONConsts.m */ = {isa = PBXFileReference; fileEncoding = 4; lastKnownFileType = sourcecode.c.objc; path = JSONConsts.m; sourceTree = "<group>"; };
		C04C5B0D1732DDB10081553A /* KeyValDatabase.h */ = {isa = PBXFileReference; fileEncoding = 4; lastKnownFileType = sourcecode.c.h; path = KeyValDatabase.h; sourceTree = "<group>"; };
		C04C5B0E1732DDB10081553A /* KeyValDatabase.m */ = {isa = PBXFileReference; fileEncoding = 4; lastKnownFileType = sourcecode.c.objc; path = KeyValDatabase.m; sourceTree = "<group>"; };
		C04C5B0F1732DDB10081553A /* KeyValueStorage.h */ = {isa = PBXFileReference; fileEncoding = 4; lastKnownFileType = sourcecode.c.h; path = KeyValueStorage.h; sourceTree = "<group>"; };
		C04C5B101732DDB10081553A /* KeyValueStorage.m */ = {isa = PBXFileReference; fileEncoding = 4; lastKnownFileType = sourcecode.c.objc; path = KeyValueStorage.m; sourceTree = "<group>"; };
		C04C5B111732DDB10081553A /* NonConsumableStorage.h */ = {isa = PBXFileReference; fileEncoding = 4; lastKnownFileType = sourcecode.c.h; path = NonConsumableStorage.h; sourceTree = "<group>"; };
		C04C5B121732DDB10081553A /* NonConsumableStorage.m */ = {isa = PBXFileReference; fileEncoding = 4; lastKnownFileType = sourcecode.c.objc; path = NonConsumableStorage.m; sourceTree = "<group>"; };
		C04C5B131732DDB10081553A /* ObscuredNSUserDefaults.h */ = {isa = PBXFileReference; fileEncoding = 4; lastKnownFileType = sourcecode.c.h; path = ObscuredNSUserDefaults.h; sourceTree = "<group>"; };
		C04C5B141732DDB10081553A /* ObscuredNSUserDefaults.m */ = {isa = PBXFileReference; fileEncoding = 4; lastKnownFileType = sourcecode.c.objc; path = ObscuredNSUserDefaults.m; sourceTree = "<group>"; };
		C04C5B151732DDB10081553A /* StorageManager.h */ = {isa = PBXFileReference; fileEncoding = 4; lastKnownFileType = sourcecode.c.h; path = StorageManager.h; sourceTree = "<group>"; };
		C04C5B161732DDB10081553A /* StorageManager.m */ = {isa = PBXFileReference; fileEncoding = 4; lastKnownFileType = sourcecode.c.objc; path = StorageManager.m; sourceTree = "<group>"; };
		C04C5B171732DDB10081553A /* StoreDatabase.h */ = {isa = PBXFileReference; fileEncoding = 4; lastKnownFileType = sourcecode.c.h; path = StoreDatabase.h; sourceTree = "<group>"; };
		C04C5B181732DDB10081553A /* StoreDatabase.m */ = {isa = PBXFileReference; fileEncoding = 4; lastKnownFileType = sourcecode.c.objc; path = StoreDatabase.m; sourceTree = "<group>"; };
		C04C5B191732DDB10081553A /* StoreEncryptor.h */ = {isa = PBXFileReference; fileEncoding = 4; lastKnownFileType = sourcecode.c.h; path = StoreEncryptor.h; sourceTree = "<group>"; };
		C04C5B1A1732DDB10081553A /* StoreEncryptor.m */ = {isa = PBXFileReference; fileEncoding = 4; lastKnownFileType = sourcecode.c.objc; path = StoreEncryptor.m; sourceTree = "<group>"; };
		C04C5B1B1732DDB10081553A /* StorefrontInfo.h */ = {isa = PBXFileReference; fileEncoding = 4; lastKnownFileType = sourcecode.c.h; path = StorefrontInfo.h; sourceTree = "<group>"; };
		C04C5B1C1732DDB10081553A /* StorefrontInfo.m */ = {isa = PBXFileReference; fileEncoding = 4; lastKnownFileType = sourcecode.c.objc; path = StorefrontInfo.m; sourceTree = "<group>"; };
		C04C5B1D1732DDB10081553A /* StoreInfo.h */ = {isa = PBXFileReference; fileEncoding = 4; lastKnownFileType = sourcecode.c.h; path = StoreInfo.h; sourceTree = "<group>"; };
		C04C5B1E1732DDB10081553A /* StoreInfo.m */ = {isa = PBXFileReference; fileEncoding = 4; lastKnownFileType = sourcecode.c.objc; path = StoreInfo.m; sourceTree = "<group>"; };
		C04C5B1F1732DDB10081553A /* VirtualCurrencyStorage.h */ = {isa = PBXFileReference; fileEncoding = 4; lastKnownFileType = sourcecode.c.h; path = VirtualCurrencyStorage.h; sourceTree = "<group>"; };
		C04C5B201732DDB10081553A /* VirtualCurrencyStorage.m */ = {isa = PBXFileReference; fileEncoding = 4; lastKnownFileType = sourcecode.c.objc; path = VirtualCurrencyStorage.m; sourceTree = "<group>"; };
		C04C5B211732DDB10081553A /* VirtualGoodStorage.h */ = {isa = PBXFileReference; fileEncoding = 4; lastKnownFileType = sourcecode.c.h; path = VirtualGoodStorage.h; sourceTree = "<group>"; };
		C04C5B221732DDB10081553A /* VirtualGoodStorage.m */ = {isa = PBXFileReference; fileEncoding = 4; lastKnownFileType = sourcecode.c.objc; path = VirtualGoodStorage.m; sourceTree = "<group>"; };
		C04C5B231732DDB10081553A /* VirtualItemStorage.h */ = {isa = PBXFileReference; fileEncoding = 4; lastKnownFileType = sourcecode.c.h; path = VirtualItemStorage.h; sourceTree = "<group>"; };
		C04C5B241732DDB10081553A /* VirtualItemStorage.m */ = {isa = PBXFileReference; fileEncoding = 4; lastKnownFileType = sourcecode.c.objc; path = VirtualItemStorage.m; sourceTree = "<group>"; };
		C04C5B261732DDB10081553A /* AppStoreItem.h */ = {isa = PBXFileReference; fileEncoding = 4; lastKnownFileType = sourcecode.c.h; path = AppStoreItem.h; sourceTree = "<group>"; };
		C04C5B271732DDB10081553A /* AppStoreItem.m */ = {isa = PBXFileReference; fileEncoding = 4; lastKnownFileType = sourcecode.c.objc; path = AppStoreItem.m; sourceTree = "<group>"; };
		C04C5B281732DDB10081553A /* NonConsumableItem.h */ = {isa = PBXFileReference; fileEncoding = 4; lastKnownFileType = sourcecode.c.h; path = NonConsumableItem.h; sourceTree = "<group>"; };
		C04C5B291732DDB10081553A /* NonConsumableItem.m */ = {isa = PBXFileReference; fileEncoding = 4; lastKnownFileType = sourcecode.c.objc; path = NonConsumableItem.m; sourceTree = "<group>"; };
		C04C5B2A1732DDB10081553A /* PurchasableVirtualItem.h */ = {isa = PBXFileReference; fileEncoding = 4; lastKnownFileType = sourcecode.c.h; path = PurchasableVirtualItem.h; sourceTree = "<group>"; };
		C04C5B2B1732DDB10081553A /* PurchasableVirtualItem.m */ = {isa = PBXFileReference; fileEncoding = 4; lastKnownFileType = sourcecode.c.objc; path = PurchasableVirtualItem.m; sourceTree = "<group>"; };
		C04C5B2C1732DDB10081553A /* VirtualCategory.h */ = {isa = PBXFileReference; fileEncoding = 4; lastKnownFileType = sourcecode.c.h; path = VirtualCategory.h; sourceTree = "<group>"; };
		C04C5B2D1732DDB10081553A /* VirtualCategory.m */ = {isa = PBXFileReference; fileEncoding = 4; lastKnownFileType = sourcecode.c.objc; path = VirtualCategory.m; sourceTree = "<group>"; };
		C04C5B2F1732DDB10081553A /* VirtualCurrency.h */ = {isa = PBXFileReference; fileEncoding = 4; lastKnownFileType = sourcecode.c.h; path = VirtualCurrency.h; sourceTree = "<group>"; };
		C04C5B301732DDB10081553A /* VirtualCurrency.m */ = {isa = PBXFileReference; fileEncoding = 4; lastKnownFileType = sourcecode.c.objc; path = VirtualCurrency.m; sourceTree = "<group>"; };
		C04C5B311732DDB10081553A /* VirtualCurrencyPack.h */ = {isa = PBXFileReference; fileEncoding = 4; lastKnownFileType = sourcecode.c.h; path = VirtualCurrencyPack.h; sourceTree = "<group>"; };
		C04C5B321732DDB10081553A /* VirtualCurrencyPack.m */ = {isa = PBXFileReference; fileEncoding = 4; lastKnownFileType = sourcecode.c.objc; path = VirtualCurrencyPack.m; sourceTree = "<group>"; };
		C04C5B341732DDB10081553A /* EquippableVG.h */ = {isa = PBXFileReference; fileEncoding = 4; lastKnownFileType = sourcecode.c.h; path = EquippableVG.h; sourceTree = "<group>"; };
		C04C5B351732DDB10081553A /* EquippableVG.m */ = {isa = PBXFileReference; fileEncoding = 4; lastKnownFileType = sourcecode.c.objc; path = EquippableVG.m; sourceTree = "<group>"; };
		C04C5B361732DDB10081553A /* LifetimeVG.h */ = {isa = PBXFileReference; fileEncoding = 4; lastKnownFileType = sourcecode.c.h; path = LifetimeVG.h; sourceTree = "<group>"; };
		C04C5B371732DDB10081553A /* LifetimeVG.m */ = {isa = PBXFileReference; fileEncoding = 4; lastKnownFileType = sourcecode.c.objc; path = LifetimeVG.m; sourceTree = "<group>"; };
		C04C5B381732DDB10081553A /* SingleUsePackVG.h */ = {isa = PBXFileReference; fileEncoding = 4; lastKnownFileType = sourcecode.c.h; path = SingleUsePackVG.h; sourceTree = "<group>"; };
		C04C5B391732DDB10081553A /* SingleUsePackVG.m */ = {isa = PBXFileReference; fileEncoding = 4; lastKnownFileType = sourcecode.c.objc; path = SingleUsePackVG.m; sourceTree = "<group>"; };
		C04C5B3A1732DDB10081553A /* SingleUseVG.h */ = {isa = PBXFileReference; fileEncoding = 4; lastKnownFileType = sourcecode.c.h; path = SingleUseVG.h; sourceTree = "<group>"; };
		C04C5B3B1732DDB10081553A /* SingleUseVG.m */ = {isa = PBXFileReference; fileEncoding = 4; lastKnownFileType = sourcecode.c.objc; path = SingleUseVG.m; sourceTree = "<group>"; };
		C04C5B3C1732DDB10081553A /* UpgradeVG.h */ = {isa = PBXFileReference; fileEncoding = 4; lastKnownFileType = sourcecode.c.h; path = UpgradeVG.h; sourceTree = "<group>"; };
		C04C5B3D1732DDB10081553A /* UpgradeVG.m */ = {isa = PBXFileReference; fileEncoding = 4; lastKnownFileType = sourcecode.c.objc; path = UpgradeVG.m; sourceTree = "<group>"; };
		C04C5B3E1732DDB10081553A /* VirtualGood.h */ = {isa = PBXFileReference; fileEncoding = 4; lastKnownFileType = sourcecode.c.h; path = VirtualGood.h; sourceTree = "<group>"; };
		C04C5B3F1732DDB10081553A /* VirtualGood.m */ = {isa = PBXFileReference; fileEncoding = 4; lastKnownFileType = sourcecode.c.objc; path = VirtualGood.m; sourceTree = "<group>"; };
		C04C5B401732DDB10081553A /* VirtualItem.h */ = {isa = PBXFileReference; fileEncoding = 4; lastKnownFileType = sourcecode.c.h; path = VirtualItem.h; sourceTree = "<group>"; };
		C04C5B411732DDB10081553A /* VirtualItem.m */ = {isa = PBXFileReference; fileEncoding = 4; lastKnownFileType = sourcecode.c.objc; path = VirtualItem.m; sourceTree = "<group>"; };
		C04C5B421732DDB10081553A /* EventHandling.h */ = {isa = PBXFileReference; fileEncoding = 4; lastKnownFileType = sourcecode.c.h; path = EventHandling.h; sourceTree = "<group>"; };
		C04C5B431732DDB10081553A /* EventHandling.m */ = {isa = PBXFileReference; fileEncoding = 4; lastKnownFileType = sourcecode.c.objc; path = EventHandling.m; sourceTree = "<group>"; };
		C04C5B451732DDB10081553A /* InsufficientFundsException.h */ = {isa = PBXFileReference; fileEncoding = 4; lastKnownFileType = sourcecode.c.h; path = InsufficientFundsException.h; sourceTree = "<group>"; };
		C04C5B461732DDB10081553A /* InsufficientFundsException.m */ = {isa = PBXFileReference; fileEncoding = 4; lastKnownFileType = sourcecode.c.objc; path = InsufficientFundsException.m; sourceTree = "<group>"; };
		C04C5B471732DDB10081553A /* NotEnoughGoodsException.h */ = {isa = PBXFileReference; fileEncoding = 4; lastKnownFileType = sourcecode.c.h; path = NotEnoughGoodsException.h; sourceTree = "<group>"; };
		C04C5B481732DDB10081553A /* NotEnoughGoodsException.m */ = {isa = PBXFileReference; fileEncoding = 4; lastKnownFileType = sourcecode.c.objc; path = NotEnoughGoodsException.m; sourceTree = "<group>"; };
		C04C5B491732DDB10081553A /* VirtualItemNotFoundException.h */ = {isa = PBXFileReference; fileEncoding = 4; lastKnownFileType = sourcecode.c.h; path = VirtualItemNotFoundException.h; sourceTree = "<group>"; };
		C04C5B4A1732DDB10081553A /* VirtualItemNotFoundException.m */ = {isa = PBXFileReference; fileEncoding = 4; lastKnownFileType = sourcecode.c.objc; path = VirtualItemNotFoundException.m; sourceTree = "<group>"; };
		C04C5B4C1732DDB10081553A /* FBEncryptorAES.h */ = {isa = PBXFileReference; fileEncoding = 4; lastKnownFileType = sourcecode.c.h; path = FBEncryptorAES.h; sourceTree = "<group>"; };
		C04C5B4D1732DDB10081553A /* FBEncryptorAES.m */ = {isa = PBXFileReference; fileEncoding = 4; lastKnownFileType = sourcecode.c.objc; path = FBEncryptorAES.m; sourceTree = "<group>"; };
		C04C5B4E1732DDB10081553A /* NSData-Base64.h */ = {isa = PBXFileReference; fileEncoding = 4; lastKnownFileType = sourcecode.c.h; path = "NSData-Base64.h"; sourceTree = "<group>"; };
		C04C5B4F1732DDB10081553A /* NSData-Base64.m */ = {isa = PBXFileReference; fileEncoding = 4; lastKnownFileType = sourcecode.c.objc; path = "NSData-Base64.m"; sourceTree = "<group>"; };
		C04C5B501732DDB10081553A /* IStoreAsssets.h */ = {isa = PBXFileReference; fileEncoding = 4; lastKnownFileType = sourcecode.c.h; path = IStoreAsssets.h; sourceTree = "<group>"; };
		C04C5B521732DDB10081553A /* JSONKit.h */ = {isa = PBXFileReference; fileEncoding = 4; lastKnownFileType = sourcecode.c.h; path = JSONKit.h; sourceTree = "<group>"; };
		C04C5B531732DDB10081553A /* JSONKit.m */ = {isa = PBXFileReference; fileEncoding = 4; lastKnownFileType = sourcecode.c.objc; path = JSONKit.m; sourceTree = "<group>"; };
		C04C5B551732DDB10081553A /* PurchaseType.h */ = {isa = PBXFileReference; fileEncoding = 4; lastKnownFileType = sourcecode.c.h; path = PurchaseType.h; sourceTree = "<group>"; };
		C04C5B561732DDB10081553A /* PurchaseType.m */ = {isa = PBXFileReference; fileEncoding = 4; lastKnownFileType = sourcecode.c.objc; path = PurchaseType.m; sourceTree = "<group>"; };
		C04C5B571732DDB10081553A /* PurchaseWithMarket.h */ = {isa = PBXFileReference; fileEncoding = 4; lastKnownFileType = sourcecode.c.h; path = PurchaseWithMarket.h; sourceTree = "<group>"; };
		C04C5B581732DDB10081553A /* PurchaseWithMarket.m */ = {isa = PBXFileReference; fileEncoding = 4; lastKnownFileType = sourcecode.c.objc; path = PurchaseWithMarket.m; sourceTree = "<group>"; };
		C04C5B591732DDB10081553A /* PurchaseWithVirtualItem.h */ = {isa = PBXFileReference; fileEncoding = 4; lastKnownFileType = sourcecode.c.h; path = PurchaseWithVirtualItem.h; sourceTree = "<group>"; };
		C04C5B5A1732DDB10081553A /* PurchaseWithVirtualItem.m */ = {isa = PBXFileReference; fileEncoding = 4; lastKnownFileType = sourcecode.c.objc; path = PurchaseWithVirtualItem.m; sourceTree = "<group>"; };
		C04C5B5B1732DDB10081553A /* SoomlaiOSStore-Prefix.pch */ = {isa = PBXFileReference; fileEncoding = 4; lastKnownFileType = sourcecode.c.h; path = "SoomlaiOSStore-Prefix.pch"; sourceTree = "<group>"; };
		C04C5B5C1732DDB10081553A /* StoreConfig.h */ = {isa = PBXFileReference; fileEncoding = 4; lastKnownFileType = sourcecode.c.h; path = StoreConfig.h; sourceTree = "<group>"; };
		C04C5B5D1732DDB10081553A /* StoreConfig.m */ = {isa = PBXFileReference; fileEncoding = 4; lastKnownFileType = sourcecode.c.objc; path = StoreConfig.m; sourceTree = "<group>"; };
		C04C5B5E1732DDB10081553A /* StoreController.h */ = {isa = PBXFileReference; fileEncoding = 4; lastKnownFileType = sourcecode.c.h; path = StoreController.h; sourceTree = "<group>"; };
		C04C5B5F1732DDB10081553A /* StoreController.m */ = {isa = PBXFileReference; fileEncoding = 4; lastKnownFileType = sourcecode.c.objc; path = StoreController.m; sourceTree = "<group>"; };
		C04C5B601732DDB10081553A /* StoreInventory.h */ = {isa = PBXFileReference; fileEncoding = 4; lastKnownFileType = sourcecode.c.h; path = StoreInventory.h; sourceTree = "<group>"; };
		C04C5B611732DDB10081553A /* StoreInventory.m */ = {isa = PBXFileReference; fileEncoding = 4; lastKnownFileType = sourcecode.c.objc; path = StoreInventory.m; sourceTree = "<group>"; };
		C04C5B621732DDB10081553A /* StoreUtils.h */ = {isa = PBXFileReference; fileEncoding = 4; lastKnownFileType = sourcecode.c.h; path = StoreUtils.h; sourceTree = "<group>"; };
		C04C5B631732DDB10081553A /* StoreUtils.m */ = {isa = PBXFileReference; fileEncoding = 4; lastKnownFileType = sourcecode.c.objc; path = StoreUtils.m; sourceTree = "<group>"; };
		C04C5B651732DDB10081553A /* license */ = {isa = PBXFileReference; fileEncoding = 4; lastKnownFileType = text; path = license; sourceTree = "<group>"; };
		C04C5B661732DDB10081553A /* NSString-MD5Addition.h */ = {isa = PBXFileReference; fileEncoding = 4; lastKnownFileType = sourcecode.c.h; path = "NSString-MD5Addition.h"; sourceTree = "<group>"; };
		C04C5B671732DDB10081553A /* NSString-MD5Addition.m */ = {isa = PBXFileReference; fileEncoding = 4; lastKnownFileType = sourcecode.c.objc; path = "NSString-MD5Addition.m"; sourceTree = "<group>"; };
		C04C5B681732DDB10081553A /* UIDevice-IdentifierAddition.h */ = {isa = PBXFileReference; fileEncoding = 4; lastKnownFileType = sourcecode.c.h; path = "UIDevice-IdentifierAddition.h"; sourceTree = "<group>"; };
		C04C5B691732DDB10081553A /* UIDevice-IdentifierAddition.m */ = {isa = PBXFileReference; fileEncoding = 4; lastKnownFileType = sourcecode.c.objc; path = "UIDevice-IdentifierAddition.m"; sourceTree = "<group>"; };
		C0693090163C876C0037E975 /* libz.dylib */ = {isa = PBXFileReference; lastKnownFileType = "compiled.mach-o.dylib"; name = libz.dylib; path = usr/lib/libz.dylib; sourceTree = SDKROOT; };
		C0693092163C87760037E975 /* libxml2.dylib */ = {isa = PBXFileReference; lastKnownFileType = "compiled.mach-o.dylib"; name = libxml2.dylib; path = usr/lib/libxml2.dylib; sourceTree = SDKROOT; };
		C06930A0163D86E30037E975 /* cocos2dx_StoreInfo.mm */ = {isa = PBXFileReference; fileEncoding = 4; lastKnownFileType = sourcecode.cpp.objcpp; name = cocos2dx_StoreInfo.mm; path = ios/cocos2dx_StoreInfo.mm; sourceTree = "<group>"; };
		C08CF1C4164165FE007603E8 /* Includes.h */ = {isa = PBXFileReference; fileEncoding = 4; lastKnownFileType = sourcecode.c.h; path = Includes.h; sourceTree = "<group>"; };
		C0B042D3163BFCB50015400E /* Prefix.pch */ = {isa = PBXFileReference; fileEncoding = 4; lastKnownFileType = sourcecode.c.h; path = Prefix.pch; sourceTree = "<group>"; };
		C0B042D4163BFD150015400E /* Info.plist */ = {isa = PBXFileReference; fileEncoding = 4; lastKnownFileType = text.plist.xml; name = Info.plist; path = ios/Resources/Info.plist; sourceTree = "<group>"; };
		C0B042D6163BFD2B0015400E /* Icon-72.png */ = {isa = PBXFileReference; lastKnownFileType = image.png; name = "Icon-72.png"; path = "ios/Resources/Icon-72.png"; sourceTree = "<group>"; };
		C0B042D7163BFD2B0015400E /* Icon-Small-50.png */ = {isa = PBXFileReference; lastKnownFileType = image.png; name = "Icon-Small-50.png"; path = "ios/Resources/Icon-Small-50.png"; sourceTree = "<group>"; };
		C0B042D8163BFD2B0015400E /* Icon-Small.png */ = {isa = PBXFileReference; lastKnownFileType = image.png; name = "Icon-Small.png"; path = "ios/Resources/Icon-Small.png"; sourceTree = "<group>"; };
		C0B042D9163BFD2B0015400E /* Icon-Small@2x.png */ = {isa = PBXFileReference; lastKnownFileType = image.png; name = "Icon-Small@2x.png"; path = "ios/Resources/Icon-Small@2x.png"; sourceTree = "<group>"; };
		C0B042DA163BFD2B0015400E /* Icon.png */ = {isa = PBXFileReference; lastKnownFileType = image.png; name = Icon.png; path = ios/Resources/Icon.png; sourceTree = "<group>"; };
		C0B042DB163BFD2B0015400E /* Icon@2x.png */ = {isa = PBXFileReference; lastKnownFileType = image.png; name = "Icon@2x.png"; path = "ios/Resources/Icon@2x.png"; sourceTree = "<group>"; };
		C0B042E6163BFE960015400E /* GameMenuItem.cpp */ = {isa = PBXFileReference; fileEncoding = 4; lastKnownFileType = sourcecode.cpp.cpp; name = GameMenuItem.cpp; path = Classes/GameMenuItem.cpp; sourceTree = "<group>"; };
		C0B042E7163BFE960015400E /* GameMenuItem.h */ = {isa = PBXFileReference; fileEncoding = 4; lastKnownFileType = sourcecode.c.h; name = GameMenuItem.h; path = Classes/GameMenuItem.h; sourceTree = "<group>"; };
		C0B042E9163BFE960015400E /* MainScene.cpp */ = {isa = PBXFileReference; fileEncoding = 4; lastKnownFileType = sourcecode.cpp.cpp; name = MainScene.cpp; path = Classes/MainScene.cpp; sourceTree = "<group>"; };
		C0B042EA163BFE960015400E /* MainScene.h */ = {isa = PBXFileReference; fileEncoding = 4; lastKnownFileType = sourcecode.c.h; name = MainScene.h; path = Classes/MainScene.h; sourceTree = "<group>"; };
		C0B042EC163BFE960015400E /* StoreAScene.cpp */ = {isa = PBXFileReference; fileEncoding = 4; lastKnownFileType = sourcecode.cpp.cpp; name = StoreAScene.cpp; path = Classes/StoreAScene.cpp; sourceTree = "<group>"; };
		C0B042ED163BFE960015400E /* StoreAScene.h */ = {isa = PBXFileReference; fileEncoding = 4; lastKnownFileType = sourcecode.c.h; name = StoreAScene.h; path = Classes/StoreAScene.h; sourceTree = "<group>"; };
		C0B042EE163BFE960015400E /* StoreBScene.cpp */ = {isa = PBXFileReference; fileEncoding = 4; lastKnownFileType = sourcecode.cpp.cpp; name = StoreBScene.cpp; path = Classes/StoreBScene.cpp; sourceTree = "<group>"; };
		C0B042EF163BFE960015400E /* StoreBScene.h */ = {isa = PBXFileReference; fileEncoding = 4; lastKnownFileType = sourcecode.c.h; name = StoreBScene.h; path = Classes/StoreBScene.h; sourceTree = "<group>"; };
		C0B04306163C59700015400E /* iOSHelper.mm */ = {isa = PBXFileReference; fileEncoding = 4; lastKnownFileType = sourcecode.cpp.objcpp; name = iOSHelper.mm; path = ios/iOSHelper.mm; sourceTree = "<group>"; };
		C0B04307163C59700015400E /* iOSHelper.h */ = {isa = PBXFileReference; fileEncoding = 4; lastKnownFileType = sourcecode.c.h; name = iOSHelper.h; path = ios/iOSHelper.h; sourceTree = "<group>"; };
		C0B0430E163C5DDE0015400E /* MuffinRushAssets.h */ = {isa = PBXFileReference; fileEncoding = 4; lastKnownFileType = sourcecode.c.h; name = MuffinRushAssets.h; path = ios/MuffinRushAssets.h; sourceTree = "<group>"; };
		C0B0430F163C5DDE0015400E /* MuffinRushAssets.m */ = {isa = PBXFileReference; fileEncoding = 4; lastKnownFileType = sourcecode.c.objc; name = MuffinRushAssets.m; path = ios/MuffinRushAssets.m; sourceTree = "<group>"; };
		C0B0431A163C7B250015400E /* cocos2dx_StoreInventory.mm */ = {isa = PBXFileReference; fileEncoding = 4; lastKnownFileType = sourcecode.cpp.objcpp; name = cocos2dx_StoreInventory.mm; path = ios/cocos2dx_StoreInventory.mm; sourceTree = "<group>"; };
		C0B0435C163C83B30015400E /* iphone */ = {isa = PBXFileReference; lastKnownFileType = folder; name = iphone; path = Resources/iphone; sourceTree = "<group>"; };
		C0B0435D163C83B30015400E /* iphonehd */ = {isa = PBXFileReference; lastKnownFileType = folder; name = iphonehd; path = Resources/iphonehd; sourceTree = "<group>"; };
		C0B0436A163C84860015400E /* cocos2dx.xcodeproj */ = {isa = PBXFileReference; lastKnownFileType = "wrapper.pb-project"; name = cocos2dx.xcodeproj; path = "cocos2dx-store/libs/cocos2dx/proj.ios/cocos2dx.xcodeproj"; sourceTree = "<group>"; };
		C0C3E20616413CAA00E5C103 /* cocos2dx_InsufficientFundsException.h */ = {isa = PBXFileReference; fileEncoding = 4; lastKnownFileType = sourcecode.c.h; path = cocos2dx_InsufficientFundsException.h; sourceTree = "<group>"; };
		C0C3E20716413CAA00E5C103 /* cocos2dx_NotEnoughGoodsException.h */ = {isa = PBXFileReference; fileEncoding = 4; lastKnownFileType = sourcecode.c.h; path = cocos2dx_NotEnoughGoodsException.h; sourceTree = "<group>"; };
		C0C3E20916413CAA00E5C103 /* cocos2dx_StoreController.h */ = {isa = PBXFileReference; fileEncoding = 4; lastKnownFileType = sourcecode.c.h; path = cocos2dx_StoreController.h; sourceTree = "<group>"; };
		C0C3E20B16413CAA00E5C103 /* cocos2dx_StoreInfo.h */ = {isa = PBXFileReference; fileEncoding = 4; lastKnownFileType = sourcecode.c.h; path = cocos2dx_StoreInfo.h; sourceTree = "<group>"; };
		C0C3E20D16413CAA00E5C103 /* cocos2dx_StoreInventory.h */ = {isa = PBXFileReference; fileEncoding = 4; lastKnownFileType = sourcecode.c.h; path = cocos2dx_StoreInventory.h; sourceTree = "<group>"; };
		C0C3E20E16413CAA00E5C103 /* cocos2dx_VirtualItemNotFoundException.h */ = {isa = PBXFileReference; fileEncoding = 4; lastKnownFileType = sourcecode.c.h; path = cocos2dx_VirtualItemNotFoundException.h; sourceTree = "<group>"; };
		C0E0A855173699530092A33A /* GoodDog.otf */ = {isa = PBXFileReference; lastKnownFileType = file; name = GoodDog.otf; path = Resources/GoodDog.otf; sourceTree = "<group>"; };
		C0F30C6316EFA52A00793A06 /* cocos2dx_EventDispatcher.h */ = {isa = PBXFileReference; fileEncoding = 4; lastKnownFileType = sourcecode.c.h; name = cocos2dx_EventDispatcher.h; path = ios/cocos2dx_EventDispatcher.h; sourceTree = "<group>"; };
		C0F30C6416EFA52A00793A06 /* cocos2dx_EventDispatcher.mm */ = {isa = PBXFileReference; fileEncoding = 4; lastKnownFileType = sourcecode.cpp.objcpp; name = cocos2dx_EventDispatcher.mm; path = ios/cocos2dx_EventDispatcher.mm; sourceTree = "<group>"; };
/* End PBXFileReference section */

/* Begin PBXFrameworksBuildPhase section */
		C031BA701635BDBA005F73E3 /* Frameworks */ = {
			isa = PBXFrameworksBuildPhase;
			buildActionMask = 2147483647;
			files = (
				C0693093163C87760037E975 /* libxml2.dylib in Frameworks */,
				C0693091163C876C0037E975 /* libz.dylib in Frameworks */,
				C069308F163C86D60037E975 /* libcocos2dx.a in Frameworks */,
				C031BE2F1635C720005F73E3 /* Security.framework in Frameworks */,
				C031BE2D1635C71A005F73E3 /* StoreKit.framework in Frameworks */,
				C031BE2B1635C714005F73E3 /* libsqlite3.0.dylib in Frameworks */,
				C031BA781635BDBA005F73E3 /* QuartzCore.framework in Frameworks */,
				C031BA7A1635BDBA005F73E3 /* OpenGLES.framework in Frameworks */,
				C031BA7C1635BDBA005F73E3 /* OpenAL.framework in Frameworks */,
				C031BA7E1635BDBA005F73E3 /* AudioToolbox.framework in Frameworks */,
				C031BA801635BDBA005F73E3 /* AVFoundation.framework in Frameworks */,
				C031BA821635BDBA005F73E3 /* UIKit.framework in Frameworks */,
				C031BA841635BDBA005F73E3 /* Foundation.framework in Frameworks */,
				C031BA861635BDBA005F73E3 /* CoreGraphics.framework in Frameworks */,
			);
			runOnlyForDeploymentPostprocessing = 0;
		};
/* End PBXFrameworksBuildPhase section */

/* Begin PBXGroup section */
		C031BA681635BDBA005F73E3 = {
			isa = PBXGroup;
			children = (
				C0B0436A163C84860015400E /* cocos2dx.xcodeproj */,
				C04C5B091732DDB10081553A /* SoomlaiOSStore */,
				C031BA871635BDBA005F73E3 /* cocos2dx-store */,
				C031BA761635BDBA005F73E3 /* Frameworks */,
				C031BA741635BDBA005F73E3 /* Products */,
			);
			sourceTree = "<group>";
		};
		C031BA741635BDBA005F73E3 /* Products */ = {
			isa = PBXGroup;
			children = (
				C031BA731635BDBA005F73E3 /* cocos2dx-store.app */,
			);
			name = Products;
			sourceTree = "<group>";
		};
		C031BA761635BDBA005F73E3 /* Frameworks */ = {
			isa = PBXGroup;
			children = (
				C0693092163C87760037E975 /* libxml2.dylib */,
				C0693090163C876C0037E975 /* libz.dylib */,
				C031BE2E1635C720005F73E3 /* Security.framework */,
				C031BE2C1635C71A005F73E3 /* StoreKit.framework */,
				C031BE2A1635C714005F73E3 /* libsqlite3.0.dylib */,
				C031BA771635BDBA005F73E3 /* QuartzCore.framework */,
				C031BA791635BDBA005F73E3 /* OpenGLES.framework */,
				C031BA7B1635BDBA005F73E3 /* OpenAL.framework */,
				C031BA7D1635BDBA005F73E3 /* AudioToolbox.framework */,
				C031BA7F1635BDBA005F73E3 /* AVFoundation.framework */,
				C031BA811635BDBA005F73E3 /* UIKit.framework */,
				C031BA831635BDBA005F73E3 /* Foundation.framework */,
				C031BA851635BDBA005F73E3 /* CoreGraphics.framework */,
			);
			name = Frameworks;
			sourceTree = "<group>";
		};
		C031BA871635BDBA005F73E3 /* cocos2dx-store */ = {
			isa = PBXGroup;
			children = (
				C031BA881635BDBA005F73E3 /* Resources */,
				C031BAA01635BDBA005F73E3 /* ios */,
				C031BD241635BDBD005F73E3 /* Classes */,
				C031BD221635BDBD005F73E3 /* Supporting Files */,
			);
			path = "cocos2dx-store";
			sourceTree = "<group>";
		};
		C031BA881635BDBA005F73E3 /* Resources */ = {
			isa = PBXGroup;
			children = (
				C0E0A855173699530092A33A /* GoodDog.otf */,
				C0B0435C163C83B30015400E /* iphone */,
				C0B0435D163C83B30015400E /* iphonehd */,
				C0B042D6163BFD2B0015400E /* Icon-72.png */,
				C0B042D7163BFD2B0015400E /* Icon-Small-50.png */,
				C0B042D8163BFD2B0015400E /* Icon-Small.png */,
				C0B042D9163BFD2B0015400E /* Icon-Small@2x.png */,
				C0B042DA163BFD2B0015400E /* Icon.png */,
				C0B042DB163BFD2B0015400E /* Icon@2x.png */,
			);
			name = Resources;
			sourceTree = "<group>";
		};
		C031BAA01635BDBA005F73E3 /* ios */ = {
			isa = PBXGroup;
			children = (
				C0B0430E163C5DDE0015400E /* MuffinRushAssets.h */,
				C0B0430F163C5DDE0015400E /* MuffinRushAssets.m */,
				C031BAA11635BDBA005F73E3 /* AppController.h */,
				C031BAA21635BDBA005F73E3 /* AppController.mm */,
				C031BAA41635BDBA005F73E3 /* RootViewController.h */,
				C031BAA51635BDBA005F73E3 /* RootViewController.mm */,
				C031BAA71635BDBA005F73E3 /* main.m */,
				C0B04306163C59700015400E /* iOSHelper.mm */,
				C0B04307163C59700015400E /* iOSHelper.h */,
				C031BD471635C4C7005F73E3 /* cocos2dx_StoreController.mm */,
				C0B0431A163C7B250015400E /* cocos2dx_StoreInventory.mm */,
				C06930A0163D86E30037E975 /* cocos2dx_StoreInfo.mm */,
				C0F30C6316EFA52A00793A06 /* cocos2dx_EventDispatcher.h */,
				C0F30C6416EFA52A00793A06 /* cocos2dx_EventDispatcher.mm */,
			);
			name = ios;
			sourceTree = "<group>";
		};
		C031BD221635BDBD005F73E3 /* Supporting Files */ = {
			isa = PBXGroup;
			children = (
				C0B042D4163BFD150015400E /* Info.plist */,
				C0B042D3163BFCB50015400E /* Prefix.pch */,
			);
			name = "Supporting Files";
			sourceTree = "<group>";
		};
		C031BD241635BDBD005F73E3 /* Classes */ = {
			isa = PBXGroup;
			children = (
				C0C3E20516413CAA00E5C103 /* StoreBridge */,
				C0B042E6163BFE960015400E /* GameMenuItem.cpp */,
				C0B042E7163BFE960015400E /* GameMenuItem.h */,
				C005144B1650216600078EBB /* EventHandler.cpp */,
				C005144C1650216600078EBB /* EventHandler.h */,
				C0B042E9163BFE960015400E /* MainScene.cpp */,
				C0B042EA163BFE960015400E /* MainScene.h */,
				C0B042EC163BFE960015400E /* StoreAScene.cpp */,
				C0B042ED163BFE960015400E /* StoreAScene.h */,
				C0B042EE163BFE960015400E /* StoreBScene.cpp */,
				C0B042EF163BFE960015400E /* StoreBScene.h */,
				C031BD251635BDBD005F73E3 /* AppDelegate.h */,
				C031BD261635BDBD005F73E3 /* AppDelegate.cpp */,
			);
			name = Classes;
			sourceTree = "<group>";
		};
		C04C5B091732DDB10081553A /* SoomlaiOSStore */ = {
			isa = PBXGroup;
			children = (
				C04C5B0A1732DDB10081553A /* data */,
				C04C5B251732DDB10081553A /* domain */,
				C04C5B421732DDB10081553A /* EventHandling.h */,
				C04C5B431732DDB10081553A /* EventHandling.m */,
				C04C5B441732DDB10081553A /* exceptions */,
				C04C5B4B1732DDB10081553A /* FBEncryptor */,
				C04C5B501732DDB10081553A /* IStoreAsssets.h */,
				C04C5B511732DDB10081553A /* JSON */,
				C04C5B541732DDB10081553A /* PurchaseTypes */,
				C04C5B5B1732DDB10081553A /* SoomlaiOSStore-Prefix.pch */,
				C04C5B5C1732DDB10081553A /* StoreConfig.h */,
				C04C5B5D1732DDB10081553A /* StoreConfig.m */,
				C04C5B5E1732DDB10081553A /* StoreController.h */,
				C04C5B5F1732DDB10081553A /* StoreController.m */,
				C04C5B601732DDB10081553A /* StoreInventory.h */,
				C04C5B611732DDB10081553A /* StoreInventory.m */,
				C04C5B621732DDB10081553A /* StoreUtils.h */,
				C04C5B631732DDB10081553A /* StoreUtils.m */,
				C04C5B641732DDB10081553A /* UIDevice-UUID */,
			);
			name = SoomlaiOSStore;
			path = "submodules/ios-store/SoomlaiOSStore";
			sourceTree = "<group>";
		};
		C04C5B0A1732DDB10081553A /* data */ = {
			isa = PBXGroup;
			children = (
				C04C5B0B1732DDB10081553A /* JSONConsts.h */,
				C04C5B0C1732DDB10081553A /* JSONConsts.m */,
				C04C5B0D1732DDB10081553A /* KeyValDatabase.h */,
				C04C5B0E1732DDB10081553A /* KeyValDatabase.m */,
				C04C5B0F1732DDB10081553A /* KeyValueStorage.h */,
				C04C5B101732DDB10081553A /* KeyValueStorage.m */,
				C04C5B111732DDB10081553A /* NonConsumableStorage.h */,
				C04C5B121732DDB10081553A /* NonConsumableStorage.m */,
				C04C5B131732DDB10081553A /* ObscuredNSUserDefaults.h */,
				C04C5B141732DDB10081553A /* ObscuredNSUserDefaults.m */,
				C04C5B151732DDB10081553A /* StorageManager.h */,
				C04C5B161732DDB10081553A /* StorageManager.m */,
				C04C5B171732DDB10081553A /* StoreDatabase.h */,
				C04C5B181732DDB10081553A /* StoreDatabase.m */,
				C04C5B191732DDB10081553A /* StoreEncryptor.h */,
				C04C5B1A1732DDB10081553A /* StoreEncryptor.m */,
				C04C5B1B1732DDB10081553A /* StorefrontInfo.h */,
				C04C5B1C1732DDB10081553A /* StorefrontInfo.m */,
				C04C5B1D1732DDB10081553A /* StoreInfo.h */,
				C04C5B1E1732DDB10081553A /* StoreInfo.m */,
				C04C5B1F1732DDB10081553A /* VirtualCurrencyStorage.h */,
				C04C5B201732DDB10081553A /* VirtualCurrencyStorage.m */,
				C04C5B211732DDB10081553A /* VirtualGoodStorage.h */,
				C04C5B221732DDB10081553A /* VirtualGoodStorage.m */,
				C04C5B231732DDB10081553A /* VirtualItemStorage.h */,
				C04C5B241732DDB10081553A /* VirtualItemStorage.m */,
			);
			path = data;
			sourceTree = "<group>";
		};
		C04C5B251732DDB10081553A /* domain */ = {
			isa = PBXGroup;
			children = (
				C04C5B261732DDB10081553A /* AppStoreItem.h */,
				C04C5B271732DDB10081553A /* AppStoreItem.m */,
				C04C5B281732DDB10081553A /* NonConsumableItem.h */,
				C04C5B291732DDB10081553A /* NonConsumableItem.m */,
				C04C5B2A1732DDB10081553A /* PurchasableVirtualItem.h */,
				C04C5B2B1732DDB10081553A /* PurchasableVirtualItem.m */,
				C04C5B2C1732DDB10081553A /* VirtualCategory.h */,
				C04C5B2D1732DDB10081553A /* VirtualCategory.m */,
				C04C5B2E1732DDB10081553A /* virtualCurrencies */,
				C04C5B331732DDB10081553A /* virtualGoods */,
				C04C5B401732DDB10081553A /* VirtualItem.h */,
				C04C5B411732DDB10081553A /* VirtualItem.m */,
			);
			path = domain;
			sourceTree = "<group>";
		};
		C04C5B2E1732DDB10081553A /* virtualCurrencies */ = {
			isa = PBXGroup;
			children = (
				C04C5B2F1732DDB10081553A /* VirtualCurrency.h */,
				C04C5B301732DDB10081553A /* VirtualCurrency.m */,
				C04C5B311732DDB10081553A /* VirtualCurrencyPack.h */,
				C04C5B321732DDB10081553A /* VirtualCurrencyPack.m */,
			);
			path = virtualCurrencies;
			sourceTree = "<group>";
		};
		C04C5B331732DDB10081553A /* virtualGoods */ = {
			isa = PBXGroup;
			children = (
				C04C5B341732DDB10081553A /* EquippableVG.h */,
				C04C5B351732DDB10081553A /* EquippableVG.m */,
				C04C5B361732DDB10081553A /* LifetimeVG.h */,
				C04C5B371732DDB10081553A /* LifetimeVG.m */,
				C04C5B381732DDB10081553A /* SingleUsePackVG.h */,
				C04C5B391732DDB10081553A /* SingleUsePackVG.m */,
				C04C5B3A1732DDB10081553A /* SingleUseVG.h */,
				C04C5B3B1732DDB10081553A /* SingleUseVG.m */,
				C04C5B3C1732DDB10081553A /* UpgradeVG.h */,
				C04C5B3D1732DDB10081553A /* UpgradeVG.m */,
				C04C5B3E1732DDB10081553A /* VirtualGood.h */,
				C04C5B3F1732DDB10081553A /* VirtualGood.m */,
			);
			path = virtualGoods;
			sourceTree = "<group>";
		};
		C04C5B441732DDB10081553A /* exceptions */ = {
			isa = PBXGroup;
			children = (
				C04C5B451732DDB10081553A /* InsufficientFundsException.h */,
				C04C5B461732DDB10081553A /* InsufficientFundsException.m */,
				C04C5B471732DDB10081553A /* NotEnoughGoodsException.h */,
				C04C5B481732DDB10081553A /* NotEnoughGoodsException.m */,
				C04C5B491732DDB10081553A /* VirtualItemNotFoundException.h */,
				C04C5B4A1732DDB10081553A /* VirtualItemNotFoundException.m */,
			);
			path = exceptions;
			sourceTree = "<group>";
		};
		C04C5B4B1732DDB10081553A /* FBEncryptor */ = {
			isa = PBXGroup;
			children = (
				C04C5B4C1732DDB10081553A /* FBEncryptorAES.h */,
				C04C5B4D1732DDB10081553A /* FBEncryptorAES.m */,
				C04C5B4E1732DDB10081553A /* NSData-Base64.h */,
				C04C5B4F1732DDB10081553A /* NSData-Base64.m */,
			);
			path = FBEncryptor;
			sourceTree = "<group>";
		};
		C04C5B511732DDB10081553A /* JSON */ = {
			isa = PBXGroup;
			children = (
				C04C5B521732DDB10081553A /* JSONKit.h */,
				C04C5B531732DDB10081553A /* JSONKit.m */,
			);
			path = JSON;
			sourceTree = "<group>";
		};
		C04C5B541732DDB10081553A /* PurchaseTypes */ = {
			isa = PBXGroup;
			children = (
				C04C5B551732DDB10081553A /* PurchaseType.h */,
				C04C5B561732DDB10081553A /* PurchaseType.m */,
				C04C5B571732DDB10081553A /* PurchaseWithMarket.h */,
				C04C5B581732DDB10081553A /* PurchaseWithMarket.m */,
				C04C5B591732DDB10081553A /* PurchaseWithVirtualItem.h */,
				C04C5B5A1732DDB10081553A /* PurchaseWithVirtualItem.m */,
			);
			path = PurchaseTypes;
			sourceTree = "<group>";
		};
		C04C5B641732DDB10081553A /* UIDevice-UUID */ = {
			isa = PBXGroup;
			children = (
				C04C5B651732DDB10081553A /* license */,
				C04C5B661732DDB10081553A /* NSString-MD5Addition.h */,
				C04C5B671732DDB10081553A /* NSString-MD5Addition.m */,
				C04C5B681732DDB10081553A /* UIDevice-IdentifierAddition.h */,
				C04C5B691732DDB10081553A /* UIDevice-IdentifierAddition.m */,
			);
			path = "UIDevice-UUID";
			sourceTree = "<group>";
		};
		C0B0436B163C84860015400E /* Products */ = {
			isa = PBXGroup;
			children = (
				C0B04372163C84860015400E /* libcocos2dx.a */,
			);
			name = Products;
			sourceTree = "<group>";
		};
		C0C3E20516413CAA00E5C103 /* StoreBridge */ = {
			isa = PBXGroup;
			children = (
				C08CF1C4164165FE007603E8 /* Includes.h */,
				C0C3E20616413CAA00E5C103 /* cocos2dx_InsufficientFundsException.h */,
				C0C3E20716413CAA00E5C103 /* cocos2dx_NotEnoughGoodsException.h */,
				C0C3E20916413CAA00E5C103 /* cocos2dx_StoreController.h */,
				C0C3E20B16413CAA00E5C103 /* cocos2dx_StoreInfo.h */,
				C0C3E20D16413CAA00E5C103 /* cocos2dx_StoreInventory.h */,
				C0C3E20E16413CAA00E5C103 /* cocos2dx_VirtualItemNotFoundException.h */,
				C005144E1650217300078EBB /* cocos2dx_EventHandlers.cpp */,
				C005144F1650217300078EBB /* cocos2dx_EventHandlers.h */,
			);
			name = StoreBridge;
			path = Classes/StoreBridge;
			sourceTree = "<group>";
		};
/* End PBXGroup section */

/* Begin PBXNativeTarget section */
		C031BA721635BDBA005F73E3 /* cocos2dx-store */ = {
			isa = PBXNativeTarget;
			buildConfigurationList = C031BD2D1635BDBD005F73E3 /* Build configuration list for PBXNativeTarget "cocos2dx-store" */;
			buildPhases = (
				C031BA6F1635BDBA005F73E3 /* Sources */,
				C031BA701635BDBA005F73E3 /* Frameworks */,
				C031BA711635BDBA005F73E3 /* Resources */,
			);
			buildRules = (
			);
			dependencies = (
			);
			name = "cocos2dx-store";
			productName = "cocos2dx-store";
			productReference = C031BA731635BDBA005F73E3 /* cocos2dx-store.app */;
			productType = "com.apple.product-type.application";
		};
/* End PBXNativeTarget section */

/* Begin PBXProject section */
		C031BA6A1635BDBA005F73E3 /* Project object */ = {
			isa = PBXProject;
			attributes = {
				LastUpgradeCheck = 0450;
			};
			buildConfigurationList = C031BA6D1635BDBA005F73E3 /* Build configuration list for PBXProject "cocos2dx-store" */;
			compatibilityVersion = "Xcode 3.2";
			developmentRegion = English;
			hasScannedForEncodings = 0;
			knownRegions = (
				en,
			);
			mainGroup = C031BA681635BDBA005F73E3;
			productRefGroup = C031BA741635BDBA005F73E3 /* Products */;
			projectDirPath = "";
			projectReferences = (
				{
					ProductGroup = C0B0436B163C84860015400E /* Products */;
					ProjectRef = C0B0436A163C84860015400E /* cocos2dx.xcodeproj */;
				},
			);
			projectRoot = "";
			targets = (
				C031BA721635BDBA005F73E3 /* cocos2dx-store */,
			);
		};
/* End PBXProject section */

/* Begin PBXReferenceProxy section */
		C0B04372163C84860015400E /* libcocos2dx.a */ = {
			isa = PBXReferenceProxy;
			fileType = archive.ar;
			path = libcocos2dx.a;
			remoteRef = C0B04371163C84860015400E /* PBXContainerItemProxy */;
			sourceTree = BUILT_PRODUCTS_DIR;
		};
/* End PBXReferenceProxy section */

/* Begin PBXResourcesBuildPhase section */
		C031BA711635BDBA005F73E3 /* Resources */ = {
			isa = PBXResourcesBuildPhase;
			buildActionMask = 2147483647;
			files = (
				C0B042DC163BFD2B0015400E /* Icon-72.png in Resources */,
				C0B042DD163BFD2B0015400E /* Icon-Small-50.png in Resources */,
				C0B042DE163BFD2B0015400E /* Icon-Small.png in Resources */,
				C0B042DF163BFD2B0015400E /* Icon-Small@2x.png in Resources */,
				C0B042E0163BFD2B0015400E /* Icon.png in Resources */,
				C0B042E1163BFD2B0015400E /* Icon@2x.png in Resources */,
				C0B0435E163C83B30015400E /* iphone in Resources */,
				C0B0435F163C83B30015400E /* iphonehd in Resources */,
				C04C5B921732DDB10081553A /* license in Resources */,
				C0E0A856173699530092A33A /* GoodDog.otf in Resources */,
			);
			runOnlyForDeploymentPostprocessing = 0;
		};
/* End PBXResourcesBuildPhase section */

/* Begin PBXSourcesBuildPhase section */
		C031BA6F1635BDBA005F73E3 /* Sources */ = {
			isa = PBXSourcesBuildPhase;
			buildActionMask = 2147483647;
			files = (
				C031BAA31635BDBA005F73E3 /* AppController.mm in Sources */,
				C031BAA61635BDBA005F73E3 /* RootViewController.mm in Sources */,
				C031BAA81635BDBA005F73E3 /* main.m in Sources */,
				C031BD271635BDBD005F73E3 /* AppDelegate.cpp in Sources */,
				C031BD481635C4C7005F73E3 /* cocos2dx_StoreController.mm in Sources */,
				C0B042F1163BFE960015400E /* GameMenuItem.cpp in Sources */,
				C0B042F2163BFE960015400E /* MainScene.cpp in Sources */,
				C0B042F3163BFE960015400E /* StoreAScene.cpp in Sources */,
				C0B042F4163BFE960015400E /* StoreBScene.cpp in Sources */,
				C0B04308163C59700015400E /* iOSHelper.mm in Sources */,
				C0B04310163C5DDE0015400E /* MuffinRushAssets.m in Sources */,
				C0B0431B163C7B250015400E /* cocos2dx_StoreInventory.mm in Sources */,
				C06930A1163D86E30037E975 /* cocos2dx_StoreInfo.mm in Sources */,
				C005144D1650216600078EBB /* EventHandler.cpp in Sources */,
				C00514501650217300078EBB /* cocos2dx_EventHandlers.cpp in Sources */,
				C0F30C6516EFA52A00793A06 /* cocos2dx_EventDispatcher.mm in Sources */,
				C04C5B6A1732DDB10081553A /* JSONConsts.m in Sources */,
				C04C5B6B1732DDB10081553A /* KeyValDatabase.m in Sources */,
				C04C5B6C1732DDB10081553A /* KeyValueStorage.m in Sources */,
				C04C5B6D1732DDB10081553A /* NonConsumableStorage.m in Sources */,
				C04C5B6E1732DDB10081553A /* ObscuredNSUserDefaults.m in Sources */,
				C04C5B6F1732DDB10081553A /* StorageManager.m in Sources */,
				C04C5B701732DDB10081553A /* StoreDatabase.m in Sources */,
				C04C5B711732DDB10081553A /* StoreEncryptor.m in Sources */,
				C04C5B721732DDB10081553A /* StorefrontInfo.m in Sources */,
				C04C5B731732DDB10081553A /* StoreInfo.m in Sources */,
				C04C5B741732DDB10081553A /* VirtualCurrencyStorage.m in Sources */,
				C04C5B751732DDB10081553A /* VirtualGoodStorage.m in Sources */,
				C04C5B761732DDB10081553A /* VirtualItemStorage.m in Sources */,
				C04C5B771732DDB10081553A /* AppStoreItem.m in Sources */,
				C04C5B781732DDB10081553A /* NonConsumableItem.m in Sources */,
				C04C5B791732DDB10081553A /* PurchasableVirtualItem.m in Sources */,
				C04C5B7A1732DDB10081553A /* VirtualCategory.m in Sources */,
				C04C5B7B1732DDB10081553A /* VirtualCurrency.m in Sources */,
				C04C5B7C1732DDB10081553A /* VirtualCurrencyPack.m in Sources */,
				C04C5B7D1732DDB10081553A /* EquippableVG.m in Sources */,
				C04C5B7E1732DDB10081553A /* LifetimeVG.m in Sources */,
				C04C5B7F1732DDB10081553A /* SingleUsePackVG.m in Sources */,
				C04C5B801732DDB10081553A /* SingleUseVG.m in Sources */,
				C04C5B811732DDB10081553A /* UpgradeVG.m in Sources */,
				C04C5B821732DDB10081553A /* VirtualGood.m in Sources */,
				C04C5B831732DDB10081553A /* VirtualItem.m in Sources */,
				C04C5B841732DDB10081553A /* EventHandling.m in Sources */,
				C04C5B851732DDB10081553A /* InsufficientFundsException.m in Sources */,
				C04C5B861732DDB10081553A /* NotEnoughGoodsException.m in Sources */,
				C04C5B871732DDB10081553A /* VirtualItemNotFoundException.m in Sources */,
				C04C5B881732DDB10081553A /* FBEncryptorAES.m in Sources */,
				C04C5B891732DDB10081553A /* NSData-Base64.m in Sources */,
				C04C5B8A1732DDB10081553A /* JSONKit.m in Sources */,
				C04C5B8B1732DDB10081553A /* PurchaseType.m in Sources */,
				C04C5B8C1732DDB10081553A /* PurchaseWithMarket.m in Sources */,
				C04C5B8D1732DDB10081553A /* PurchaseWithVirtualItem.m in Sources */,
				C04C5B8E1732DDB10081553A /* StoreConfig.m in Sources */,
				C04C5B8F1732DDB10081553A /* StoreController.m in Sources */,
				C04C5B901732DDB10081553A /* StoreInventory.m in Sources */,
				C04C5B911732DDB10081553A /* StoreUtils.m in Sources */,
				C04C5B931732DDB10081553A /* NSString-MD5Addition.m in Sources */,
				C04C5B941732DDB10081553A /* UIDevice-IdentifierAddition.m in Sources */,
			);
			runOnlyForDeploymentPostprocessing = 0;
		};
/* End PBXSourcesBuildPhase section */

/* Begin XCBuildConfiguration section */
		C031BD2B1635BDBD005F73E3 /* Debug */ = {
			isa = XCBuildConfiguration;
			buildSettings = {
				ARCHS = "$(ARCHS_STANDARD_32_BIT)";
				"CODE_SIGN_IDENTITY[sdk=iphoneos*]" = "iPhone Developer";
				GCC_C_LANGUAGE_STANDARD = gnu99;
				GCC_OPTIMIZATION_LEVEL = 0;
				GCC_PREPROCESSOR_DEFINITIONS = (
					DEBUG,
					"COCOS2D_DEBUG=1",
					USE_FILE32API,
					TARGET_OS_IPHONE,
				);
				GCC_SYMBOLS_PRIVATE_EXTERN = NO;
				GCC_WARN_ABOUT_RETURN_TYPE = YES;
				GCC_WARN_UNUSED_VARIABLE = YES;
				HEADER_SEARCH_PATHS = (
					"\"$(PROJECT_NAME)/libs/cocos2dx/kazmath/include\"",
					"\"$(PROJECT_NAME)/libs/cocos2dx\"",
					"\"$(PROJECT_NAME)/libs/CocosDenshion/include\"",
					"\"$(SDKROOT)/usr/include/libxml2\"",
					"\"$(PROJECT_NAME)/libs/cocos2dx/include\"",
					"\"$(PROJECT_NAME)/libs/cocos2dx/platform/third_party/ios\"",
					"\"$(PROJECT_NAME)/libs/cocos2dx/platform/ios\"",
				);
				IPHONEOS_DEPLOYMENT_TARGET = 6.0;
				SDKROOT = iphoneos;
			};
			name = Debug;
		};
		C031BD2C1635BDBD005F73E3 /* Release */ = {
			isa = XCBuildConfiguration;
			buildSettings = {
				ARCHS = "$(ARCHS_STANDARD_32_BIT)";
				"CODE_SIGN_IDENTITY[sdk=iphoneos*]" = "iPhone Developer";
				GCC_C_LANGUAGE_STANDARD = gnu99;
				GCC_PREPROCESSOR_DEFINITIONS = (
					NDEBUG,
					USE_FILE32API,
					TARGET_OS_IPHONE,
				);
				GCC_WARN_ABOUT_RETURN_TYPE = YES;
				GCC_WARN_UNUSED_VARIABLE = YES;
				HEADER_SEARCH_PATHS = (
					"\"$(PROJECT_NAME)/libs/cocos2dx/kazmath/include\"",
					"\"$(PROJECT_NAME)/libs/cocos2dx\"",
					"\"$(PROJECT_NAME)/libs/CocosDenshion/include\"",
					"\"$(SDKROOT)/usr/include/libxml2\"",
					"\"$(PROJECT_NAME)/libs/cocos2dx/include\"",
					"\"$(PROJECT_NAME)/libs/cocos2dx/platform/third_party/ios\"",
					"\"$(PROJECT_NAME)/libs/cocos2dx/platform/ios\"",
				);
				IPHONEOS_DEPLOYMENT_TARGET = 6.0;
				OTHER_CFLAGS = "-DNS_BLOCK_ASSERTIONS=1";
				SDKROOT = iphoneos;
			};
			name = Release;
		};
		C031BD2E1635BDBD005F73E3 /* Debug */ = {
			isa = XCBuildConfiguration;
			buildSettings = {
				ALWAYS_SEARCH_USER_PATHS = NO;
				COPY_PHASE_STRIP = NO;
				GCC_DYNAMIC_NO_PIC = NO;
				GCC_INLINES_ARE_PRIVATE_EXTERN = NO;
				GCC_PRECOMPILE_PREFIX_HEADER = YES;
				GCC_PREFIX_HEADER = "cocos2dx-store/Prefix.pch";
				GCC_PREPROCESSOR_DEFINITIONS = (
					COCOS2D_JAVASCRIPT,
					USE_FILE32API,
					CC_TARGET_OS_IPHONE,
					"COCOS2D_DEBUG=1",
				);
				HEADER_SEARCH_PATHS = (
					"\"$(PROJECT_NAME)/libs/cocos2dx/kazmath/include\"",
					"\"$(PROJECT_NAME)/libs/cocos2dx\"",
					"\"$(SDKROOT)/usr/include/libxml2\"",
					"\"$(PROJECT_NAME)/libs/cocos2dx/include\"",
					"\"$(PROJECT_NAME)/libs/cocos2dx/platform/ios\"",
				);
				INFOPLIST_FILE = "cocos2dx-store/ios/Resources/Info.plist";
				IPHONEOS_DEPLOYMENT_TARGET = 4.3;
				LIBRARY_SEARCH_PATHS = "$(inherited)";
				ONLY_ACTIVE_ARCH = NO;
				OTHER_LDFLAGS = "";
				PRODUCT_NAME = "$(TARGET_NAME)";
				TARGETED_DEVICE_FAMILY = "1,2";
				VALID_ARCHS = "armv6 armv7 i386 armv7s";
				WRAPPER_EXTENSION = app;
			};
			name = Debug;
		};
		C031BD2F1635BDBD005F73E3 /* Release */ = {
			isa = XCBuildConfiguration;
			buildSettings = {
				ALWAYS_SEARCH_USER_PATHS = NO;
				COPY_PHASE_STRIP = YES;
				GCC_INLINES_ARE_PRIVATE_EXTERN = NO;
				GCC_PRECOMPILE_PREFIX_HEADER = YES;
				GCC_PREFIX_HEADER = "cocos2dx-store/Prefix.pch";
				GCC_PREPROCESSOR_DEFINITIONS = (
					NDEBUG,
					USE_FILE32API,
					TARGET_OS_IPHONE,
				);
				GCC_SYMBOLS_PRIVATE_EXTERN = NO;
				HEADER_SEARCH_PATHS = (
					"\"$(PROJECT_NAME)/libs/cocos2dx/kazmath/include\"",
					"\"$(PROJECT_NAME)/libs/cocos2dx\"",
					"\"$(SDKROOT)/usr/include/libxml2\"",
					"\"$(PROJECT_NAME)/libs/cocos2dx/include\"",
					"\"$(PROJECT_NAME)/libs/cocos2dx/platform/ios\"",
				);
				INFOPLIST_FILE = "cocos2dx-store/ios/Resources/Info.plist";
				IPHONEOS_DEPLOYMENT_TARGET = 4.3;
				LIBRARY_SEARCH_PATHS = "$(inherited)";
				ONLY_ACTIVE_ARCH = NO;
				OTHER_LDFLAGS = "";
				PRODUCT_NAME = "$(TARGET_NAME)";
				TARGETED_DEVICE_FAMILY = "1,2";
				VALIDATE_PRODUCT = YES;
				VALID_ARCHS = "armv6 armv7 i386 armv7s";
				WRAPPER_EXTENSION = app;
			};
			name = Release;
		};
/* End XCBuildConfiguration section */

/* Begin XCConfigurationList section */
		C031BA6D1635BDBA005F73E3 /* Build configuration list for PBXProject "cocos2dx-store" */ = {
			isa = XCConfigurationList;
			buildConfigurations = (
				C031BD2B1635BDBD005F73E3 /* Debug */,
				C031BD2C1635BDBD005F73E3 /* Release */,
			);
			defaultConfigurationIsVisible = 0;
			defaultConfigurationName = Release;
		};
		C031BD2D1635BDBD005F73E3 /* Build configuration list for PBXNativeTarget "cocos2dx-store" */ = {
			isa = XCConfigurationList;
			buildConfigurations = (
				C031BD2E1635BDBD005F73E3 /* Debug */,
				C031BD2F1635BDBD005F73E3 /* Release */,
			);
			defaultConfigurationIsVisible = 0;
			defaultConfigurationName = Release;
		};
/* End XCConfigurationList section */
	};
	rootObject = C031BA6A1635BDBA005F73E3 /* Project object */;
}
